Microsoft Visual Studio Solution File, Format Version 10.00
# Visual Studio 2008
Project("{2150E333-8FDC-42A3-9474-1A3956D46DE8}") = "NIDLs", "NIDLs", "{798777e9-b38c-4974-bee3-b1cd45f6a1e6}"
EndProject
Project("{2150E333-8FDC-42A3-9474-1A3956D46DE8}") = "Libs", "Libs", "{832A854F-2030-4EA4-86FE-EDEEC017E78E}"
EndProject
Project("{2150E333-8FDC-42A3-9474-1A3956D46DE8}") = "Exes", "Exes", "{3B2AD919-B940-473D-A9CC-62428540DEC5}"
EndProject
Project("{2150E333-8FDC-42A3-9474-1A3956D46DE8}") = "Jobs", "Jobs", "{28B9CEF2-57A6-4ee5-8235-2014936D9FE7}"
EndProject
Project("{8BC9CEB8-8B4A-11D0-8D11-00A0C91BC942}") = "foundation_nidls_win32", "foundation_nidls_win32.vcproj", "{ED4CF36F-E823-47DF-884F-D57E47E7E9FD}"
EndProject
Project("{8BC9CEB8-8B4A-11D0-8D11-00A0C91BC942}") = "foundation_win32", "foundation_win32.vcproj", "{40CCC1E2-6DF0-4AA6-BD4D-CCF7D323879F}"
	ProjectSection(ProjectDependencies) = postProject
		{ED4CF36F-E823-47DF-884F-D57E47E7E9FD} = {ED4CF36F-E823-47DF-884F-D57E47E7E9FD}
	EndProjectSection
EndProject
Project("{8BC9CEB8-8B4A-11D0-8D11-00A0C91BC942}") = "render_nidls_win32", "render_nidls_win32.vcproj", "{7EA7A99C-B780-467D-8426-A8D3FA785B67}"
EndProject
Project("{8BC9CEB8-8B4A-11D0-8D11-00A0C91BC942}") = "render_particlejob_win32", "render_particlejob_win32.vcproj", "{EF6F113B-EACC-471F-95A2-ED30A545FCF0}"
EndProject
Project("{8BC9CEB8-8B4A-11D0-8D11-00A0C91BC942}") = "render_charevalskeletonjob_win32", "render_charevalskeletonjob_win32.vcproj", "{8DF4B071-0CD7-47AC-8240-E08E12A1E1F2}"
EndProject
Project("{8BC9CEB8-8B4A-11D0-8D11-00A0C91BC942}") = "render_animjobsample_win32", "render_animjobsample_win32.vcproj", "{F884C75E-0F4C-483E-B4A8-3AFA96CB14B1}"
EndProject
Project("{8BC9CEB8-8B4A-11D0-8D11-00A0C91BC942}") = "render_animjobsamplemix_win32", "render_animjobsamplemix_win32.vcproj", "{456B8E42-2F16-4C59-A256-7E79EC57A921}"
EndProject
Project("{8BC9CEB8-8B4A-11D0-8D11-00A0C91BC942}") = "render_visibilityquadtreejob_win32", "render_visibilityquadtreejob_win32.vcproj", "{EC0A3ADC-401C-417B-98EF-D5464653EA10}"
EndProject
Project("{8BC9CEB8-8B4A-11D0-8D11-00A0C91BC942}") = "render_visibilityboxsystemjob_win32", "render_visibilityboxsystemjob_win32.vcproj", "{425C6486-6A42-4443-A5C9-E1C92597EB9A}"
EndProject
Project("{8BC9CEB8-8B4A-11D0-8D11-00A0C91BC942}") = "render_win32", "render_win32.vcproj", "{654D0C3A-5C3F-4251-AE00-2681040AFF02}"
	ProjectSection(ProjectDependencies) = postProject
		{7EA7A99C-B780-467D-8426-A8D3FA785B67} = {7EA7A99C-B780-467D-8426-A8D3FA785B67}
		{8DF4B071-0CD7-47AC-8240-E08E12A1E1F2} = {8DF4B071-0CD7-47AC-8240-E08E12A1E1F2}
		{EF6F113B-EACC-471F-95A2-ED30A545FCF0} = {EF6F113B-EACC-471F-95A2-ED30A545FCF0}
		{F884C75E-0F4C-483E-B4A8-3AFA96CB14B1} = {F884C75E-0F4C-483E-B4A8-3AFA96CB14B1}
		{456B8E42-2F16-4C59-A256-7E79EC57A921} = {456B8E42-2F16-4C59-A256-7E79EC57A921}
		{EC0A3ADC-401C-417B-98EF-D5464653EA10} = {EC0A3ADC-401C-417B-98EF-D5464653EA10}
		{425C6486-6A42-4443-A5C9-E1C92597EB9A} = {425C6486-6A42-4443-A5C9-E1C92597EB9A}
	EndProjectSection
EndProject
Project("{8BC9CEB8-8B4A-11D0-8D11-00A0C91BC942}") = "tinyxml_win32", "tinyxml_win32.vcproj", "{133059DA-78A8-4A00-A043-611A873EE728}"
EndProject
Project("{8BC9CEB8-8B4A-11D0-8D11-00A0C91BC942}") = "zlib_win32", "zlib_win32.vcproj", "{F385B3F2-47C5-44F3-ABCA-E8A899ED8CE9}"
EndProject
Project("{8BC9CEB8-8B4A-11D0-8D11-00A0C91BC942}") = "db_win32", "db_win32.vcproj", "{C22BEE45-049A-4C56-BC9F-025150B98EBD}"
EndProject
Project("{8BC9CEB8-8B4A-11D0-8D11-00A0C91BC942}") = "sqlite_win32", "sqlite_win32.vcproj", "{5F7C0594-4D20-4B2A-B4C2-6AFE912C9E5F}"
EndProject
Project("{8BC9CEB8-8B4A-11D0-8D11-00A0C91BC942}") = "attr_win32", "attr_win32.vcproj", "{A34EE712-5F48-4B29-8453-1BCA60252738}"
EndProject
Project("{8BC9CEB8-8B4A-11D0-8D11-00A0C91BC942}") = "benchmarkbase_win32", "benchmarkbase_win32.vcproj", "{73DF45AD-F0C1-474F-874D-CE7049B9F31E}"
EndProject
Project("{8BC9CEB8-8B4A-11D0-8D11-00A0C91BC942}") = "benchmarkfoundation_win32", "benchmarkfoundation_win32.vcproj", "{A37586DF-ACFA-444F-8A3D-C051BC2E0E84}"
	ProjectSection(ProjectDependencies) = postProject
		{73DF45AD-F0C1-474F-874D-CE7049B9F31E} = {73DF45AD-F0C1-474F-874D-CE7049B9F31E}
		{40CCC1E2-6DF0-4AA6-BD4D-CCF7D323879F} = {40CCC1E2-6DF0-4AA6-BD4D-CCF7D323879F}
		{133059DA-78A8-4A00-A043-611A873EE728} = {133059DA-78A8-4A00-A043-611A873EE728}
		{F385B3F2-47C5-44F3-ABCA-E8A899ED8CE9} = {F385B3F2-47C5-44F3-ABCA-E8A899ED8CE9}
	EndProjectSection
EndProject
Project("{8BC9CEB8-8B4A-11D0-8D11-00A0C91BC942}") = "benchmarkaddon_win32", "benchmarkaddon_win32.vcproj", "{F6F68C7F-195E-42B5-AC88-F10A878F71DC}"
	ProjectSection(ProjectDependencies) = postProject
		{73DF45AD-F0C1-474F-874D-CE7049B9F31E} = {73DF45AD-F0C1-474F-874D-CE7049B9F31E}
		{40CCC1E2-6DF0-4AA6-BD4D-CCF7D323879F} = {40CCC1E2-6DF0-4AA6-BD4D-CCF7D323879F}
		{654D0C3A-5C3F-4251-AE00-2681040AFF02} = {654D0C3A-5C3F-4251-AE00-2681040AFF02}
		{133059DA-78A8-4A00-A043-611A873EE728} = {133059DA-78A8-4A00-A043-611A873EE728}
		{F385B3F2-47C5-44F3-ABCA-E8A899ED8CE9} = {F385B3F2-47C5-44F3-ABCA-E8A899ED8CE9}
		{C22BEE45-049A-4C56-BC9F-025150B98EBD} = {C22BEE45-049A-4C56-BC9F-025150B98EBD}
		{5F7C0594-4D20-4B2A-B4C2-6AFE912C9E5F} = {5F7C0594-4D20-4B2A-B4C2-6AFE912C9E5F}
		{A34EE712-5F48-4B29-8453-1BCA60252738} = {A34EE712-5F48-4B29-8453-1BCA60252738}
	EndProjectSection
EndProject
Global
	GlobalSection(SolutionConfigurationPlatforms) = preSolution
		Debug|Win32 = Debug|Win32
		Release|Win32 = Release|Win32
		Programming|Win32 = Programming|Win32
		Public_Build|Win32 = Public_Build|Win32
		Securom|Win32 = Securom|Win32
		Maya_Debug|Win32 = Maya_Debug|Win32
		Maya_Release|Win32 = Maya_Release|Win32
	EndGlobalSection
	GlobalSection(ProjectConfigurationPlatforms) = postSolution
		{ED4CF36F-E823-47DF-884F-D57E47E7E9FD}.Debug|Win32.ActiveCfg = Debug|Win32
		{ED4CF36F-E823-47DF-884F-D57E47E7E9FD}.Debug|Win32.Build.0 = Debug|Win32
		{ED4CF36F-E823-47DF-884F-D57E47E7E9FD}.Release|Win32.ActiveCfg = Release|Win32
		{ED4CF36F-E823-47DF-884F-D57E47E7E9FD}.Release|Win32.Build.0 = Release|Win32
		{ED4CF36F-E823-47DF-884F-D57E47E7E9FD}.Programming|Win32.ActiveCfg = Programming|Win32
		{ED4CF36F-E823-47DF-884F-D57E47E7E9FD}.Programming|Win32.Build.0 = Programming|Win32
		{ED4CF36F-E823-47DF-884F-D57E47E7E9FD}.Public_Build|Win32.ActiveCfg = Public_Build|Win32
		{ED4CF36F-E823-47DF-884F-D57E47E7E9FD}.Public_Build|Win32.Build.0 = Public_Build|Win32
		{ED4CF36F-E823-47DF-884F-D57E47E7E9FD}.Securom|Win32.ActiveCfg = Securom|Win32
		{ED4CF36F-E823-47DF-884F-D57E47E7E9FD}.Securom|Win32.Build.0 = Securom|Win32
		{ED4CF36F-E823-47DF-884F-D57E47E7E9FD}.Maya_Debug|Win32.ActiveCfg = Maya_Debug|Win32
		{ED4CF36F-E823-47DF-884F-D57E47E7E9FD}.Maya_Debug|Win32.Build.0 = Maya_Debug|Win32
		{ED4CF36F-E823-47DF-884F-D57E47E7E9FD}.Maya_Release|Win32.ActiveCfg = Maya_Release|Win32
		{ED4CF36F-E823-47DF-884F-D57E47E7E9FD}.Maya_Release|Win32.Build.0 = Maya_Release|Win32
		{40CCC1E2-6DF0-4AA6-BD4D-CCF7D323879F}.Debug|Win32.ActiveCfg = Debug|Win32
		{40CCC1E2-6DF0-4AA6-BD4D-CCF7D323879F}.Debug|Win32.Build.0 = Debug|Win32
		{40CCC1E2-6DF0-4AA6-BD4D-CCF7D323879F}.Release|Win32.ActiveCfg = Release|Win32
		{40CCC1E2-6DF0-4AA6-BD4D-CCF7D323879F}.Release|Win32.Build.0 = Release|Win32
		{40CCC1E2-6DF0-4AA6-BD4D-CCF7D323879F}.Programming|Win32.ActiveCfg = Programming|Win32
		{40CCC1E2-6DF0-4AA6-BD4D-CCF7D323879F}.Programming|Win32.Build.0 = Programming|Win32
		{40CCC1E2-6DF0-4AA6-BD4D-CCF7D323879F}.Public_Build|Win32.ActiveCfg = Public_Build|Win32
		{40CCC1E2-6DF0-4AA6-BD4D-CCF7D323879F}.Public_Build|Win32.Build.0 = Public_Build|Win32
		{40CCC1E2-6DF0-4AA6-BD4D-CCF7D323879F}.Securom|Win32.ActiveCfg = Securom|Win32
		{40CCC1E2-6DF0-4AA6-BD4D-CCF7D323879F}.Securom|Win32.Build.0 = Securom|Win32
		{40CCC1E2-6DF0-4AA6-BD4D-CCF7D323879F}.Maya_Debug|Win32.ActiveCfg = Maya_Debug|Win32
		{40CCC1E2-6DF0-4AA6-BD4D-CCF7D323879F}.Maya_Debug|Win32.Build.0 = Maya_Debug|Win32
		{40CCC1E2-6DF0-4AA6-BD4D-CCF7D323879F}.Maya_Release|Win32.ActiveCfg = Maya_Release|Win32
		{40CCC1E2-6DF0-4AA6-BD4D-CCF7D323879F}.Maya_Release|Win32.Build.0 = Maya_Release|Win32
		{7EA7A99C-B780-467D-8426-A8D3FA785B67}.Debug|Win32.ActiveCfg = Debug|Win32
		{7EA7A99C-B780-467D-8426-A8D3FA785B67}.Debug|Win32.Build.0 = Debug|Win32
		{7EA7A99C-B780-467D-8426-A8D3FA785B67}.Release|Win32.ActiveCfg = Release|Win32
		{7EA7A99C-B780-467D-8426-A8D3FA785B67}.Release|Win32.Build.0 = Release|Win32
		{7EA7A99C-B780-467D-8426-A8D3FA785B67}.Programming|Win32.ActiveCfg = Programming|Win32
		{7EA7A99C-B780-467D-8426-A8D3FA785B67}.Programming|Win32.Build.0 = Programming|Win32
		{7EA7A99C-B780-467D-8426-A8D3FA785B67}.Public_Build|Win32.ActiveCfg = Public_Build|Win32
		{7EA7A99C-B780-467D-8426-A8D3FA785B67}.Public_Build|Win32.Build.0 = Public_Build|Win32
		{7EA7A99C-B780-467D-8426-A8D3FA785B67}.Securom|Win32.ActiveCfg = Securom|Win32
		{7EA7A99C-B780-467D-8426-A8D3FA785B67}.Securom|Win32.Build.0 = Securom|Win32
		{7EA7A99C-B780-467D-8426-A8D3FA785B67}.Maya_Debug|Win32.ActiveCfg = Maya_Debug|Win32
		{7EA7A99C-B780-467D-8426-A8D3FA785B67}.Maya_Debug|Win32.Build.0 = Maya_Debug|Win32
		{7EA7A99C-B780-467D-8426-A8D3FA785B67}.Maya_Release|Win32.ActiveCfg = Maya_Release|Win32
		{7EA7A99C-B780-467D-8426-A8D3FA785B67}.Maya_Release|Win32.Build.0 = Maya_Release|Win32
		{EF6F113B-EACC-471F-95A2-ED30A545FCF0}.Debug|Win32.ActiveCfg = Debug|Win32
		{EF6F113B-EACC-471F-95A2-ED30A545FCF0}.Debug|Win32.Build.0 = Debug|Win32
		{EF6F113B-EACC-471F-95A2-ED30A545FCF0}.Release|Win32.ActiveCfg = Release|Win32
		{EF6F113B-EACC-471F-95A2-ED30A545FCF0}.Release|Win32.Build.0 = Release|Win32
		{EF6F113B-EACC-471F-95A2-ED30A545FCF0}.Programming|Win32.ActiveCfg = Programming|Win32
		{EF6F113B-EACC-471F-95A2-ED30A545FCF0}.Programming|Win32.Build.0 = Programming|Win32
		{EF6F113B-EACC-471F-95A2-ED30A545FCF0}.Public_Build|Win32.ActiveCfg = Public_Build|Win32
		{EF6F113B-EACC-471F-95A2-ED30A545FCF0}.Public_Build|Win32.Build.0 = Public_Build|Win32
		{EF6F113B-EACC-471F-95A2-ED30A545FCF0}.Securom|Win32.ActiveCfg = Securom|Win32
		{EF6F113B-EACC-471F-95A2-ED30A545FCF0}.Securom|Win32.Build.0 = Securom|Win32
		{EF6F113B-EACC-471F-95A2-ED30A545FCF0}.Maya_Debug|Win32.ActiveCfg = Maya_Debug|Win32
		{EF6F113B-EACC-471F-95A2-ED30A545FCF0}.Maya_Debug|Win32.Build.0 = Maya_Debug|Win32
		{EF6F113B-EACC-471F-95A2-ED30A545FCF0}.Maya_Release|Win32.ActiveCfg = Maya_Release|Win32
		{EF6F113B-EACC-471F-95A2-ED30A545FCF0}.Maya_Release|Win32.Build.0 = Maya_Release|Win32
		{8DF4B071-0CD7-47AC-8240-E08E12A1E1F2}.Debug|Win32.ActiveCfg = Debug|Win32
		{8DF4B071-0CD7-47AC-8240-E08E12A1E1F2}.Debug|Win32.Build.0 = Debug|Win32
		{8DF4B071-0CD7-47AC-8240-E08E12A1E1F2}.Release|Win32.ActiveCfg = Release|Win32
		{8DF4B071-0CD7-47AC-8240-E08E12A1E1F2}.Release|Win32.Build.0 = Release|Win32
		{8DF4B071-0CD7-47AC-8240-E08E12A1E1F2}.Programming|Win32.ActiveCfg = Programming|Win32
		{8DF4B071-0CD7-47AC-8240-E08E12A1E1F2}.Programming|Win32.Build.0 = Programming|Win32
		{8DF4B071-0CD7-47AC-8240-E08E12A1E1F2}.Public_Build|Win32.ActiveCfg = Public_Build|Win32
		{8DF4B071-0CD7-47AC-8240-E08E12A1E1F2}.Public_Build|Win32.Build.0 = Public_Build|Win32
		{8DF4B071-0CD7-47AC-8240-E08E12A1E1F2}.Securom|Win32.ActiveCfg = Securom|Win32
		{8DF4B071-0CD7-47AC-8240-E08E12A1E1F2}.Securom|Win32.Build.0 = Securom|Win32
		{8DF4B071-0CD7-47AC-8240-E08E12A1E1F2}.Maya_Debug|Win32.ActiveCfg = Maya_Debug|Win32
		{8DF4B071-0CD7-47AC-8240-E08E12A1E1F2}.Maya_Debug|Win32.Build.0 = Maya_Debug|Win32
		{8DF4B071-0CD7-47AC-8240-E08E12A1E1F2}.Maya_Release|Win32.ActiveCfg = Maya_Release|Win32
		{8DF4B071-0CD7-47AC-8240-E08E12A1E1F2}.Maya_Release|Win32.Build.0 = Maya_Release|Win32
		{F884C75E-0F4C-483E-B4A8-3AFA96CB14B1}.Debug|Win32.ActiveCfg = Debug|Win32
		{F884C75E-0F4C-483E-B4A8-3AFA96CB14B1}.Debug|Win32.Build.0 = Debug|Win32
		{F884C75E-0F4C-483E-B4A8-3AFA96CB14B1}.Release|Win32.ActiveCfg = Release|Win32
		{F884C75E-0F4C-483E-B4A8-3AFA96CB14B1}.Release|Win32.Build.0 = Release|Win32
		{F884C75E-0F4C-483E-B4A8-3AFA96CB14B1}.Programming|Win32.ActiveCfg = Programming|Win32
		{F884C75E-0F4C-483E-B4A8-3AFA96CB14B1}.Programming|Win32.Build.0 = Programming|Win32
		{F884C75E-0F4C-483E-B4A8-3AFA96CB14B1}.Public_Build|Win32.ActiveCfg = Public_Build|Win32
		{F884C75E-0F4C-483E-B4A8-3AFA96CB14B1}.Public_Build|Win32.Build.0 = Public_Build|Win32
		{F884C75E-0F4C-483E-B4A8-3AFA96CB14B1}.Securom|Win32.ActiveCfg = Securom|Win32
		{F884C75E-0F4C-483E-B4A8-3AFA96CB14B1}.Securom|Win32.Build.0 = Securom|Win32
		{F884C75E-0F4C-483E-B4A8-3AFA96CB14B1}.Maya_Debug|Win32.ActiveCfg = Maya_Debug|Win32
		{F884C75E-0F4C-483E-B4A8-3AFA96CB14B1}.Maya_Debug|Win32.Build.0 = Maya_Debug|Win32
		{F884C75E-0F4C-483E-B4A8-3AFA96CB14B1}.Maya_Release|Win32.ActiveCfg = Maya_Release|Win32
		{F884C75E-0F4C-483E-B4A8-3AFA96CB14B1}.Maya_Release|Win32.Build.0 = Maya_Release|Win32
		{456B8E42-2F16-4C59-A256-7E79EC57A921}.Debug|Win32.ActiveCfg = Debug|Win32
		{456B8E42-2F16-4C59-A256-7E79EC57A921}.Debug|Win32.Build.0 = Debug|Win32
		{456B8E42-2F16-4C59-A256-7E79EC57A921}.Release|Win32.ActiveCfg = Release|Win32
		{456B8E42-2F16-4C59-A256-7E79EC57A921}.Release|Win32.Build.0 = Release|Win32
		{456B8E42-2F16-4C59-A256-7E79EC57A921}.Programming|Win32.ActiveCfg = Programming|Win32
		{456B8E42-2F16-4C59-A256-7E79EC57A921}.Programming|Win32.Build.0 = Programming|Win32
		{456B8E42-2F16-4C59-A256-7E79EC57A921}.Public_Build|Win32.ActiveCfg = Public_Build|Win32
		{456B8E42-2F16-4C59-A256-7E79EC57A921}.Public_Build|Win32.Build.0 = Public_Build|Win32
		{456B8E42-2F16-4C59-A256-7E79EC57A921}.Securom|Win32.ActiveCfg = Securom|Win32
		{456B8E42-2F16-4C59-A256-7E79EC57A921}.Securom|Win32.Build.0 = Securom|Win32
		{456B8E42-2F16-4C59-A256-7E79EC57A921}.Maya_Debug|Win32.ActiveCfg = Maya_Debug|Win32
		{456B8E42-2F16-4C59-A256-7E79EC57A921}.Maya_Debug|Win32.Build.0 = Maya_Debug|Win32
		{456B8E42-2F16-4C59-A256-7E79EC57A921}.Maya_Release|Win32.ActiveCfg = Maya_Release|Win32
		{456B8E42-2F16-4C59-A256-7E79EC57A921}.Maya_Release|Win32.Build.0 = Maya_Release|Win32
		{EC0A3ADC-401C-417B-98EF-D5464653EA10}.Debug|Win32.ActiveCfg = Debug|Win32
		{EC0A3ADC-401C-417B-98EF-D5464653EA10}.Debug|Win32.Build.0 = Debug|Win32
		{EC0A3ADC-401C-417B-98EF-D5464653EA10}.Release|Win32.ActiveCfg = Release|Win32
		{EC0A3ADC-401C-417B-98EF-D5464653EA10}.Release|Win32.Build.0 = Release|Win32
		{EC0A3ADC-401C-417B-98EF-D5464653EA10}.Programming|Win32.ActiveCfg = Programming|Win32
		{EC0A3ADC-401C-417B-98EF-D5464653EA10}.Programming|Win32.Build.0 = Programming|Win32
		{EC0A3ADC-401C-417B-98EF-D5464653EA10}.Public_Build|Win32.ActiveCfg = Public_Build|Win32
		{EC0A3ADC-401C-417B-98EF-D5464653EA10}.Public_Build|Win32.Build.0 = Public_Build|Win32
		{EC0A3ADC-401C-417B-98EF-D5464653EA10}.Securom|Win32.ActiveCfg = Securom|Win32
		{EC0A3ADC-401C-417B-98EF-D5464653EA10}.Securom|Win32.Build.0 = Securom|Win32
		{EC0A3ADC-401C-417B-98EF-D5464653EA10}.Maya_Debug|Win32.ActiveCfg = Maya_Debug|Win32
		{EC0A3ADC-401C-417B-98EF-D5464653EA10}.Maya_Debug|Win32.Build.0 = Maya_Debug|Win32
		{EC0A3ADC-401C-417B-98EF-D5464653EA10}.Maya_Release|Win32.ActiveCfg = Maya_Release|Win32
		{EC0A3ADC-401C-417B-98EF-D5464653EA10}.Maya_Release|Win32.Build.0 = Maya_Release|Win32
		{425C6486-6A42-4443-A5C9-E1C92597EB9A}.Debug|Win32.ActiveCfg = Debug|Win32
		{425C6486-6A42-4443-A5C9-E1C92597EB9A}.Debug|Win32.Build.0 = Debug|Win32
		{425C6486-6A42-4443-A5C9-E1C92597EB9A}.Release|Win32.ActiveCfg = Release|Win32
		{425C6486-6A42-4443-A5C9-E1C92597EB9A}.Release|Win32.Build.0 = Release|Win32
		{425C6486-6A42-4443-A5C9-E1C92597EB9A}.Programming|Win32.ActiveCfg = Programming|Win32
		{425C6486-6A42-4443-A5C9-E1C92597EB9A}.Programming|Win32.Build.0 = Programming|Win32
		{425C6486-6A42-4443-A5C9-E1C92597EB9A}.Public_Build|Win32.ActiveCfg = Public_Build|Win32
		{425C6486-6A42-4443-A5C9-E1C92597EB9A}.Public_Build|Win32.Build.0 = Public_Build|Win32
		{425C6486-6A42-4443-A5C9-E1C92597EB9A}.Securom|Win32.ActiveCfg = Securom|Win32
		{425C6486-6A42-4443-A5C9-E1C92597EB9A}.Securom|Win32.Build.0 = Securom|Win32
		{425C6486-6A42-4443-A5C9-E1C92597EB9A}.Maya_Debug|Win32.ActiveCfg = Maya_Debug|Win32
		{425C6486-6A42-4443-A5C9-E1C92597EB9A}.Maya_Debug|Win32.Build.0 = Maya_Debug|Win32
		{425C6486-6A42-4443-A5C9-E1C92597EB9A}.Maya_Release|Win32.ActiveCfg = Maya_Release|Win32
		{425C6486-6A42-4443-A5C9-E1C92597EB9A}.Maya_Release|Win32.Build.0 = Maya_Release|Win32
		{654D0C3A-5C3F-4251-AE00-2681040AFF02}.Debug|Win32.ActiveCfg = Debug|Win32
		{654D0C3A-5C3F-4251-AE00-2681040AFF02}.Debug|Win32.Build.0 = Debug|Win32
		{654D0C3A-5C3F-4251-AE00-2681040AFF02}.Release|Win32.ActiveCfg = Release|Win32
		{654D0C3A-5C3F-4251-AE00-2681040AFF02}.Release|Win32.Build.0 = Release|Win32
		{654D0C3A-5C3F-4251-AE00-2681040AFF02}.Programming|Win32.ActiveCfg = Programming|Win32
		{654D0C3A-5C3F-4251-AE00-2681040AFF02}.Programming|Win32.Build.0 = Programming|Win32
		{654D0C3A-5C3F-4251-AE00-2681040AFF02}.Public_Build|Win32.ActiveCfg = Public_Build|Win32
		{654D0C3A-5C3F-4251-AE00-2681040AFF02}.Public_Build|Win32.Build.0 = Public_Build|Win32
		{654D0C3A-5C3F-4251-AE00-2681040AFF02}.Securom|Win32.ActiveCfg = Securom|Win32
		{654D0C3A-5C3F-4251-AE00-2681040AFF02}.Securom|Win32.Build.0 = Securom|Win32
		{654D0C3A-5C3F-4251-AE00-2681040AFF02}.Maya_Debug|Win32.ActiveCfg = Maya_Debug|Win32
		{654D0C3A-5C3F-4251-AE00-2681040AFF02}.Maya_Debug|Win32.Build.0 = Maya_Debug|Win32
		{654D0C3A-5C3F-4251-AE00-2681040AFF02}.Maya_Release|Win32.ActiveCfg = Maya_Release|Win32
		{654D0C3A-5C3F-4251-AE00-2681040AFF02}.Maya_Release|Win32.Build.0 = Maya_Release|Win32
		{133059DA-78A8-4A00-A043-611A873EE728}.Debug|Win32.ActiveCfg = Debug|Win32
		{133059DA-78A8-4A00-A043-611A873EE728}.Debug|Win32.Build.0 = Debug|Win32
		{133059DA-78A8-4A00-A043-611A873EE728}.Release|Win32.ActiveCfg = Release|Win32
		{133059DA-78A8-4A00-A043-611A873EE728}.Release|Win32.Build.0 = Release|Win32
		{133059DA-78A8-4A00-A043-611A873EE728}.Programming|Win32.ActiveCfg = Programming|Win32
		{133059DA-78A8-4A00-A043-611A873EE728}.Programming|Win32.Build.0 = Programming|Win32
		{133059DA-78A8-4A00-A043-611A873EE728}.Public_Build|Win32.ActiveCfg = Public_Build|Win32
		{133059DA-78A8-4A00-A043-611A873EE728}.Public_Build|Win32.Build.0 = Public_Build|Win32
		{133059DA-78A8-4A00-A043-611A873EE728}.Securom|Win32.ActiveCfg = Securom|Win32
		{133059DA-78A8-4A00-A043-611A873EE728}.Securom|Win32.Build.0 = Securom|Win32
		{133059DA-78A8-4A00-A043-611A873EE728}.Maya_Debug|Win32.ActiveCfg = Maya_Debug|Win32
		{133059DA-78A8-4A00-A043-611A873EE728}.Maya_Debug|Win32.Build.0 = Maya_Debug|Win32
		{133059DA-78A8-4A00-A043-611A873EE728}.Maya_Release|Win32.ActiveCfg = Maya_Release|Win32
		{133059DA-78A8-4A00-A043-611A873EE728}.Maya_Release|Win32.Build.0 = Maya_Release|Win32
		{F385B3F2-47C5-44F3-ABCA-E8A899ED8CE9}.Debug|Win32.ActiveCfg = Debug|Win32
		{F385B3F2-47C5-44F3-ABCA-E8A899ED8CE9}.Debug|Win32.Build.0 = Debug|Win32
		{F385B3F2-47C5-44F3-ABCA-E8A899ED8CE9}.Release|Win32.ActiveCfg = Release|Win32
		{F385B3F2-47C5-44F3-ABCA-E8A899ED8CE9}.Release|Win32.Build.0 = Release|Win32
		{F385B3F2-47C5-44F3-ABCA-E8A899ED8CE9}.Programming|Win32.ActiveCfg = Programming|Win32
		{F385B3F2-47C5-44F3-ABCA-E8A899ED8CE9}.Programming|Win32.Build.0 = Programming|Win32
		{F385B3F2-47C5-44F3-ABCA-E8A899ED8CE9}.Public_Build|Win32.ActiveCfg = Public_Build|Win32
		{F385B3F2-47C5-44F3-ABCA-E8A899ED8CE9}.Public_Build|Win32.Build.0 = Public_Build|Win32
		{F385B3F2-47C5-44F3-ABCA-E8A899ED8CE9}.Securom|Win32.ActiveCfg = Securom|Win32
		{F385B3F2-47C5-44F3-ABCA-E8A899ED8CE9}.Securom|Win32.Build.0 = Securom|Win32
		{F385B3F2-47C5-44F3-ABCA-E8A899ED8CE9}.Maya_Debug|Win32.ActiveCfg = Maya_Debug|Win32
		{F385B3F2-47C5-44F3-ABCA-E8A899ED8CE9}.Maya_Debug|Win32.Build.0 = Maya_Debug|Win32
		{F385B3F2-47C5-44F3-ABCA-E8A899ED8CE9}.Maya_Release|Win32.ActiveCfg = Maya_Release|Win32
		{F385B3F2-47C5-44F3-ABCA-E8A899ED8CE9}.Maya_Release|Win32.Build.0 = Maya_Release|Win32
		{C22BEE45-049A-4C56-BC9F-025150B98EBD}.Debug|Win32.ActiveCfg = Debug|Win32
		{C22BEE45-049A-4C56-BC9F-025150B98EBD}.Debug|Win32.Build.0 = Debug|Win32
		{C22BEE45-049A-4C56-BC9F-025150B98EBD}.Release|Win32.ActiveCfg = Release|Win32
		{C22BEE45-049A-4C56-BC9F-025150B98EBD}.Release|Win32.Build.0 = Release|Win32
		{C22BEE45-049A-4C56-BC9F-025150B98EBD}.Programming|Win32.ActiveCfg = Programming|Win32
		{C22BEE45-049A-4C56-BC9F-025150B98EBD}.Programming|Win32.Build.0 = Programming|Win32
		{C22BEE45-049A-4C56-BC9F-025150B98EBD}.Public_Build|Win32.ActiveCfg = Public_Build|Win32
		{C22BEE45-049A-4C56-BC9F-025150B98EBD}.Public_Build|Win32.Build.0 = Public_Build|Win32
		{C22BEE45-049A-4C56-BC9F-025150B98EBD}.Securom|Win32.ActiveCfg = Securom|Win32
		{C22BEE45-049A-4C56-BC9F-025150B98EBD}.Securom|Win32.Build.0 = Securom|Win32
		{C22BEE45-049A-4C56-BC9F-025150B98EBD}.Maya_Debug|Win32.ActiveCfg = Maya_Debug|Win32
		{C22BEE45-049A-4C56-BC9F-025150B98EBD}.Maya_Debug|Win32.Build.0 = Maya_Debug|Win32
		{C22BEE45-049A-4C56-BC9F-025150B98EBD}.Maya_Release|Win32.ActiveCfg = Maya_Release|Win32
		{C22BEE45-049A-4C56-BC9F-025150B98EBD}.Maya_Release|Win32.Build.0 = Maya_Release|Win32
		{5F7C0594-4D20-4B2A-B4C2-6AFE912C9E5F}.Debug|Win32.ActiveCfg = Debug|Win32
		{5F7C0594-4D20-4B2A-B4C2-6AFE912C9E5F}.Debug|Win32.Build.0 = Debug|Win32
		{5F7C0594-4D20-4B2A-B4C2-6AFE912C9E5F}.Release|Win32.ActiveCfg = Release|Win32
		{5F7C0594-4D20-4B2A-B4C2-6AFE912C9E5F}.Release|Win32.Build.0 = Release|Win32
		{5F7C0594-4D20-4B2A-B4C2-6AFE912C9E5F}.Programming|Win32.ActiveCfg = Programming|Win32
		{5F7C0594-4D20-4B2A-B4C2-6AFE912C9E5F}.Programming|Win32.Build.0 = Programming|Win32
		{5F7C0594-4D20-4B2A-B4C2-6AFE912C9E5F}.Public_Build|Win32.ActiveCfg = Public_Build|Win32
		{5F7C0594-4D20-4B2A-B4C2-6AFE912C9E5F}.Public_Build|Win32.Build.0 = Public_Build|Win32
		{5F7C0594-4D20-4B2A-B4C2-6AFE912C9E5F}.Securom|Win32.ActiveCfg = Securom|Win32
		{5F7C0594-4D20-4B2A-B4C2-6AFE912C9E5F}.Securom|Win32.Build.0 = Securom|Win32
		{5F7C0594-4D20-4B2A-B4C2-6AFE912C9E5F}.Maya_Debug|Win32.ActiveCfg = Maya_Debug|Win32
		{5F7C0594-4D20-4B2A-B4C2-6AFE912C9E5F}.Maya_Debug|Win32.Build.0 = Maya_Debug|Win32
		{5F7C0594-4D20-4B2A-B4C2-6AFE912C9E5F}.Maya_Release|Win32.ActiveCfg = Maya_Release|Win32
		{5F7C0594-4D20-4B2A-B4C2-6AFE912C9E5F}.Maya_Release|Win32.Build.0 = Maya_Release|Win32
		{A34EE712-5F48-4B29-8453-1BCA60252738}.Debug|Win32.ActiveCfg = Debug|Win32
		{A34EE712-5F48-4B29-8453-1BCA60252738}.Debug|Win32.Build.0 = Debug|Win32
		{A34EE712-5F48-4B29-8453-1BCA60252738}.Release|Win32.ActiveCfg = Release|Win32
		{A34EE712-5F48-4B29-8453-1BCA60252738}.Release|Win32.Build.0 = Release|Win32
		{A34EE712-5F48-4B29-8453-1BCA60252738}.Programming|Win32.ActiveCfg = Programming|Win32
		{A34EE712-5F48-4B29-8453-1BCA60252738}.Programming|Win32.Build.0 = Programming|Win32
		{A34EE712-5F48-4B29-8453-1BCA60252738}.Public_Build|Win32.ActiveCfg = Public_Build|Win32
		{A34EE712-5F48-4B29-8453-1BCA60252738}.Public_Build|Win32.Build.0 = Public_Build|Win32
		{A34EE712-5F48-4B29-8453-1BCA60252738}.Securom|Win32.ActiveCfg = Securom|Win32
		{A34EE712-5F48-4B29-8453-1BCA60252738}.Securom|Win32.Build.0 = Securom|Win32
		{A34EE712-5F48-4B29-8453-1BCA60252738}.Maya_Debug|Win32.ActiveCfg = Maya_Debug|Win32
		{A34EE712-5F48-4B29-8453-1BCA60252738}.Maya_Debug|Win32.Build.0 = Maya_Debug|Win32
		{A34EE712-5F48-4B29-8453-1BCA60252738}.Maya_Release|Win32.ActiveCfg = Maya_Release|Win32
		{A34EE712-5F48-4B29-8453-1BCA60252738}.Maya_Release|Win32.Build.0 = Maya_Release|Win32
		{73DF45AD-F0C1-474F-874D-CE7049B9F31E}.Debug|Win32.ActiveCfg = Debug|Win32
		{73DF45AD-F0C1-474F-874D-CE7049B9F31E}.Debug|Win32.Build.0 = Debug|Win32
		{73DF45AD-F0C1-474F-874D-CE7049B9F31E}.Release|Win32.ActiveCfg = Release|Win32
		{73DF45AD-F0C1-474F-874D-CE7049B9F31E}.Release|Win32.Build.0 = Release|Win32
		{73DF45AD-F0C1-474F-874D-CE7049B9F31E}.Programming|Win32.ActiveCfg = Programming|Win32
		{73DF45AD-F0C1-474F-874D-CE7049B9F31E}.Programming|Win32.Build.0 = Programming|Win32
		{73DF45AD-F0C1-474F-874D-CE7049B9F31E}.Public_Build|Win32.ActiveCfg = Public_Build|Win32
		{73DF45AD-F0C1-474F-874D-CE7049B9F31E}.Public_Build|Win32.Build.0 = Public_Build|Win32
		{73DF45AD-F0C1-474F-874D-CE7049B9F31E}.Securom|Win32.ActiveCfg = Securom|Win32
		{73DF45AD-F0C1-474F-874D-CE7049B9F31E}.Securom|Win32.Build.0 = Securom|Win32
		{73DF45AD-F0C1-474F-874D-CE7049B9F31E}.Maya_Debug|Win32.ActiveCfg = Maya_Debug|Win32
		{73DF45AD-F0C1-474F-874D-CE7049B9F31E}.Maya_Debug|Win32.Build.0 = Maya_Debug|Win32
		{73DF45AD-F0C1-474F-874D-CE7049B9F31E}.Maya_Release|Win32.ActiveCfg = Maya_Release|Win32
		{73DF45AD-F0C1-474F-874D-CE7049B9F31E}.Maya_Release|Win32.Build.0 = Maya_Release|Win32
		{A37586DF-ACFA-444F-8A3D-C051BC2E0E84}.Debug|Win32.ActiveCfg = Debug|Win32
		{A37586DF-ACFA-444F-8A3D-C051BC2E0E84}.Debug|Win32.Build.0 = Debug|Win32
		{A37586DF-ACFA-444F-8A3D-C051BC2E0E84}.Release|Win32.ActiveCfg = Release|Win32
		{A37586DF-ACFA-444F-8A3D-C051BC2E0E84}.Release|Win32.Build.0 = Release|Win32
		{A37586DF-ACFA-444F-8A3D-C051BC2E0E84}.Programming|Win32.ActiveCfg = Programming|Win32
		{A37586DF-ACFA-444F-8A3D-C051BC2E0E84}.Programming|Win32.Build.0 = Programming|Win32
		{A37586DF-ACFA-444F-8A3D-C051BC2E0E84}.Public_Build|Win32.ActiveCfg = Public_Build|Win32
		{A37586DF-ACFA-444F-8A3D-C051BC2E0E84}.Public_Build|Win32.Build.0 = Public_Build|Win32
		{A37586DF-ACFA-444F-8A3D-C051BC2E0E84}.Securom|Win32.ActiveCfg = Securom|Win32
		{A37586DF-ACFA-444F-8A3D-C051BC2E0E84}.Securom|Win32.Build.0 = Securom|Win32
		{A37586DF-ACFA-444F-8A3D-C051BC2E0E84}.Maya_Debug|Win32.ActiveCfg = Maya_Debug|Win32
		{A37586DF-ACFA-444F-8A3D-C051BC2E0E84}.Maya_Debug|Win32.Build.0 = Maya_Debug|Win32
		{A37586DF-ACFA-444F-8A3D-C051BC2E0E84}.Maya_Release|Win32.ActiveCfg = Maya_Release|Win32
		{A37586DF-ACFA-444F-8A3D-C051BC2E0E84}.Maya_Release|Win32.Build.0 = Maya_Release|Win32
		{F6F68C7F-195E-42B5-AC88-F10A878F71DC}.Debug|Win32.ActiveCfg = Debug|Win32
		{F6F68C7F-195E-42B5-AC88-F10A878F71DC}.Debug|Win32.Build.0 = Debug|Win32
		{F6F68C7F-195E-42B5-AC88-F10A878F71DC}.Release|Win32.ActiveCfg = Release|Win32
		{F6F68C7F-195E-42B5-AC88-F10A878F71DC}.Release|Win32.Build.0 = Release|Win32
		{F6F68C7F-195E-42B5-AC88-F10A878F71DC}.Programming|Win32.ActiveCfg = Programming|Win32
		{F6F68C7F-195E-42B5-AC88-F10A878F71DC}.Programming|Win32.Build.0 = Programming|Win32
		{F6F68C7F-195E-42B5-AC88-F10A878F71DC}.Public_Build|Win32.ActiveCfg = Public_Build|Win32
		{F6F68C7F-195E-42B5-AC88-F10A878F71DC}.Public_Build|Win32.Build.0 = Public_Build|Win32
		{F6F68C7F-195E-42B5-AC88-F10A878F71DC}.Securom|Win32.ActiveCfg = Securom|Win32
		{F6F68C7F-195E-42B5-AC88-F10A878F71DC}.Securom|Win32.Build.0 = Securom|Win32
		{F6F68C7F-195E-42B5-AC88-F10A878F71DC}.Maya_Debug|Win32.ActiveCfg = Maya_Debug|Win32
		{F6F68C7F-195E-42B5-AC88-F10A878F71DC}.Maya_Debug|Win32.Build.0 = Maya_Debug|Win32
		{F6F68C7F-195E-42B5-AC88-F10A878F71DC}.Maya_Release|Win32.ActiveCfg = Maya_Release|Win32
		{F6F68C7F-195E-42B5-AC88-F10A878F71DC}.Maya_Release|Win32.Build.0 = Maya_Release|Win32
	EndGlobalSection
	GlobalSection(SolutionProperties) = preSolution
		HideSolutionNode = FALSE
	EndGlobalSection
	GlobalSection(NestedProjects) = preSolution
		{ED4CF36F-E823-47DF-884F-D57E47E7E9FD} = {798777e9-b38c-4974-bee3-b1cd45f6a1e6}
		{40CCC1E2-6DF0-4AA6-BD4D-CCF7D323879F} = {832A854F-2030-4EA4-86FE-EDEEC017E78E}
		{7EA7A99C-B780-467D-8426-A8D3FA785B67} = {798777e9-b38c-4974-bee3-b1cd45f6a1e6}
		{EF6F113B-EACC-471F-95A2-ED30A545FCF0} = {28B9CEF2-57A6-4ee5-8235-2014936D9FE7}
		{8DF4B071-0CD7-47AC-8240-E08E12A1E1F2} = {28B9CEF2-57A6-4ee5-8235-2014936D9FE7}
		{F884C75E-0F4C-483E-B4A8-3AFA96CB14B1} = {28B9CEF2-57A6-4ee5-8235-2014936D9FE7}
		{456B8E42-2F16-4C59-A256-7E79EC57A921} = {28B9CEF2-57A6-4ee5-8235-2014936D9FE7}
		{EC0A3ADC-401C-417B-98EF-D5464653EA10} = {28B9CEF2-57A6-4ee5-8235-2014936D9FE7}
		{425C6486-6A42-4443-A5C9-E1C92597EB9A} = {28B9CEF2-57A6-4ee5-8235-2014936D9FE7}
		{654D0C3A-5C3F-4251-AE00-2681040AFF02} = {832A854F-2030-4EA4-86FE-EDEEC017E78E}
		{133059DA-78A8-4A00-A043-611A873EE728} = {832A854F-2030-4EA4-86FE-EDEEC017E78E}
		{F385B3F2-47C5-44F3-ABCA-E8A899ED8CE9} = {832A854F-2030-4EA4-86FE-EDEEC017E78E}
		{C22BEE45-049A-4C56-BC9F-025150B98EBD} = {832A854F-2030-4EA4-86FE-EDEEC017E78E}
		{5F7C0594-4D20-4B2A-B4C2-6AFE912C9E5F} = {832A854F-2030-4EA4-86FE-EDEEC017E78E}
		{A34EE712-5F48-4B29-8453-1BCA60252738} = {832A854F-2030-4EA4-86FE-EDEEC017E78E}
		{73DF45AD-F0C1-474F-874D-CE7049B9F31E} = {832A854F-2030-4EA4-86FE-EDEEC017E78E}
		{A37586DF-ACFA-444F-8A3D-C051BC2E0E84} = {3B2AD919-B940-473D-A9CC-62428540DEC5}
		{F6F68C7F-195E-42B5-AC88-F10A878F71DC} = {3B2AD919-B940-473D-A9CC-62428540DEC5}
	EndGlobalSection
EndGlobal
