Microsoft Visual Studio Solution File, Format Version 10.00
# Visual Studio 2008
Project("{2150E333-8FDC-42A3-9474-1A3956D46DE8}") = "Libs", "Libs", "{832A854F-2030-4EA4-86FE-EDEEC017E78E}"
EndProject
Project("{2150E333-8FDC-42A3-9474-1A3956D46DE8}") = "Exes", "Exes", "{3B2AD919-B940-473D-A9CC-62428540DEC5}"
EndProject
Project("{2150E333-8FDC-42A3-9474-1A3956D46DE8}") = "Jobs", "Jobs", "{28B9CEF2-57A6-4EE5-8235-2014936D9FE7}"
EndProject
Project("{8BC9CEB8-8B4A-11D0-8D11-00A0C91BC942}") = "foundation_win32", "foundation_win32.vcproj", "{40CCC1E2-6DF0-4AA6-BD4D-CCF7D323879F}"
EndProject
Project("{8BC9CEB8-8B4A-11D0-8D11-00A0C91BC942}") = "render_win32", "render_win32.vcproj", "{654D0C3A-5C3F-4251-AE00-2681040AFF02}"
	ProjectSection(ProjectDependencies) = postProject
		{EF6F113B-EACC-471F-95A2-ED30A545FCF0} = {EF6F113B-EACC-471F-95A2-ED30A545FCF0}
		{456B8E42-2F16-4C59-A256-7E79EC57A921} = {456B8E42-2F16-4C59-A256-7E79EC57A921}
		{F884C75E-0F4C-483E-B4A8-3AFA96CB14B1} = {F884C75E-0F4C-483E-B4A8-3AFA96CB14B1}
		{8DF4B071-0CD7-47AC-8240-E08E12A1E1F2} = {8DF4B071-0CD7-47AC-8240-E08E12A1E1F2}
		{425C6486-6A42-4443-A5C9-E1C92597EB9A} = {425C6486-6A42-4443-A5C9-E1C92597EB9A}
		{EC0A3ADC-401C-417B-98EF-D5464653EA10} = {EC0A3ADC-401C-417B-98EF-D5464653EA10}
	EndProjectSection
EndProject
Project("{8BC9CEB8-8B4A-11D0-8D11-00A0C91BC942}") = "tinyxml_win32", "tinyxml_win32.vcproj", "{133059DA-78A8-4A00-A043-611A873EE728}"
EndProject
Project("{8BC9CEB8-8B4A-11D0-8D11-00A0C91BC942}") = "zlib_win32", "zlib_win32.vcproj", "{F385B3F2-47C5-44F3-ABCA-E8A899ED8CE9}"
EndProject
Project("{8BC9CEB8-8B4A-11D0-8D11-00A0C91BC942}") = "toolkitutil_win32", "toolkitutil_win32.vcproj", "{9E27C1C2-259E-43B4-AAF3-67B1174237C4}"
EndProject
Project("{8BC9CEB8-8B4A-11D0-8D11-00A0C91BC942}") = "vibration_win32", "vibration_win32.vcproj", "{BB1DB709-6771-431D-910A-99CBD979FD02}"
EndProject
Project("{8BC9CEB8-8B4A-11D0-8D11-00A0C91BC942}") = "network_win32", "network_win32.vcproj", "{391E2CA8-1AAA-491F-9747-796D0EA4660E}"
	ProjectSection(ProjectDependencies) = postProject
		{133059DA-78A8-4A00-A043-611A873EE728} = {133059DA-78A8-4A00-A043-611A873EE728}
	EndProjectSection
EndProject
Project("{8BC9CEB8-8B4A-11D0-8D11-00A0C91BC942}") = "raknet_win32", "raknet_win32.vcproj", "{C09843C0-3EF8-4D9A-B55E-47C6EF4AFD90}"
EndProject
Project("{8BC9CEB8-8B4A-11D0-8D11-00A0C91BC942}") = "attr_win32", "attr_win32.vcproj", "{A34EE712-5F48-4B29-8453-1BCA60252738}"
EndProject
Project("{8BC9CEB8-8B4A-11D0-8D11-00A0C91BC942}") = "audio2_win32", "audio2_win32.vcproj", "{BB5FDE8D-B1AD-4746-AEAF-7B4E5B679FCB}"
EndProject
Project("{8BC9CEB8-8B4A-11D0-8D11-00A0C91BC942}") = "forest_win32", "forest_win32.vcproj", "{A849355B-BB09-4066-A3DC-7FBD82FED154}"
EndProject
Project("{8BC9CEB8-8B4A-11D0-8D11-00A0C91BC942}") = "render_particlejob_win32", "render_particlejob_win32.vcproj", "{EF6F113B-EACC-471F-95A2-ED30A545FCF0}"
EndProject
Project("{8BC9CEB8-8B4A-11D0-8D11-00A0C91BC942}") = "render_charevalskeletonjob_win32", "render_charevalskeletonjob_win32.vcproj", "{8DF4B071-0CD7-47AC-8240-E08E12A1E1F2}"
EndProject
Project("{8BC9CEB8-8B4A-11D0-8D11-00A0C91BC942}") = "render_animjobsample_win32", "render_animjobsample_win32.vcproj", "{F884C75E-0F4C-483E-B4A8-3AFA96CB14B1}"
EndProject
Project("{8BC9CEB8-8B4A-11D0-8D11-00A0C91BC942}") = "render_animjobsamplemix_win32", "render_animjobsamplemix_win32.vcproj", "{456B8E42-2F16-4C59-A256-7E79EC57A921}"
EndProject
Project("{8BC9CEB8-8B4A-11D0-8D11-00A0C91BC942}") = "render_visibilityquadtreejob_win32", "render_visibilityquadtreejob_win32.vcproj", "{EC0A3ADC-401C-417B-98EF-D5464653EA10}"
EndProject
Project("{8BC9CEB8-8B4A-11D0-8D11-00A0C91BC942}") = "render_visibilityboxsystemjob_win32", "render_visibilityboxsystemjob_win32.vcproj", "{425C6486-6A42-4443-A5C9-E1C92597EB9A}"
EndProject
Project("{8BC9CEB8-8B4A-11D0-8D11-00A0C91BC942}") = "jobstest_transform_win32", "jobstest_transform_win32.vcproj", "{201016A5-CB42-44EE-A542-D7EA51199B51}"
EndProject
Project("{8BC9CEB8-8B4A-11D0-8D11-00A0C91BC942}") = "jobstest_test_win32", "jobstest_test_win32.vcproj", "{CAE5E249-DD91-4C1E-A680-21B5E08C8B5B}"
EndProject
Project("{8BC9CEB8-8B4A-11D0-8D11-00A0C91BC942}") = "fmodtestsimple_win32", "fmodtestsimple_win32.vcproj", "{53EBE4CA-3F2D-4EA1-B4D0-A572242B0F98}"
	ProjectSection(ProjectDependencies) = postProject
		{BB1DB709-6771-431D-910A-99CBD979FD02} = {BB1DB709-6771-431D-910A-99CBD979FD02}
		{654D0C3A-5C3F-4251-AE00-2681040AFF02} = {654D0C3A-5C3F-4251-AE00-2681040AFF02}
		{BB5FDE8D-B1AD-4746-AEAF-7B4E5B679FCB} = {BB5FDE8D-B1AD-4746-AEAF-7B4E5B679FCB}
		{133059DA-78A8-4A00-A043-611A873EE728} = {133059DA-78A8-4A00-A043-611A873EE728}
		{40CCC1E2-6DF0-4AA6-BD4D-CCF7D323879F} = {40CCC1E2-6DF0-4AA6-BD4D-CCF7D323879F}
		{F385B3F2-47C5-44F3-ABCA-E8A899ED8CE9} = {F385B3F2-47C5-44F3-ABCA-E8A899ED8CE9}
	EndProjectSection
EndProject
Project("{8BC9CEB8-8B4A-11D0-8D11-00A0C91BC942}") = "fmodcoretest_win32", "fmodcoretest_win32.vcproj", "{D1B68D60-A205-421A-9EDB-9C72448F45EF}"
	ProjectSection(ProjectDependencies) = postProject
		{654D0C3A-5C3F-4251-AE00-2681040AFF02} = {654D0C3A-5C3F-4251-AE00-2681040AFF02}
		{BB5FDE8D-B1AD-4746-AEAF-7B4E5B679FCB} = {BB5FDE8D-B1AD-4746-AEAF-7B4E5B679FCB}
		{133059DA-78A8-4A00-A043-611A873EE728} = {133059DA-78A8-4A00-A043-611A873EE728}
		{40CCC1E2-6DF0-4AA6-BD4D-CCF7D323879F} = {40CCC1E2-6DF0-4AA6-BD4D-CCF7D323879F}
		{F385B3F2-47C5-44F3-ABCA-E8A899ED8CE9} = {F385B3F2-47C5-44F3-ABCA-E8A899ED8CE9}
	EndProjectSection
EndProject
Project("{8BC9CEB8-8B4A-11D0-8D11-00A0C91BC942}") = "fmodtest_win32", "fmodtest_win32.vcproj", "{14477258-F09A-4B72-842B-46D1604353BE}"
	ProjectSection(ProjectDependencies) = postProject
		{BB1DB709-6771-431D-910A-99CBD979FD02} = {BB1DB709-6771-431D-910A-99CBD979FD02}
		{654D0C3A-5C3F-4251-AE00-2681040AFF02} = {654D0C3A-5C3F-4251-AE00-2681040AFF02}
		{A91DE75A-176F-4B81-80B4-80A542EA1D66} = {A91DE75A-176F-4B81-80B4-80A542EA1D66}
		{BB5FDE8D-B1AD-4746-AEAF-7B4E5B679FCB} = {BB5FDE8D-B1AD-4746-AEAF-7B4E5B679FCB}
		{133059DA-78A8-4A00-A043-611A873EE728} = {133059DA-78A8-4A00-A043-611A873EE728}
		{40CCC1E2-6DF0-4AA6-BD4D-CCF7D323879F} = {40CCC1E2-6DF0-4AA6-BD4D-CCF7D323879F}
		{F385B3F2-47C5-44F3-ABCA-E8A899ED8CE9} = {F385B3F2-47C5-44F3-ABCA-E8A899ED8CE9}
	EndProjectSection
EndProject
Project("{8BC9CEB8-8B4A-11D0-8D11-00A0C91BC942}") = "testbase_win32", "testbase_win32.vcproj", "{A91DE75A-176F-4B81-80B4-80A542EA1D66}"
	ProjectSection(ProjectDependencies) = postProject
		{133059DA-78A8-4A00-A043-611A873EE728} = {133059DA-78A8-4A00-A043-611A873EE728}
		{40CCC1E2-6DF0-4AA6-BD4D-CCF7D323879F} = {40CCC1E2-6DF0-4AA6-BD4D-CCF7D323879F}
		{F385B3F2-47C5-44F3-ABCA-E8A899ED8CE9} = {F385B3F2-47C5-44F3-ABCA-E8A899ED8CE9}
	EndProjectSection
EndProject
Project("{8BC9CEB8-8B4A-11D0-8D11-00A0C91BC942}") = "testfoundation_win32", "testfoundation_win32.vcproj", "{89280679-C8D3-4D8B-991D-6C5E2F48AA8F}"
	ProjectSection(ProjectDependencies) = postProject
		{A91DE75A-176F-4B81-80B4-80A542EA1D66} = {A91DE75A-176F-4B81-80B4-80A542EA1D66}
		{133059DA-78A8-4A00-A043-611A873EE728} = {133059DA-78A8-4A00-A043-611A873EE728}
		{40CCC1E2-6DF0-4AA6-BD4D-CCF7D323879F} = {40CCC1E2-6DF0-4AA6-BD4D-CCF7D323879F}
		{F385B3F2-47C5-44F3-ABCA-E8A899ED8CE9} = {F385B3F2-47C5-44F3-ABCA-E8A899ED8CE9}
	EndProjectSection
EndProject
Project("{8BC9CEB8-8B4A-11D0-8D11-00A0C91BC942}") = "inputtest_win32", "inputtest_win32.vcproj", "{0F7E46F5-FC8D-4A9D-BA82-D27F56BE4048}"
	ProjectSection(ProjectDependencies) = postProject
		{654D0C3A-5C3F-4251-AE00-2681040AFF02} = {654D0C3A-5C3F-4251-AE00-2681040AFF02}
		{133059DA-78A8-4A00-A043-611A873EE728} = {133059DA-78A8-4A00-A043-611A873EE728}
		{40CCC1E2-6DF0-4AA6-BD4D-CCF7D323879F} = {40CCC1E2-6DF0-4AA6-BD4D-CCF7D323879F}
		{F385B3F2-47C5-44F3-ABCA-E8A899ED8CE9} = {F385B3F2-47C5-44F3-ABCA-E8A899ED8CE9}
	EndProjectSection
EndProject
Project("{8BC9CEB8-8B4A-11D0-8D11-00A0C91BC942}") = "testmath_win32", "testmath_win32.vcproj", "{474D2090-35BE-4818-99A9-AAC953FF7D4C}"
	ProjectSection(ProjectDependencies) = postProject
		{A91DE75A-176F-4B81-80B4-80A542EA1D66} = {A91DE75A-176F-4B81-80B4-80A542EA1D66}
		{40CCC1E2-6DF0-4AA6-BD4D-CCF7D323879F} = {40CCC1E2-6DF0-4AA6-BD4D-CCF7D323879F}
	EndProjectSection
EndProject
Project("{8BC9CEB8-8B4A-11D0-8D11-00A0C91BC942}") = "testtoolkit_win32", "testtoolkit_win32.vcproj", "{337E6E09-FDD3-45FE-AD56-9D259BE4841C}"
	ProjectSection(ProjectDependencies) = postProject
		{A91DE75A-176F-4B81-80B4-80A542EA1D66} = {A91DE75A-176F-4B81-80B4-80A542EA1D66}
		{9E27C1C2-259E-43B4-AAF3-67B1174237C4} = {9E27C1C2-259E-43B4-AAF3-67B1174237C4}
		{133059DA-78A8-4A00-A043-611A873EE728} = {133059DA-78A8-4A00-A043-611A873EE728}
		{40CCC1E2-6DF0-4AA6-BD4D-CCF7D323879F} = {40CCC1E2-6DF0-4AA6-BD4D-CCF7D323879F}
		{F385B3F2-47C5-44F3-ABCA-E8A899ED8CE9} = {F385B3F2-47C5-44F3-ABCA-E8A899ED8CE9}
	EndProjectSection
EndProject
Project("{8BC9CEB8-8B4A-11D0-8D11-00A0C91BC942}") = "stresstestvieweropenclose_win32", "stresstestvieweropenclose_win32.vcproj", "{DAD7841E-8AB6-4978-9A39-BE4F5C1D6001}"
	ProjectSection(ProjectDependencies) = postProject
		{BB1DB709-6771-431D-910A-99CBD979FD02} = {BB1DB709-6771-431D-910A-99CBD979FD02}
		{654D0C3A-5C3F-4251-AE00-2681040AFF02} = {654D0C3A-5C3F-4251-AE00-2681040AFF02}
		{A91DE75A-176F-4B81-80B4-80A542EA1D66} = {A91DE75A-176F-4B81-80B4-80A542EA1D66}
		{133059DA-78A8-4A00-A043-611A873EE728} = {133059DA-78A8-4A00-A043-611A873EE728}
		{40CCC1E2-6DF0-4AA6-BD4D-CCF7D323879F} = {40CCC1E2-6DF0-4AA6-BD4D-CCF7D323879F}
		{F385B3F2-47C5-44F3-ABCA-E8A899ED8CE9} = {F385B3F2-47C5-44F3-ABCA-E8A899ED8CE9}
	EndProjectSection
EndProject
Project("{8BC9CEB8-8B4A-11D0-8D11-00A0C91BC942}") = "viewerstresstest_win32", "viewerstresstest_win32.vcproj", "{B03D4802-3CE7-4AD4-9871-A6E2ED65D740}"
	ProjectSection(ProjectDependencies) = postProject
		{BB1DB709-6771-431D-910A-99CBD979FD02} = {BB1DB709-6771-431D-910A-99CBD979FD02}
		{654D0C3A-5C3F-4251-AE00-2681040AFF02} = {654D0C3A-5C3F-4251-AE00-2681040AFF02}
		{A91DE75A-176F-4B81-80B4-80A542EA1D66} = {A91DE75A-176F-4B81-80B4-80A542EA1D66}
		{133059DA-78A8-4A00-A043-611A873EE728} = {133059DA-78A8-4A00-A043-611A873EE728}
		{40CCC1E2-6DF0-4AA6-BD4D-CCF7D323879F} = {40CCC1E2-6DF0-4AA6-BD4D-CCF7D323879F}
		{F385B3F2-47C5-44F3-ABCA-E8A899ED8CE9} = {F385B3F2-47C5-44F3-ABCA-E8A899ED8CE9}
	EndProjectSection
EndProject
Project("{8BC9CEB8-8B4A-11D0-8D11-00A0C91BC942}") = "zipstresstest_win32", "zipstresstest_win32.vcproj", "{78FDF7D7-9F18-4B53-BBEF-C9111DB6665E}"
	ProjectSection(ProjectDependencies) = postProject
		{133059DA-78A8-4A00-A043-611A873EE728} = {133059DA-78A8-4A00-A043-611A873EE728}
		{40CCC1E2-6DF0-4AA6-BD4D-CCF7D323879F} = {40CCC1E2-6DF0-4AA6-BD4D-CCF7D323879F}
		{F385B3F2-47C5-44F3-ABCA-E8A899ED8CE9} = {F385B3F2-47C5-44F3-ABCA-E8A899ED8CE9}
	EndProjectSection
EndProject
Project("{8BC9CEB8-8B4A-11D0-8D11-00A0C91BC942}") = "multiplayerconnectiontest_win32", "multiplayerconnectiontest_win32.vcproj", "{1B821AF4-B3C3-4BCD-A032-4083F8C27B0A}"
	ProjectSection(ProjectDependencies) = postProject
		{A91DE75A-176F-4B81-80B4-80A542EA1D66} = {A91DE75A-176F-4B81-80B4-80A542EA1D66}
		{391E2CA8-1AAA-491F-9747-796D0EA4660E} = {391E2CA8-1AAA-491F-9747-796D0EA4660E}
		{C09843C0-3EF8-4D9A-B55E-47C6EF4AFD90} = {C09843C0-3EF8-4D9A-B55E-47C6EF4AFD90}
		{133059DA-78A8-4A00-A043-611A873EE728} = {133059DA-78A8-4A00-A043-611A873EE728}
		{133059DA-78A8-4A00-A043-611A873EE728} = {133059DA-78A8-4A00-A043-611A873EE728}
		{40CCC1E2-6DF0-4AA6-BD4D-CCF7D323879F} = {40CCC1E2-6DF0-4AA6-BD4D-CCF7D323879F}
		{F385B3F2-47C5-44F3-ABCA-E8A899ED8CE9} = {F385B3F2-47C5-44F3-ABCA-E8A899ED8CE9}
	EndProjectSection
EndProject
Project("{8BC9CEB8-8B4A-11D0-8D11-00A0C91BC942}") = "jobstest_win32", "jobstest_win32.vcproj", "{4D2FAC38-95F6-4D74-A915-6B616345ECBD}"
	ProjectSection(ProjectDependencies) = postProject
		{654D0C3A-5C3F-4251-AE00-2681040AFF02} = {654D0C3A-5C3F-4251-AE00-2681040AFF02}
		{EF6F113B-EACC-471F-95A2-ED30A545FCF0} = {EF6F113B-EACC-471F-95A2-ED30A545FCF0}
		{133059DA-78A8-4A00-A043-611A873EE728} = {133059DA-78A8-4A00-A043-611A873EE728}
		{40CCC1E2-6DF0-4AA6-BD4D-CCF7D323879F} = {40CCC1E2-6DF0-4AA6-BD4D-CCF7D323879F}
		{F385B3F2-47C5-44F3-ABCA-E8A899ED8CE9} = {F385B3F2-47C5-44F3-ABCA-E8A899ED8CE9}
	EndProjectSection
EndProject
Project("{8BC9CEB8-8B4A-11D0-8D11-00A0C91BC942}") = "ziptest_win32", "ziptest_win32.vcproj", "{68FB95B5-EA21-448C-9C46-1ABE9E6117A0}"
	ProjectSection(ProjectDependencies) = postProject
		{133059DA-78A8-4A00-A043-611A873EE728} = {133059DA-78A8-4A00-A043-611A873EE728}
		{40CCC1E2-6DF0-4AA6-BD4D-CCF7D323879F} = {40CCC1E2-6DF0-4AA6-BD4D-CCF7D323879F}
		{F385B3F2-47C5-44F3-ABCA-E8A899ED8CE9} = {F385B3F2-47C5-44F3-ABCA-E8A899ED8CE9}
	EndProjectSection
EndProject
Project("{8BC9CEB8-8B4A-11D0-8D11-00A0C91BC942}") = "forestviewer", "forestviewer.vcproj", "{DA1F763C-01D7-4B41-AA0F-085A84C8BF2A}"
	ProjectSection(ProjectDependencies) = postProject
		{BB1DB709-6771-431D-910A-99CBD979FD02} = {BB1DB709-6771-431D-910A-99CBD979FD02}
		{654D0C3A-5C3F-4251-AE00-2681040AFF02} = {654D0C3A-5C3F-4251-AE00-2681040AFF02}
		{EF6F113B-EACC-471F-95A2-ED30A545FCF0} = {EF6F113B-EACC-471F-95A2-ED30A545FCF0}
		{456B8E42-2F16-4C59-A256-7E79EC57A921} = {456B8E42-2F16-4C59-A256-7E79EC57A921}
		{A849355B-BB09-4066-A3DC-7FBD82FED154} = {A849355B-BB09-4066-A3DC-7FBD82FED154}
		{F884C75E-0F4C-483E-B4A8-3AFA96CB14B1} = {F884C75E-0F4C-483E-B4A8-3AFA96CB14B1}
		{8DF4B071-0CD7-47AC-8240-E08E12A1E1F2} = {8DF4B071-0CD7-47AC-8240-E08E12A1E1F2}
		{937FA7B7-AFEE-404C-9D6E-55DF41689D6C} = {937FA7B7-AFEE-404C-9D6E-55DF41689D6C}
		{133059DA-78A8-4A00-A043-611A873EE728} = {133059DA-78A8-4A00-A043-611A873EE728}
		{40CCC1E2-6DF0-4AA6-BD4D-CCF7D323879F} = {40CCC1E2-6DF0-4AA6-BD4D-CCF7D323879F}
		{F385B3F2-47C5-44F3-ABCA-E8A899ED8CE9} = {F385B3F2-47C5-44F3-ABCA-E8A899ED8CE9}
	EndProjectSection
EndProject
Project("{8BC9CEB8-8B4A-11D0-8D11-00A0C91BC942}") = "texturestreamingtest_win32", "texturestreamingtest_win32.vcproj", "{D49C77D1-96B4-42A5-87BE-B4F928AB5D9D}"
	ProjectSection(ProjectDependencies) = postProject
		{BB1DB709-6771-431D-910A-99CBD979FD02} = {BB1DB709-6771-431D-910A-99CBD979FD02}
		{654D0C3A-5C3F-4251-AE00-2681040AFF02} = {654D0C3A-5C3F-4251-AE00-2681040AFF02}
		{EF6F113B-EACC-471F-95A2-ED30A545FCF0} = {EF6F113B-EACC-471F-95A2-ED30A545FCF0}
		{456B8E42-2F16-4C59-A256-7E79EC57A921} = {456B8E42-2F16-4C59-A256-7E79EC57A921}
		{F884C75E-0F4C-483E-B4A8-3AFA96CB14B1} = {F884C75E-0F4C-483E-B4A8-3AFA96CB14B1}
		{8DF4B071-0CD7-47AC-8240-E08E12A1E1F2} = {8DF4B071-0CD7-47AC-8240-E08E12A1E1F2}
		{937FA7B7-AFEE-404C-9D6E-55DF41689D6C} = {937FA7B7-AFEE-404C-9D6E-55DF41689D6C}
		{9E27C1C2-259E-43B4-AAF3-67B1174237C4} = {9E27C1C2-259E-43B4-AAF3-67B1174237C4}
		{133059DA-78A8-4A00-A043-611A873EE728} = {133059DA-78A8-4A00-A043-611A873EE728}
		{40CCC1E2-6DF0-4AA6-BD4D-CCF7D323879F} = {40CCC1E2-6DF0-4AA6-BD4D-CCF7D323879F}
		{F385B3F2-47C5-44F3-ABCA-E8A899ED8CE9} = {F385B3F2-47C5-44F3-ABCA-E8A899ED8CE9}
	EndProjectSection
EndProject
Project("{8BC9CEB8-8B4A-11D0-8D11-00A0C91BC942}") = "framecapture_win32", "framecapture_win32.vcproj", "{937FA7B7-AFEE-404C-9D6E-55DF41689D6C}"
EndProject
Project("{8BC9CEB8-8B4A-11D0-8D11-00A0C91BC942}") = "testrender_win32", "testrender_win32.vcproj", "{25CB58D3-1C40-45EE-8508-57F8D4DDCC21}"
	ProjectSection(ProjectDependencies) = postProject
		{A34EE712-5F48-4B29-8453-1BCA60252738} = {A34EE712-5F48-4B29-8453-1BCA60252738}
		{654D0C3A-5C3F-4251-AE00-2681040AFF02} = {654D0C3A-5C3F-4251-AE00-2681040AFF02}
		{456B8E42-2F16-4C59-A256-7E79EC57A921} = {456B8E42-2F16-4C59-A256-7E79EC57A921}
		{A91DE75A-176F-4B81-80B4-80A542EA1D66} = {A91DE75A-176F-4B81-80B4-80A542EA1D66}
		{F884C75E-0F4C-483E-B4A8-3AFA96CB14B1} = {F884C75E-0F4C-483E-B4A8-3AFA96CB14B1}
		{8DF4B071-0CD7-47AC-8240-E08E12A1E1F2} = {8DF4B071-0CD7-47AC-8240-E08E12A1E1F2}
		{133059DA-78A8-4A00-A043-611A873EE728} = {133059DA-78A8-4A00-A043-611A873EE728}
		{40CCC1E2-6DF0-4AA6-BD4D-CCF7D323879F} = {40CCC1E2-6DF0-4AA6-BD4D-CCF7D323879F}
		{F385B3F2-47C5-44F3-ABCA-E8A899ED8CE9} = {F385B3F2-47C5-44F3-ABCA-E8A899ED8CE9}
	EndProjectSection
EndProject
Project("{8BC9CEB8-8B4A-11D0-8D11-00A0C91BC942}") = "testclient", "testclient.vcproj", "{5B82E858-0082-4B22-B488-D48F37F31A31}"
	ProjectSection(ProjectDependencies) = postProject
		{133059DA-78A8-4A00-A043-611A873EE728} = {133059DA-78A8-4A00-A043-611A873EE728}
		{40CCC1E2-6DF0-4AA6-BD4D-CCF7D323879F} = {40CCC1E2-6DF0-4AA6-BD4D-CCF7D323879F}
		{F385B3F2-47C5-44F3-ABCA-E8A899ED8CE9} = {F385B3F2-47C5-44F3-ABCA-E8A899ED8CE9}
	EndProjectSection
EndProject
Project("{8BC9CEB8-8B4A-11D0-8D11-00A0C91BC942}") = "testgame", "testgame.vcproj", "{8E51849C-AAC3-4880-A4AB-E744C3FC249D}"
	ProjectSection(ProjectDependencies) = postProject
		{BB1DB709-6771-431D-910A-99CBD979FD02} = {BB1DB709-6771-431D-910A-99CBD979FD02}
		{A34EE712-5F48-4B29-8453-1BCA60252738} = {A34EE712-5F48-4B29-8453-1BCA60252738}
		{654D0C3A-5C3F-4251-AE00-2681040AFF02} = {654D0C3A-5C3F-4251-AE00-2681040AFF02}
		{456B8E42-2F16-4C59-A256-7E79EC57A921} = {456B8E42-2F16-4C59-A256-7E79EC57A921}
		{C22BEE45-049A-4C56-BC9F-025150B98EBD} = {C22BEE45-049A-4C56-BC9F-025150B98EBD}
		{E190BF4D-F181-4956-94A3-39E6F6C5572E} = {E190BF4D-F181-4956-94A3-39E6F6C5572E}
		{7B594F56-B4C2-41CD-8483-AF667D4CBE32} = {7B594F56-B4C2-41CD-8483-AF667D4CBE32}
		{F884C75E-0F4C-483E-B4A8-3AFA96CB14B1} = {F884C75E-0F4C-483E-B4A8-3AFA96CB14B1}
		{8DF4B071-0CD7-47AC-8240-E08E12A1E1F2} = {8DF4B071-0CD7-47AC-8240-E08E12A1E1F2}
		{BB5FDE8D-B1AD-4746-AEAF-7B4E5B679FCB} = {BB5FDE8D-B1AD-4746-AEAF-7B4E5B679FCB}
		{5F7C0594-4D20-4B2A-B4C2-6AFE912C9E5F} = {5F7C0594-4D20-4B2A-B4C2-6AFE912C9E5F}
		{2F4943AE-3A90-47A6-84B3-7198E2481491} = {2F4943AE-3A90-47A6-84B3-7198E2481491}
		{175070B1-DB07-48CE-B4FF-5FBEE2C6F6EA} = {175070B1-DB07-48CE-B4FF-5FBEE2C6F6EA}
		{55B6D4B5-DCDA-4AB7-B731-0B7AEEA99691} = {55B6D4B5-DCDA-4AB7-B731-0B7AEEA99691}
		{6638A9D3-3885-4FD1-AE43-27A1FAC306C5} = {6638A9D3-3885-4FD1-AE43-27A1FAC306C5}
		{133059DA-78A8-4A00-A043-611A873EE728} = {133059DA-78A8-4A00-A043-611A873EE728}
		{A6CD24E1-E895-4A1C-81D5-451E7FB2305B} = {A6CD24E1-E895-4A1C-81D5-451E7FB2305B}
		{F385B3F2-47C5-44F3-ABCA-E8A899ED8CE9} = {F385B3F2-47C5-44F3-ABCA-E8A899ED8CE9}
	EndProjectSection
EndProject
Project("{8BC9CEB8-8B4A-11D0-8D11-00A0C91BC942}") = "testhttpviewer", "testhttpviewer.vcproj", "{5A30D03B-CBE2-42B8-8180-30B8B7F2B72A}"
	ProjectSection(ProjectDependencies) = postProject
		{654D0C3A-5C3F-4251-AE00-2681040AFF02} = {654D0C3A-5C3F-4251-AE00-2681040AFF02}
		{8DF4B071-0CD7-47AC-8240-E08E12A1E1F2} = {8DF4B071-0CD7-47AC-8240-E08E12A1E1F2}
		{425C6486-6A42-4443-A5C9-E1C92597EB9A} = {425C6486-6A42-4443-A5C9-E1C92597EB9A}
		{133059DA-78A8-4A00-A043-611A873EE728} = {133059DA-78A8-4A00-A043-611A873EE728}
		{EC0A3ADC-401C-417B-98EF-D5464653EA10} = {EC0A3ADC-401C-417B-98EF-D5464653EA10}
		{40CCC1E2-6DF0-4AA6-BD4D-CCF7D323879F} = {40CCC1E2-6DF0-4AA6-BD4D-CCF7D323879F}
		{F385B3F2-47C5-44F3-ABCA-E8A899ED8CE9} = {F385B3F2-47C5-44F3-ABCA-E8A899ED8CE9}
	EndProjectSection
EndProject
Project("{8BC9CEB8-8B4A-11D0-8D11-00A0C91BC942}") = "testnetworkgame", "testnetworkgame.vcproj", "{191891AE-C6A4-41E8-910E-565BB5000D04}"
	ProjectSection(ProjectDependencies) = postProject
		{BB1DB709-6771-431D-910A-99CBD979FD02} = {BB1DB709-6771-431D-910A-99CBD979FD02}
		{A34EE712-5F48-4B29-8453-1BCA60252738} = {A34EE712-5F48-4B29-8453-1BCA60252738}
		{654D0C3A-5C3F-4251-AE00-2681040AFF02} = {654D0C3A-5C3F-4251-AE00-2681040AFF02}
		{C22BEE45-049A-4C56-BC9F-025150B98EBD} = {C22BEE45-049A-4C56-BC9F-025150B98EBD}
		{E190BF4D-F181-4956-94A3-39E6F6C5572E} = {E190BF4D-F181-4956-94A3-39E6F6C5572E}
		{7B594F56-B4C2-41CD-8483-AF667D4CBE32} = {7B594F56-B4C2-41CD-8483-AF667D4CBE32}
		{BB5FDE8D-B1AD-4746-AEAF-7B4E5B679FCB} = {BB5FDE8D-B1AD-4746-AEAF-7B4E5B679FCB}
		{5F7C0594-4D20-4B2A-B4C2-6AFE912C9E5F} = {5F7C0594-4D20-4B2A-B4C2-6AFE912C9E5F}
		{391E2CA8-1AAA-491F-9747-796D0EA4660E} = {391E2CA8-1AAA-491F-9747-796D0EA4660E}
		{2F4943AE-3A90-47A6-84B3-7198E2481491} = {2F4943AE-3A90-47A6-84B3-7198E2481491}
		{175070B1-DB07-48CE-B4FF-5FBEE2C6F6EA} = {175070B1-DB07-48CE-B4FF-5FBEE2C6F6EA}
		{55B6D4B5-DCDA-4AB7-B731-0B7AEEA99691} = {55B6D4B5-DCDA-4AB7-B731-0B7AEEA99691}
		{C09843C0-3EF8-4D9A-B55E-47C6EF4AFD90} = {C09843C0-3EF8-4D9A-B55E-47C6EF4AFD90}
		{6638A9D3-3885-4FD1-AE43-27A1FAC306C5} = {6638A9D3-3885-4FD1-AE43-27A1FAC306C5}
		{133059DA-78A8-4A00-A043-611A873EE728} = {133059DA-78A8-4A00-A043-611A873EE728}
		{A6CD24E1-E895-4A1C-81D5-451E7FB2305B} = {A6CD24E1-E895-4A1C-81D5-451E7FB2305B}
		{40CCC1E2-6DF0-4AA6-BD4D-CCF7D323879F} = {40CCC1E2-6DF0-4AA6-BD4D-CCF7D323879F}
		{F385B3F2-47C5-44F3-ABCA-E8A899ED8CE9} = {F385B3F2-47C5-44F3-ABCA-E8A899ED8CE9}
	EndProjectSection
EndProject
Project("{8BC9CEB8-8B4A-11D0-8D11-00A0C91BC942}") = "testserver", "testserver.vcproj", "{9FD90458-A8B0-487C-A8C2-4EC717462A95}"
	ProjectSection(ProjectDependencies) = postProject
		{133059DA-78A8-4A00-A043-611A873EE728} = {133059DA-78A8-4A00-A043-611A873EE728}
		{40CCC1E2-6DF0-4AA6-BD4D-CCF7D323879F} = {40CCC1E2-6DF0-4AA6-BD4D-CCF7D323879F}
		{F385B3F2-47C5-44F3-ABCA-E8A899ED8CE9} = {F385B3F2-47C5-44F3-ABCA-E8A899ED8CE9}
	EndProjectSection
EndProject
Project("{8BC9CEB8-8B4A-11D0-8D11-00A0C91BC942}") = "testviewer", "testviewer.vcproj", "{66B5D938-4F83-4645-B685-AAC19BAE5FE6}"
	ProjectSection(ProjectDependencies) = postProject
		{BB1DB709-6771-431D-910A-99CBD979FD02} = {BB1DB709-6771-431D-910A-99CBD979FD02}
		{654D0C3A-5C3F-4251-AE00-2681040AFF02} = {654D0C3A-5C3F-4251-AE00-2681040AFF02}
		{EF6F113B-EACC-471F-95A2-ED30A545FCF0} = {EF6F113B-EACC-471F-95A2-ED30A545FCF0}
		{456B8E42-2F16-4C59-A256-7E79EC57A921} = {456B8E42-2F16-4C59-A256-7E79EC57A921}
		{F884C75E-0F4C-483E-B4A8-3AFA96CB14B1} = {F884C75E-0F4C-483E-B4A8-3AFA96CB14B1}
		{8DF4B071-0CD7-47AC-8240-E08E12A1E1F2} = {8DF4B071-0CD7-47AC-8240-E08E12A1E1F2}
		{425C6486-6A42-4443-A5C9-E1C92597EB9A} = {425C6486-6A42-4443-A5C9-E1C92597EB9A}
		{937FA7B7-AFEE-404C-9D6E-55DF41689D6C} = {937FA7B7-AFEE-404C-9D6E-55DF41689D6C}
		{133059DA-78A8-4A00-A043-611A873EE728} = {133059DA-78A8-4A00-A043-611A873EE728}
		{EC0A3ADC-401C-417B-98EF-D5464653EA10} = {EC0A3ADC-401C-417B-98EF-D5464653EA10}
		{40CCC1E2-6DF0-4AA6-BD4D-CCF7D323879F} = {40CCC1E2-6DF0-4AA6-BD4D-CCF7D323879F}
		{F385B3F2-47C5-44F3-ABCA-E8A899ED8CE9} = {F385B3F2-47C5-44F3-ABCA-E8A899ED8CE9}
	EndProjectSection
EndProject
Project("{8BC9CEB8-8B4A-11D0-8D11-00A0C91BC942}") = "application_win32", "application_win32.vcproj", "{55B6D4B5-DCDA-4AB7-B731-0B7AEEA99691}"
	ProjectSection(ProjectDependencies) = postProject
		{654D0C3A-5C3F-4251-AE00-2681040AFF02} = {654D0C3A-5C3F-4251-AE00-2681040AFF02}
		{40CCC1E2-6DF0-4AA6-BD4D-CCF7D323879F} = {40CCC1E2-6DF0-4AA6-BD4D-CCF7D323879F}
	EndProjectSection
EndProject
Project("{8BC9CEB8-8B4A-11D0-8D11-00A0C91BC942}") = "db_win32", "db_win32.vcproj", "{C22BEE45-049A-4C56-BC9F-025150B98EBD}"
EndProject
Project("{8BC9CEB8-8B4A-11D0-8D11-00A0C91BC942}") = "remote_win32", "remote_win32.vcproj", "{175070B1-DB07-48CE-B4FF-5FBEE2C6F6EA}"
EndProject
Project("{8BC9CEB8-8B4A-11D0-8D11-00A0C91BC942}") = "physics_win32", "physics_win32.vcproj", "{7B594F56-B4C2-41CD-8483-AF667D4CBE32}"
EndProject
Project("{8BC9CEB8-8B4A-11D0-8D11-00A0C91BC942}") = "posteffect_win32", "posteffect_win32.vcproj", "{A6CD24E1-E895-4A1C-81D5-451E7FB2305B}"
EndProject
Project("{8BC9CEB8-8B4A-11D0-8D11-00A0C91BC942}") = "sqlite_win32", "sqlite_win32.vcproj", "{5F7C0594-4D20-4B2A-B4C2-6AFE912C9E5F}"
EndProject
Project("{8BC9CEB8-8B4A-11D0-8D11-00A0C91BC942}") = "ode_win32", "ode_win32.vcproj", "{E190BF4D-F181-4956-94A3-39E6F6C5572E}"
EndProject
Project("{8BC9CEB8-8B4A-11D0-8D11-00A0C91BC942}") = "opcode_win32", "opcode_win32.vcproj", "{2F4943AE-3A90-47A6-84B3-7198E2481491}"
EndProject
Project("{8BC9CEB8-8B4A-11D0-8D11-00A0C91BC942}") = "gimpact_win32", "gimpact_win32.vcproj", "{6638A9D3-3885-4FD1-AE43-27A1FAC306C5}"
EndProject
Global
	GlobalSection(SolutionConfigurationPlatforms) = preSolution
		Debug|Win32 = Debug|Win32
		Maya_Debug|Win32 = Maya_Debug|Win32
		Maya_Release|Win32 = Maya_Release|Win32
		Programming|Win32 = Programming|Win32
		Public_Build|Win32 = Public_Build|Win32
		Release|Win32 = Release|Win32
		Securom|Win32 = Securom|Win32
	EndGlobalSection
	GlobalSection(ProjectConfigurationPlatforms) = postSolution
		{40CCC1E2-6DF0-4AA6-BD4D-CCF7D323879F}.Debug|Win32.ActiveCfg = Debug|Win32
		{40CCC1E2-6DF0-4AA6-BD4D-CCF7D323879F}.Debug|Win32.Build.0 = Debug|Win32
		{40CCC1E2-6DF0-4AA6-BD4D-CCF7D323879F}.Maya_Debug|Win32.ActiveCfg = Maya_Debug|Win32
		{40CCC1E2-6DF0-4AA6-BD4D-CCF7D323879F}.Maya_Debug|Win32.Build.0 = Maya_Debug|Win32
		{40CCC1E2-6DF0-4AA6-BD4D-CCF7D323879F}.Maya_Release|Win32.ActiveCfg = Maya_Release|Win32
		{40CCC1E2-6DF0-4AA6-BD4D-CCF7D323879F}.Maya_Release|Win32.Build.0 = Maya_Release|Win32
		{40CCC1E2-6DF0-4AA6-BD4D-CCF7D323879F}.Programming|Win32.ActiveCfg = Programming|Win32
		{40CCC1E2-6DF0-4AA6-BD4D-CCF7D323879F}.Programming|Win32.Build.0 = Programming|Win32
		{40CCC1E2-6DF0-4AA6-BD4D-CCF7D323879F}.Public_Build|Win32.ActiveCfg = Public_Build|Win32
		{40CCC1E2-6DF0-4AA6-BD4D-CCF7D323879F}.Public_Build|Win32.Build.0 = Public_Build|Win32
		{40CCC1E2-6DF0-4AA6-BD4D-CCF7D323879F}.Release|Win32.ActiveCfg = Release|Win32
		{40CCC1E2-6DF0-4AA6-BD4D-CCF7D323879F}.Release|Win32.Build.0 = Release|Win32
		{40CCC1E2-6DF0-4AA6-BD4D-CCF7D323879F}.Securom|Win32.ActiveCfg = Securom|Win32
		{40CCC1E2-6DF0-4AA6-BD4D-CCF7D323879F}.Securom|Win32.Build.0 = Securom|Win32
		{654D0C3A-5C3F-4251-AE00-2681040AFF02}.Debug|Win32.ActiveCfg = Debug|Win32
		{654D0C3A-5C3F-4251-AE00-2681040AFF02}.Debug|Win32.Build.0 = Debug|Win32
		{654D0C3A-5C3F-4251-AE00-2681040AFF02}.Maya_Debug|Win32.ActiveCfg = Maya_Debug|Win32
		{654D0C3A-5C3F-4251-AE00-2681040AFF02}.Maya_Debug|Win32.Build.0 = Maya_Debug|Win32
		{654D0C3A-5C3F-4251-AE00-2681040AFF02}.Maya_Release|Win32.ActiveCfg = Maya_Release|Win32
		{654D0C3A-5C3F-4251-AE00-2681040AFF02}.Maya_Release|Win32.Build.0 = Maya_Release|Win32
		{654D0C3A-5C3F-4251-AE00-2681040AFF02}.Programming|Win32.ActiveCfg = Programming|Win32
		{654D0C3A-5C3F-4251-AE00-2681040AFF02}.Programming|Win32.Build.0 = Programming|Win32
		{654D0C3A-5C3F-4251-AE00-2681040AFF02}.Public_Build|Win32.ActiveCfg = Public_Build|Win32
		{654D0C3A-5C3F-4251-AE00-2681040AFF02}.Public_Build|Win32.Build.0 = Public_Build|Win32
		{654D0C3A-5C3F-4251-AE00-2681040AFF02}.Release|Win32.ActiveCfg = Release|Win32
		{654D0C3A-5C3F-4251-AE00-2681040AFF02}.Release|Win32.Build.0 = Release|Win32
		{654D0C3A-5C3F-4251-AE00-2681040AFF02}.Securom|Win32.ActiveCfg = Securom|Win32
		{654D0C3A-5C3F-4251-AE00-2681040AFF02}.Securom|Win32.Build.0 = Securom|Win32
		{133059DA-78A8-4A00-A043-611A873EE728}.Debug|Win32.ActiveCfg = Debug|Win32
		{133059DA-78A8-4A00-A043-611A873EE728}.Debug|Win32.Build.0 = Debug|Win32
		{133059DA-78A8-4A00-A043-611A873EE728}.Maya_Debug|Win32.ActiveCfg = Maya_Debug|Win32
		{133059DA-78A8-4A00-A043-611A873EE728}.Maya_Debug|Win32.Build.0 = Maya_Debug|Win32
		{133059DA-78A8-4A00-A043-611A873EE728}.Maya_Release|Win32.ActiveCfg = Maya_Release|Win32
		{133059DA-78A8-4A00-A043-611A873EE728}.Maya_Release|Win32.Build.0 = Maya_Release|Win32
		{133059DA-78A8-4A00-A043-611A873EE728}.Programming|Win32.ActiveCfg = Programming|Win32
		{133059DA-78A8-4A00-A043-611A873EE728}.Programming|Win32.Build.0 = Programming|Win32
		{133059DA-78A8-4A00-A043-611A873EE728}.Public_Build|Win32.ActiveCfg = Public_Build|Win32
		{133059DA-78A8-4A00-A043-611A873EE728}.Public_Build|Win32.Build.0 = Public_Build|Win32
		{133059DA-78A8-4A00-A043-611A873EE728}.Release|Win32.ActiveCfg = Release|Win32
		{133059DA-78A8-4A00-A043-611A873EE728}.Release|Win32.Build.0 = Release|Win32
		{133059DA-78A8-4A00-A043-611A873EE728}.Securom|Win32.ActiveCfg = Securom|Win32
		{133059DA-78A8-4A00-A043-611A873EE728}.Securom|Win32.Build.0 = Securom|Win32
		{F385B3F2-47C5-44F3-ABCA-E8A899ED8CE9}.Debug|Win32.ActiveCfg = Debug|Win32
		{F385B3F2-47C5-44F3-ABCA-E8A899ED8CE9}.Debug|Win32.Build.0 = Debug|Win32
		{F385B3F2-47C5-44F3-ABCA-E8A899ED8CE9}.Maya_Debug|Win32.ActiveCfg = Maya_Debug|Win32
		{F385B3F2-47C5-44F3-ABCA-E8A899ED8CE9}.Maya_Debug|Win32.Build.0 = Maya_Debug|Win32
		{F385B3F2-47C5-44F3-ABCA-E8A899ED8CE9}.Maya_Release|Win32.ActiveCfg = Maya_Release|Win32
		{F385B3F2-47C5-44F3-ABCA-E8A899ED8CE9}.Maya_Release|Win32.Build.0 = Maya_Release|Win32
		{F385B3F2-47C5-44F3-ABCA-E8A899ED8CE9}.Programming|Win32.ActiveCfg = Programming|Win32
		{F385B3F2-47C5-44F3-ABCA-E8A899ED8CE9}.Programming|Win32.Build.0 = Programming|Win32
		{F385B3F2-47C5-44F3-ABCA-E8A899ED8CE9}.Public_Build|Win32.ActiveCfg = Public_Build|Win32
		{F385B3F2-47C5-44F3-ABCA-E8A899ED8CE9}.Public_Build|Win32.Build.0 = Public_Build|Win32
		{F385B3F2-47C5-44F3-ABCA-E8A899ED8CE9}.Release|Win32.ActiveCfg = Release|Win32
		{F385B3F2-47C5-44F3-ABCA-E8A899ED8CE9}.Release|Win32.Build.0 = Release|Win32
		{F385B3F2-47C5-44F3-ABCA-E8A899ED8CE9}.Securom|Win32.ActiveCfg = Securom|Win32
		{F385B3F2-47C5-44F3-ABCA-E8A899ED8CE9}.Securom|Win32.Build.0 = Securom|Win32
		{9E27C1C2-259E-43B4-AAF3-67B1174237C4}.Debug|Win32.ActiveCfg = Debug|Win32
		{9E27C1C2-259E-43B4-AAF3-67B1174237C4}.Debug|Win32.Build.0 = Debug|Win32
		{9E27C1C2-259E-43B4-AAF3-67B1174237C4}.Maya_Debug|Win32.ActiveCfg = Maya_Debug|Win32
		{9E27C1C2-259E-43B4-AAF3-67B1174237C4}.Maya_Debug|Win32.Build.0 = Maya_Debug|Win32
		{9E27C1C2-259E-43B4-AAF3-67B1174237C4}.Maya_Release|Win32.ActiveCfg = Maya_Release|Win32
		{9E27C1C2-259E-43B4-AAF3-67B1174237C4}.Maya_Release|Win32.Build.0 = Maya_Release|Win32
		{9E27C1C2-259E-43B4-AAF3-67B1174237C4}.Programming|Win32.ActiveCfg = Programming|Win32
		{9E27C1C2-259E-43B4-AAF3-67B1174237C4}.Programming|Win32.Build.0 = Programming|Win32
		{9E27C1C2-259E-43B4-AAF3-67B1174237C4}.Public_Build|Win32.ActiveCfg = Public_Build|Win32
		{9E27C1C2-259E-43B4-AAF3-67B1174237C4}.Public_Build|Win32.Build.0 = Public_Build|Win32
		{9E27C1C2-259E-43B4-AAF3-67B1174237C4}.Release|Win32.ActiveCfg = Release|Win32
		{9E27C1C2-259E-43B4-AAF3-67B1174237C4}.Release|Win32.Build.0 = Release|Win32
		{9E27C1C2-259E-43B4-AAF3-67B1174237C4}.Securom|Win32.ActiveCfg = Securom|Win32
		{9E27C1C2-259E-43B4-AAF3-67B1174237C4}.Securom|Win32.Build.0 = Securom|Win32
		{BB1DB709-6771-431D-910A-99CBD979FD02}.Debug|Win32.ActiveCfg = Debug|Win32
		{BB1DB709-6771-431D-910A-99CBD979FD02}.Debug|Win32.Build.0 = Debug|Win32
		{BB1DB709-6771-431D-910A-99CBD979FD02}.Maya_Debug|Win32.ActiveCfg = Maya_Debug|Win32
		{BB1DB709-6771-431D-910A-99CBD979FD02}.Maya_Debug|Win32.Build.0 = Maya_Debug|Win32
		{BB1DB709-6771-431D-910A-99CBD979FD02}.Maya_Release|Win32.ActiveCfg = Maya_Release|Win32
		{BB1DB709-6771-431D-910A-99CBD979FD02}.Maya_Release|Win32.Build.0 = Maya_Release|Win32
		{BB1DB709-6771-431D-910A-99CBD979FD02}.Programming|Win32.ActiveCfg = Programming|Win32
		{BB1DB709-6771-431D-910A-99CBD979FD02}.Programming|Win32.Build.0 = Programming|Win32
		{BB1DB709-6771-431D-910A-99CBD979FD02}.Public_Build|Win32.ActiveCfg = Public_Build|Win32
		{BB1DB709-6771-431D-910A-99CBD979FD02}.Public_Build|Win32.Build.0 = Public_Build|Win32
		{BB1DB709-6771-431D-910A-99CBD979FD02}.Release|Win32.ActiveCfg = Release|Win32
		{BB1DB709-6771-431D-910A-99CBD979FD02}.Release|Win32.Build.0 = Release|Win32
		{BB1DB709-6771-431D-910A-99CBD979FD02}.Securom|Win32.ActiveCfg = Securom|Win32
		{BB1DB709-6771-431D-910A-99CBD979FD02}.Securom|Win32.Build.0 = Securom|Win32
		{391E2CA8-1AAA-491F-9747-796D0EA4660E}.Debug|Win32.ActiveCfg = Debug|Win32
		{391E2CA8-1AAA-491F-9747-796D0EA4660E}.Debug|Win32.Build.0 = Debug|Win32
		{391E2CA8-1AAA-491F-9747-796D0EA4660E}.Maya_Debug|Win32.ActiveCfg = Maya_Debug|Win32
		{391E2CA8-1AAA-491F-9747-796D0EA4660E}.Maya_Debug|Win32.Build.0 = Maya_Debug|Win32
		{391E2CA8-1AAA-491F-9747-796D0EA4660E}.Maya_Release|Win32.ActiveCfg = Maya_Release|Win32
		{391E2CA8-1AAA-491F-9747-796D0EA4660E}.Maya_Release|Win32.Build.0 = Maya_Release|Win32
		{391E2CA8-1AAA-491F-9747-796D0EA4660E}.Programming|Win32.ActiveCfg = Programming|Win32
		{391E2CA8-1AAA-491F-9747-796D0EA4660E}.Programming|Win32.Build.0 = Programming|Win32
		{391E2CA8-1AAA-491F-9747-796D0EA4660E}.Public_Build|Win32.ActiveCfg = Public_Build|Win32
		{391E2CA8-1AAA-491F-9747-796D0EA4660E}.Public_Build|Win32.Build.0 = Public_Build|Win32
		{391E2CA8-1AAA-491F-9747-796D0EA4660E}.Release|Win32.ActiveCfg = Release|Win32
		{391E2CA8-1AAA-491F-9747-796D0EA4660E}.Release|Win32.Build.0 = Release|Win32
		{391E2CA8-1AAA-491F-9747-796D0EA4660E}.Securom|Win32.ActiveCfg = Securom|Win32
		{391E2CA8-1AAA-491F-9747-796D0EA4660E}.Securom|Win32.Build.0 = Securom|Win32
		{C09843C0-3EF8-4D9A-B55E-47C6EF4AFD90}.Debug|Win32.ActiveCfg = Debug|Win32
		{C09843C0-3EF8-4D9A-B55E-47C6EF4AFD90}.Debug|Win32.Build.0 = Debug|Win32
		{C09843C0-3EF8-4D9A-B55E-47C6EF4AFD90}.Maya_Debug|Win32.ActiveCfg = Maya_Debug|Win32
		{C09843C0-3EF8-4D9A-B55E-47C6EF4AFD90}.Maya_Debug|Win32.Build.0 = Maya_Debug|Win32
		{C09843C0-3EF8-4D9A-B55E-47C6EF4AFD90}.Maya_Release|Win32.ActiveCfg = Maya_Release|Win32
		{C09843C0-3EF8-4D9A-B55E-47C6EF4AFD90}.Maya_Release|Win32.Build.0 = Maya_Release|Win32
		{C09843C0-3EF8-4D9A-B55E-47C6EF4AFD90}.Programming|Win32.ActiveCfg = Programming|Win32
		{C09843C0-3EF8-4D9A-B55E-47C6EF4AFD90}.Programming|Win32.Build.0 = Programming|Win32
		{C09843C0-3EF8-4D9A-B55E-47C6EF4AFD90}.Public_Build|Win32.ActiveCfg = Public_Build|Win32
		{C09843C0-3EF8-4D9A-B55E-47C6EF4AFD90}.Public_Build|Win32.Build.0 = Public_Build|Win32
		{C09843C0-3EF8-4D9A-B55E-47C6EF4AFD90}.Release|Win32.ActiveCfg = Release|Win32
		{C09843C0-3EF8-4D9A-B55E-47C6EF4AFD90}.Release|Win32.Build.0 = Release|Win32
		{C09843C0-3EF8-4D9A-B55E-47C6EF4AFD90}.Securom|Win32.ActiveCfg = Securom|Win32
		{C09843C0-3EF8-4D9A-B55E-47C6EF4AFD90}.Securom|Win32.Build.0 = Securom|Win32
		{A34EE712-5F48-4B29-8453-1BCA60252738}.Debug|Win32.ActiveCfg = Debug|Win32
		{A34EE712-5F48-4B29-8453-1BCA60252738}.Debug|Win32.Build.0 = Debug|Win32
		{A34EE712-5F48-4B29-8453-1BCA60252738}.Maya_Debug|Win32.ActiveCfg = Maya_Debug|Win32
		{A34EE712-5F48-4B29-8453-1BCA60252738}.Maya_Debug|Win32.Build.0 = Maya_Debug|Win32
		{A34EE712-5F48-4B29-8453-1BCA60252738}.Maya_Release|Win32.ActiveCfg = Maya_Release|Win32
		{A34EE712-5F48-4B29-8453-1BCA60252738}.Maya_Release|Win32.Build.0 = Maya_Release|Win32
		{A34EE712-5F48-4B29-8453-1BCA60252738}.Programming|Win32.ActiveCfg = Programming|Win32
		{A34EE712-5F48-4B29-8453-1BCA60252738}.Programming|Win32.Build.0 = Programming|Win32
		{A34EE712-5F48-4B29-8453-1BCA60252738}.Public_Build|Win32.ActiveCfg = Public_Build|Win32
		{A34EE712-5F48-4B29-8453-1BCA60252738}.Public_Build|Win32.Build.0 = Public_Build|Win32
		{A34EE712-5F48-4B29-8453-1BCA60252738}.Release|Win32.ActiveCfg = Release|Win32
		{A34EE712-5F48-4B29-8453-1BCA60252738}.Release|Win32.Build.0 = Release|Win32
		{A34EE712-5F48-4B29-8453-1BCA60252738}.Securom|Win32.ActiveCfg = Securom|Win32
		{A34EE712-5F48-4B29-8453-1BCA60252738}.Securom|Win32.Build.0 = Securom|Win32
		{BB5FDE8D-B1AD-4746-AEAF-7B4E5B679FCB}.Debug|Win32.ActiveCfg = Debug|Win32
		{BB5FDE8D-B1AD-4746-AEAF-7B4E5B679FCB}.Debug|Win32.Build.0 = Debug|Win32
		{BB5FDE8D-B1AD-4746-AEAF-7B4E5B679FCB}.Maya_Debug|Win32.ActiveCfg = Maya_Debug|Win32
		{BB5FDE8D-B1AD-4746-AEAF-7B4E5B679FCB}.Maya_Debug|Win32.Build.0 = Maya_Debug|Win32
		{BB5FDE8D-B1AD-4746-AEAF-7B4E5B679FCB}.Maya_Release|Win32.ActiveCfg = Maya_Release|Win32
		{BB5FDE8D-B1AD-4746-AEAF-7B4E5B679FCB}.Maya_Release|Win32.Build.0 = Maya_Release|Win32
		{BB5FDE8D-B1AD-4746-AEAF-7B4E5B679FCB}.Programming|Win32.ActiveCfg = Programming|Win32
		{BB5FDE8D-B1AD-4746-AEAF-7B4E5B679FCB}.Programming|Win32.Build.0 = Programming|Win32
		{BB5FDE8D-B1AD-4746-AEAF-7B4E5B679FCB}.Public_Build|Win32.ActiveCfg = Public_Build|Win32
		{BB5FDE8D-B1AD-4746-AEAF-7B4E5B679FCB}.Public_Build|Win32.Build.0 = Public_Build|Win32
		{BB5FDE8D-B1AD-4746-AEAF-7B4E5B679FCB}.Release|Win32.ActiveCfg = Release|Win32
		{BB5FDE8D-B1AD-4746-AEAF-7B4E5B679FCB}.Release|Win32.Build.0 = Release|Win32
		{BB5FDE8D-B1AD-4746-AEAF-7B4E5B679FCB}.Securom|Win32.ActiveCfg = Securom|Win32
		{BB5FDE8D-B1AD-4746-AEAF-7B4E5B679FCB}.Securom|Win32.Build.0 = Securom|Win32
		{A849355B-BB09-4066-A3DC-7FBD82FED154}.Debug|Win32.ActiveCfg = Debug|Win32
		{A849355B-BB09-4066-A3DC-7FBD82FED154}.Debug|Win32.Build.0 = Debug|Win32
		{A849355B-BB09-4066-A3DC-7FBD82FED154}.Maya_Debug|Win32.ActiveCfg = Maya_Debug|Win32
		{A849355B-BB09-4066-A3DC-7FBD82FED154}.Maya_Debug|Win32.Build.0 = Maya_Debug|Win32
		{A849355B-BB09-4066-A3DC-7FBD82FED154}.Maya_Release|Win32.ActiveCfg = Maya_Release|Win32
		{A849355B-BB09-4066-A3DC-7FBD82FED154}.Maya_Release|Win32.Build.0 = Maya_Release|Win32
		{A849355B-BB09-4066-A3DC-7FBD82FED154}.Programming|Win32.ActiveCfg = Programming|Win32
		{A849355B-BB09-4066-A3DC-7FBD82FED154}.Programming|Win32.Build.0 = Programming|Win32
		{A849355B-BB09-4066-A3DC-7FBD82FED154}.Public_Build|Win32.ActiveCfg = Public_Build|Win32
		{A849355B-BB09-4066-A3DC-7FBD82FED154}.Public_Build|Win32.Build.0 = Public_Build|Win32
		{A849355B-BB09-4066-A3DC-7FBD82FED154}.Release|Win32.ActiveCfg = Release|Win32
		{A849355B-BB09-4066-A3DC-7FBD82FED154}.Release|Win32.Build.0 = Release|Win32
		{A849355B-BB09-4066-A3DC-7FBD82FED154}.Securom|Win32.ActiveCfg = Securom|Win32
		{A849355B-BB09-4066-A3DC-7FBD82FED154}.Securom|Win32.Build.0 = Securom|Win32
		{EF6F113B-EACC-471F-95A2-ED30A545FCF0}.Debug|Win32.ActiveCfg = Debug|Win32
		{EF6F113B-EACC-471F-95A2-ED30A545FCF0}.Debug|Win32.Build.0 = Debug|Win32
		{EF6F113B-EACC-471F-95A2-ED30A545FCF0}.Maya_Debug|Win32.ActiveCfg = Maya_Debug|Win32
		{EF6F113B-EACC-471F-95A2-ED30A545FCF0}.Maya_Debug|Win32.Build.0 = Maya_Debug|Win32
		{EF6F113B-EACC-471F-95A2-ED30A545FCF0}.Maya_Release|Win32.ActiveCfg = Maya_Release|Win32
		{EF6F113B-EACC-471F-95A2-ED30A545FCF0}.Maya_Release|Win32.Build.0 = Maya_Release|Win32
		{EF6F113B-EACC-471F-95A2-ED30A545FCF0}.Programming|Win32.ActiveCfg = Programming|Win32
		{EF6F113B-EACC-471F-95A2-ED30A545FCF0}.Programming|Win32.Build.0 = Programming|Win32
		{EF6F113B-EACC-471F-95A2-ED30A545FCF0}.Public_Build|Win32.ActiveCfg = Public_Build|Win32
		{EF6F113B-EACC-471F-95A2-ED30A545FCF0}.Public_Build|Win32.Build.0 = Public_Build|Win32
		{EF6F113B-EACC-471F-95A2-ED30A545FCF0}.Release|Win32.ActiveCfg = Release|Win32
		{EF6F113B-EACC-471F-95A2-ED30A545FCF0}.Release|Win32.Build.0 = Release|Win32
		{EF6F113B-EACC-471F-95A2-ED30A545FCF0}.Securom|Win32.ActiveCfg = Securom|Win32
		{EF6F113B-EACC-471F-95A2-ED30A545FCF0}.Securom|Win32.Build.0 = Securom|Win32
		{8DF4B071-0CD7-47AC-8240-E08E12A1E1F2}.Debug|Win32.ActiveCfg = Debug|Win32
		{8DF4B071-0CD7-47AC-8240-E08E12A1E1F2}.Debug|Win32.Build.0 = Debug|Win32
		{8DF4B071-0CD7-47AC-8240-E08E12A1E1F2}.Maya_Debug|Win32.ActiveCfg = Maya_Debug|Win32
		{8DF4B071-0CD7-47AC-8240-E08E12A1E1F2}.Maya_Debug|Win32.Build.0 = Maya_Debug|Win32
		{8DF4B071-0CD7-47AC-8240-E08E12A1E1F2}.Maya_Release|Win32.ActiveCfg = Maya_Release|Win32
		{8DF4B071-0CD7-47AC-8240-E08E12A1E1F2}.Maya_Release|Win32.Build.0 = Maya_Release|Win32
		{8DF4B071-0CD7-47AC-8240-E08E12A1E1F2}.Programming|Win32.ActiveCfg = Programming|Win32
		{8DF4B071-0CD7-47AC-8240-E08E12A1E1F2}.Programming|Win32.Build.0 = Programming|Win32
		{8DF4B071-0CD7-47AC-8240-E08E12A1E1F2}.Public_Build|Win32.ActiveCfg = Public_Build|Win32
		{8DF4B071-0CD7-47AC-8240-E08E12A1E1F2}.Public_Build|Win32.Build.0 = Public_Build|Win32
		{8DF4B071-0CD7-47AC-8240-E08E12A1E1F2}.Release|Win32.ActiveCfg = Release|Win32
		{8DF4B071-0CD7-47AC-8240-E08E12A1E1F2}.Release|Win32.Build.0 = Release|Win32
		{8DF4B071-0CD7-47AC-8240-E08E12A1E1F2}.Securom|Win32.ActiveCfg = Securom|Win32
		{8DF4B071-0CD7-47AC-8240-E08E12A1E1F2}.Securom|Win32.Build.0 = Securom|Win32
		{F884C75E-0F4C-483E-B4A8-3AFA96CB14B1}.Debug|Win32.ActiveCfg = Debug|Win32
		{F884C75E-0F4C-483E-B4A8-3AFA96CB14B1}.Debug|Win32.Build.0 = Debug|Win32
		{F884C75E-0F4C-483E-B4A8-3AFA96CB14B1}.Maya_Debug|Win32.ActiveCfg = Maya_Debug|Win32
		{F884C75E-0F4C-483E-B4A8-3AFA96CB14B1}.Maya_Debug|Win32.Build.0 = Maya_Debug|Win32
		{F884C75E-0F4C-483E-B4A8-3AFA96CB14B1}.Maya_Release|Win32.ActiveCfg = Maya_Release|Win32
		{F884C75E-0F4C-483E-B4A8-3AFA96CB14B1}.Maya_Release|Win32.Build.0 = Maya_Release|Win32
		{F884C75E-0F4C-483E-B4A8-3AFA96CB14B1}.Programming|Win32.ActiveCfg = Programming|Win32
		{F884C75E-0F4C-483E-B4A8-3AFA96CB14B1}.Programming|Win32.Build.0 = Programming|Win32
		{F884C75E-0F4C-483E-B4A8-3AFA96CB14B1}.Public_Build|Win32.ActiveCfg = Public_Build|Win32
		{F884C75E-0F4C-483E-B4A8-3AFA96CB14B1}.Public_Build|Win32.Build.0 = Public_Build|Win32
		{F884C75E-0F4C-483E-B4A8-3AFA96CB14B1}.Release|Win32.ActiveCfg = Release|Win32
		{F884C75E-0F4C-483E-B4A8-3AFA96CB14B1}.Release|Win32.Build.0 = Release|Win32
		{F884C75E-0F4C-483E-B4A8-3AFA96CB14B1}.Securom|Win32.ActiveCfg = Securom|Win32
		{F884C75E-0F4C-483E-B4A8-3AFA96CB14B1}.Securom|Win32.Build.0 = Securom|Win32
		{456B8E42-2F16-4C59-A256-7E79EC57A921}.Debug|Win32.ActiveCfg = Debug|Win32
		{456B8E42-2F16-4C59-A256-7E79EC57A921}.Debug|Win32.Build.0 = Debug|Win32
		{456B8E42-2F16-4C59-A256-7E79EC57A921}.Maya_Debug|Win32.ActiveCfg = Maya_Debug|Win32
		{456B8E42-2F16-4C59-A256-7E79EC57A921}.Maya_Debug|Win32.Build.0 = Maya_Debug|Win32
		{456B8E42-2F16-4C59-A256-7E79EC57A921}.Maya_Release|Win32.ActiveCfg = Maya_Release|Win32
		{456B8E42-2F16-4C59-A256-7E79EC57A921}.Maya_Release|Win32.Build.0 = Maya_Release|Win32
		{456B8E42-2F16-4C59-A256-7E79EC57A921}.Programming|Win32.ActiveCfg = Programming|Win32
		{456B8E42-2F16-4C59-A256-7E79EC57A921}.Programming|Win32.Build.0 = Programming|Win32
		{456B8E42-2F16-4C59-A256-7E79EC57A921}.Public_Build|Win32.ActiveCfg = Public_Build|Win32
		{456B8E42-2F16-4C59-A256-7E79EC57A921}.Public_Build|Win32.Build.0 = Public_Build|Win32
		{456B8E42-2F16-4C59-A256-7E79EC57A921}.Release|Win32.ActiveCfg = Release|Win32
		{456B8E42-2F16-4C59-A256-7E79EC57A921}.Release|Win32.Build.0 = Release|Win32
		{456B8E42-2F16-4C59-A256-7E79EC57A921}.Securom|Win32.ActiveCfg = Securom|Win32
		{456B8E42-2F16-4C59-A256-7E79EC57A921}.Securom|Win32.Build.0 = Securom|Win32
		{EC0A3ADC-401C-417B-98EF-D5464653EA10}.Debug|Win32.ActiveCfg = Debug|Win32
		{EC0A3ADC-401C-417B-98EF-D5464653EA10}.Debug|Win32.Build.0 = Debug|Win32
		{EC0A3ADC-401C-417B-98EF-D5464653EA10}.Maya_Debug|Win32.ActiveCfg = Maya_Debug|Win32
		{EC0A3ADC-401C-417B-98EF-D5464653EA10}.Maya_Debug|Win32.Build.0 = Maya_Debug|Win32
		{EC0A3ADC-401C-417B-98EF-D5464653EA10}.Maya_Release|Win32.ActiveCfg = Maya_Release|Win32
		{EC0A3ADC-401C-417B-98EF-D5464653EA10}.Maya_Release|Win32.Build.0 = Maya_Release|Win32
		{EC0A3ADC-401C-417B-98EF-D5464653EA10}.Programming|Win32.ActiveCfg = Programming|Win32
		{EC0A3ADC-401C-417B-98EF-D5464653EA10}.Programming|Win32.Build.0 = Programming|Win32
		{EC0A3ADC-401C-417B-98EF-D5464653EA10}.Public_Build|Win32.ActiveCfg = Public_Build|Win32
		{EC0A3ADC-401C-417B-98EF-D5464653EA10}.Public_Build|Win32.Build.0 = Public_Build|Win32
		{EC0A3ADC-401C-417B-98EF-D5464653EA10}.Release|Win32.ActiveCfg = Release|Win32
		{EC0A3ADC-401C-417B-98EF-D5464653EA10}.Release|Win32.Build.0 = Release|Win32
		{EC0A3ADC-401C-417B-98EF-D5464653EA10}.Securom|Win32.ActiveCfg = Securom|Win32
		{EC0A3ADC-401C-417B-98EF-D5464653EA10}.Securom|Win32.Build.0 = Securom|Win32
		{425C6486-6A42-4443-A5C9-E1C92597EB9A}.Debug|Win32.ActiveCfg = Debug|Win32
		{425C6486-6A42-4443-A5C9-E1C92597EB9A}.Debug|Win32.Build.0 = Debug|Win32
		{425C6486-6A42-4443-A5C9-E1C92597EB9A}.Maya_Debug|Win32.ActiveCfg = Maya_Debug|Win32
		{425C6486-6A42-4443-A5C9-E1C92597EB9A}.Maya_Debug|Win32.Build.0 = Maya_Debug|Win32
		{425C6486-6A42-4443-A5C9-E1C92597EB9A}.Maya_Release|Win32.ActiveCfg = Maya_Release|Win32
		{425C6486-6A42-4443-A5C9-E1C92597EB9A}.Maya_Release|Win32.Build.0 = Maya_Release|Win32
		{425C6486-6A42-4443-A5C9-E1C92597EB9A}.Programming|Win32.ActiveCfg = Programming|Win32
		{425C6486-6A42-4443-A5C9-E1C92597EB9A}.Programming|Win32.Build.0 = Programming|Win32
		{425C6486-6A42-4443-A5C9-E1C92597EB9A}.Public_Build|Win32.ActiveCfg = Public_Build|Win32
		{425C6486-6A42-4443-A5C9-E1C92597EB9A}.Public_Build|Win32.Build.0 = Public_Build|Win32
		{425C6486-6A42-4443-A5C9-E1C92597EB9A}.Release|Win32.ActiveCfg = Release|Win32
		{425C6486-6A42-4443-A5C9-E1C92597EB9A}.Release|Win32.Build.0 = Release|Win32
		{425C6486-6A42-4443-A5C9-E1C92597EB9A}.Securom|Win32.ActiveCfg = Securom|Win32
		{425C6486-6A42-4443-A5C9-E1C92597EB9A}.Securom|Win32.Build.0 = Securom|Win32
		{201016A5-CB42-44EE-A542-D7EA51199B51}.Debug|Win32.ActiveCfg = Debug|Win32
		{201016A5-CB42-44EE-A542-D7EA51199B51}.Debug|Win32.Build.0 = Debug|Win32
		{201016A5-CB42-44EE-A542-D7EA51199B51}.Maya_Debug|Win32.ActiveCfg = Maya_Debug|Win32
		{201016A5-CB42-44EE-A542-D7EA51199B51}.Maya_Debug|Win32.Build.0 = Maya_Debug|Win32
		{201016A5-CB42-44EE-A542-D7EA51199B51}.Maya_Release|Win32.ActiveCfg = Maya_Release|Win32
		{201016A5-CB42-44EE-A542-D7EA51199B51}.Maya_Release|Win32.Build.0 = Maya_Release|Win32
		{201016A5-CB42-44EE-A542-D7EA51199B51}.Programming|Win32.ActiveCfg = Programming|Win32
		{201016A5-CB42-44EE-A542-D7EA51199B51}.Programming|Win32.Build.0 = Programming|Win32
		{201016A5-CB42-44EE-A542-D7EA51199B51}.Public_Build|Win32.ActiveCfg = Public_Build|Win32
		{201016A5-CB42-44EE-A542-D7EA51199B51}.Public_Build|Win32.Build.0 = Public_Build|Win32
		{201016A5-CB42-44EE-A542-D7EA51199B51}.Release|Win32.ActiveCfg = Release|Win32
		{201016A5-CB42-44EE-A542-D7EA51199B51}.Release|Win32.Build.0 = Release|Win32
		{201016A5-CB42-44EE-A542-D7EA51199B51}.Securom|Win32.ActiveCfg = Securom|Win32
		{201016A5-CB42-44EE-A542-D7EA51199B51}.Securom|Win32.Build.0 = Securom|Win32
		{CAE5E249-DD91-4C1E-A680-21B5E08C8B5B}.Debug|Win32.ActiveCfg = Debug|Win32
		{CAE5E249-DD91-4C1E-A680-21B5E08C8B5B}.Debug|Win32.Build.0 = Debug|Win32
		{CAE5E249-DD91-4C1E-A680-21B5E08C8B5B}.Maya_Debug|Win32.ActiveCfg = Maya_Debug|Win32
		{CAE5E249-DD91-4C1E-A680-21B5E08C8B5B}.Maya_Debug|Win32.Build.0 = Maya_Debug|Win32
		{CAE5E249-DD91-4C1E-A680-21B5E08C8B5B}.Maya_Release|Win32.ActiveCfg = Maya_Release|Win32
		{CAE5E249-DD91-4C1E-A680-21B5E08C8B5B}.Maya_Release|Win32.Build.0 = Maya_Release|Win32
		{CAE5E249-DD91-4C1E-A680-21B5E08C8B5B}.Programming|Win32.ActiveCfg = Programming|Win32
		{CAE5E249-DD91-4C1E-A680-21B5E08C8B5B}.Programming|Win32.Build.0 = Programming|Win32
		{CAE5E249-DD91-4C1E-A680-21B5E08C8B5B}.Public_Build|Win32.ActiveCfg = Public_Build|Win32
		{CAE5E249-DD91-4C1E-A680-21B5E08C8B5B}.Public_Build|Win32.Build.0 = Public_Build|Win32
		{CAE5E249-DD91-4C1E-A680-21B5E08C8B5B}.Release|Win32.ActiveCfg = Release|Win32
		{CAE5E249-DD91-4C1E-A680-21B5E08C8B5B}.Release|Win32.Build.0 = Release|Win32
		{CAE5E249-DD91-4C1E-A680-21B5E08C8B5B}.Securom|Win32.ActiveCfg = Securom|Win32
		{CAE5E249-DD91-4C1E-A680-21B5E08C8B5B}.Securom|Win32.Build.0 = Securom|Win32
		{53EBE4CA-3F2D-4EA1-B4D0-A572242B0F98}.Debug|Win32.ActiveCfg = Debug|Win32
		{53EBE4CA-3F2D-4EA1-B4D0-A572242B0F98}.Debug|Win32.Build.0 = Debug|Win32
		{53EBE4CA-3F2D-4EA1-B4D0-A572242B0F98}.Maya_Debug|Win32.ActiveCfg = Maya_Debug|Win32
		{53EBE4CA-3F2D-4EA1-B4D0-A572242B0F98}.Maya_Debug|Win32.Build.0 = Maya_Debug|Win32
		{53EBE4CA-3F2D-4EA1-B4D0-A572242B0F98}.Maya_Release|Win32.ActiveCfg = Maya_Release|Win32
		{53EBE4CA-3F2D-4EA1-B4D0-A572242B0F98}.Maya_Release|Win32.Build.0 = Maya_Release|Win32
		{53EBE4CA-3F2D-4EA1-B4D0-A572242B0F98}.Programming|Win32.ActiveCfg = Programming|Win32
		{53EBE4CA-3F2D-4EA1-B4D0-A572242B0F98}.Programming|Win32.Build.0 = Programming|Win32
		{53EBE4CA-3F2D-4EA1-B4D0-A572242B0F98}.Public_Build|Win32.ActiveCfg = Public_Build|Win32
		{53EBE4CA-3F2D-4EA1-B4D0-A572242B0F98}.Public_Build|Win32.Build.0 = Public_Build|Win32
		{53EBE4CA-3F2D-4EA1-B4D0-A572242B0F98}.Release|Win32.ActiveCfg = Release|Win32
		{53EBE4CA-3F2D-4EA1-B4D0-A572242B0F98}.Release|Win32.Build.0 = Release|Win32
		{53EBE4CA-3F2D-4EA1-B4D0-A572242B0F98}.Securom|Win32.ActiveCfg = Securom|Win32
		{53EBE4CA-3F2D-4EA1-B4D0-A572242B0F98}.Securom|Win32.Build.0 = Securom|Win32
		{D1B68D60-A205-421A-9EDB-9C72448F45EF}.Debug|Win32.ActiveCfg = Debug|Win32
		{D1B68D60-A205-421A-9EDB-9C72448F45EF}.Debug|Win32.Build.0 = Debug|Win32
		{D1B68D60-A205-421A-9EDB-9C72448F45EF}.Maya_Debug|Win32.ActiveCfg = Maya_Debug|Win32
		{D1B68D60-A205-421A-9EDB-9C72448F45EF}.Maya_Debug|Win32.Build.0 = Maya_Debug|Win32
		{D1B68D60-A205-421A-9EDB-9C72448F45EF}.Maya_Release|Win32.ActiveCfg = Maya_Release|Win32
		{D1B68D60-A205-421A-9EDB-9C72448F45EF}.Maya_Release|Win32.Build.0 = Maya_Release|Win32
		{D1B68D60-A205-421A-9EDB-9C72448F45EF}.Programming|Win32.ActiveCfg = Programming|Win32
		{D1B68D60-A205-421A-9EDB-9C72448F45EF}.Programming|Win32.Build.0 = Programming|Win32
		{D1B68D60-A205-421A-9EDB-9C72448F45EF}.Public_Build|Win32.ActiveCfg = Public_Build|Win32
		{D1B68D60-A205-421A-9EDB-9C72448F45EF}.Public_Build|Win32.Build.0 = Public_Build|Win32
		{D1B68D60-A205-421A-9EDB-9C72448F45EF}.Release|Win32.ActiveCfg = Release|Win32
		{D1B68D60-A205-421A-9EDB-9C72448F45EF}.Release|Win32.Build.0 = Release|Win32
		{D1B68D60-A205-421A-9EDB-9C72448F45EF}.Securom|Win32.ActiveCfg = Securom|Win32
		{D1B68D60-A205-421A-9EDB-9C72448F45EF}.Securom|Win32.Build.0 = Securom|Win32
		{14477258-F09A-4B72-842B-46D1604353BE}.Debug|Win32.ActiveCfg = Debug|Win32
		{14477258-F09A-4B72-842B-46D1604353BE}.Debug|Win32.Build.0 = Debug|Win32
		{14477258-F09A-4B72-842B-46D1604353BE}.Maya_Debug|Win32.ActiveCfg = Maya_Debug|Win32
		{14477258-F09A-4B72-842B-46D1604353BE}.Maya_Debug|Win32.Build.0 = Maya_Debug|Win32
		{14477258-F09A-4B72-842B-46D1604353BE}.Maya_Release|Win32.ActiveCfg = Maya_Release|Win32
		{14477258-F09A-4B72-842B-46D1604353BE}.Maya_Release|Win32.Build.0 = Maya_Release|Win32
		{14477258-F09A-4B72-842B-46D1604353BE}.Programming|Win32.ActiveCfg = Programming|Win32
		{14477258-F09A-4B72-842B-46D1604353BE}.Programming|Win32.Build.0 = Programming|Win32
		{14477258-F09A-4B72-842B-46D1604353BE}.Public_Build|Win32.ActiveCfg = Public_Build|Win32
		{14477258-F09A-4B72-842B-46D1604353BE}.Public_Build|Win32.Build.0 = Public_Build|Win32
		{14477258-F09A-4B72-842B-46D1604353BE}.Release|Win32.ActiveCfg = Release|Win32
		{14477258-F09A-4B72-842B-46D1604353BE}.Release|Win32.Build.0 = Release|Win32
		{14477258-F09A-4B72-842B-46D1604353BE}.Securom|Win32.ActiveCfg = Securom|Win32
		{14477258-F09A-4B72-842B-46D1604353BE}.Securom|Win32.Build.0 = Securom|Win32
		{A91DE75A-176F-4B81-80B4-80A542EA1D66}.Debug|Win32.ActiveCfg = Debug|Win32
		{A91DE75A-176F-4B81-80B4-80A542EA1D66}.Debug|Win32.Build.0 = Debug|Win32
		{A91DE75A-176F-4B81-80B4-80A542EA1D66}.Maya_Debug|Win32.ActiveCfg = Maya_Debug|Win32
		{A91DE75A-176F-4B81-80B4-80A542EA1D66}.Maya_Debug|Win32.Build.0 = Maya_Debug|Win32
		{A91DE75A-176F-4B81-80B4-80A542EA1D66}.Maya_Release|Win32.ActiveCfg = Maya_Release|Win32
		{A91DE75A-176F-4B81-80B4-80A542EA1D66}.Maya_Release|Win32.Build.0 = Maya_Release|Win32
		{A91DE75A-176F-4B81-80B4-80A542EA1D66}.Programming|Win32.ActiveCfg = Programming|Win32
		{A91DE75A-176F-4B81-80B4-80A542EA1D66}.Programming|Win32.Build.0 = Programming|Win32
		{A91DE75A-176F-4B81-80B4-80A542EA1D66}.Public_Build|Win32.ActiveCfg = Public_Build|Win32
		{A91DE75A-176F-4B81-80B4-80A542EA1D66}.Public_Build|Win32.Build.0 = Public_Build|Win32
		{A91DE75A-176F-4B81-80B4-80A542EA1D66}.Release|Win32.ActiveCfg = Release|Win32
		{A91DE75A-176F-4B81-80B4-80A542EA1D66}.Release|Win32.Build.0 = Release|Win32
		{A91DE75A-176F-4B81-80B4-80A542EA1D66}.Securom|Win32.ActiveCfg = Securom|Win32
		{A91DE75A-176F-4B81-80B4-80A542EA1D66}.Securom|Win32.Build.0 = Securom|Win32
		{89280679-C8D3-4D8B-991D-6C5E2F48AA8F}.Debug|Win32.ActiveCfg = Debug|Win32
		{89280679-C8D3-4D8B-991D-6C5E2F48AA8F}.Debug|Win32.Build.0 = Debug|Win32
		{89280679-C8D3-4D8B-991D-6C5E2F48AA8F}.Maya_Debug|Win32.ActiveCfg = Maya_Debug|Win32
		{89280679-C8D3-4D8B-991D-6C5E2F48AA8F}.Maya_Debug|Win32.Build.0 = Maya_Debug|Win32
		{89280679-C8D3-4D8B-991D-6C5E2F48AA8F}.Maya_Release|Win32.ActiveCfg = Maya_Release|Win32
		{89280679-C8D3-4D8B-991D-6C5E2F48AA8F}.Maya_Release|Win32.Build.0 = Maya_Release|Win32
		{89280679-C8D3-4D8B-991D-6C5E2F48AA8F}.Programming|Win32.ActiveCfg = Programming|Win32
		{89280679-C8D3-4D8B-991D-6C5E2F48AA8F}.Programming|Win32.Build.0 = Programming|Win32
		{89280679-C8D3-4D8B-991D-6C5E2F48AA8F}.Public_Build|Win32.ActiveCfg = Public_Build|Win32
		{89280679-C8D3-4D8B-991D-6C5E2F48AA8F}.Public_Build|Win32.Build.0 = Public_Build|Win32
		{89280679-C8D3-4D8B-991D-6C5E2F48AA8F}.Release|Win32.ActiveCfg = Release|Win32
		{89280679-C8D3-4D8B-991D-6C5E2F48AA8F}.Release|Win32.Build.0 = Release|Win32
		{89280679-C8D3-4D8B-991D-6C5E2F48AA8F}.Securom|Win32.ActiveCfg = Securom|Win32
		{89280679-C8D3-4D8B-991D-6C5E2F48AA8F}.Securom|Win32.Build.0 = Securom|Win32
		{0F7E46F5-FC8D-4A9D-BA82-D27F56BE4048}.Debug|Win32.ActiveCfg = Debug|Win32
		{0F7E46F5-FC8D-4A9D-BA82-D27F56BE4048}.Debug|Win32.Build.0 = Debug|Win32
		{0F7E46F5-FC8D-4A9D-BA82-D27F56BE4048}.Maya_Debug|Win32.ActiveCfg = Maya_Debug|Win32
		{0F7E46F5-FC8D-4A9D-BA82-D27F56BE4048}.Maya_Debug|Win32.Build.0 = Maya_Debug|Win32
		{0F7E46F5-FC8D-4A9D-BA82-D27F56BE4048}.Maya_Release|Win32.ActiveCfg = Maya_Release|Win32
		{0F7E46F5-FC8D-4A9D-BA82-D27F56BE4048}.Maya_Release|Win32.Build.0 = Maya_Release|Win32
		{0F7E46F5-FC8D-4A9D-BA82-D27F56BE4048}.Programming|Win32.ActiveCfg = Programming|Win32
		{0F7E46F5-FC8D-4A9D-BA82-D27F56BE4048}.Programming|Win32.Build.0 = Programming|Win32
		{0F7E46F5-FC8D-4A9D-BA82-D27F56BE4048}.Public_Build|Win32.ActiveCfg = Public_Build|Win32
		{0F7E46F5-FC8D-4A9D-BA82-D27F56BE4048}.Public_Build|Win32.Build.0 = Public_Build|Win32
		{0F7E46F5-FC8D-4A9D-BA82-D27F56BE4048}.Release|Win32.ActiveCfg = Release|Win32
		{0F7E46F5-FC8D-4A9D-BA82-D27F56BE4048}.Release|Win32.Build.0 = Release|Win32
		{0F7E46F5-FC8D-4A9D-BA82-D27F56BE4048}.Securom|Win32.ActiveCfg = Securom|Win32
		{0F7E46F5-FC8D-4A9D-BA82-D27F56BE4048}.Securom|Win32.Build.0 = Securom|Win32
		{474D2090-35BE-4818-99A9-AAC953FF7D4C}.Debug|Win32.ActiveCfg = Debug|Win32
		{474D2090-35BE-4818-99A9-AAC953FF7D4C}.Debug|Win32.Build.0 = Debug|Win32
		{474D2090-35BE-4818-99A9-AAC953FF7D4C}.Maya_Debug|Win32.ActiveCfg = Maya_Debug|Win32
		{474D2090-35BE-4818-99A9-AAC953FF7D4C}.Maya_Debug|Win32.Build.0 = Maya_Debug|Win32
		{474D2090-35BE-4818-99A9-AAC953FF7D4C}.Maya_Release|Win32.ActiveCfg = Maya_Release|Win32
		{474D2090-35BE-4818-99A9-AAC953FF7D4C}.Maya_Release|Win32.Build.0 = Maya_Release|Win32
		{474D2090-35BE-4818-99A9-AAC953FF7D4C}.Programming|Win32.ActiveCfg = Programming|Win32
		{474D2090-35BE-4818-99A9-AAC953FF7D4C}.Programming|Win32.Build.0 = Programming|Win32
		{474D2090-35BE-4818-99A9-AAC953FF7D4C}.Public_Build|Win32.ActiveCfg = Public_Build|Win32
		{474D2090-35BE-4818-99A9-AAC953FF7D4C}.Public_Build|Win32.Build.0 = Public_Build|Win32
		{474D2090-35BE-4818-99A9-AAC953FF7D4C}.Release|Win32.ActiveCfg = Release|Win32
		{474D2090-35BE-4818-99A9-AAC953FF7D4C}.Release|Win32.Build.0 = Release|Win32
		{474D2090-35BE-4818-99A9-AAC953FF7D4C}.Securom|Win32.ActiveCfg = Securom|Win32
		{474D2090-35BE-4818-99A9-AAC953FF7D4C}.Securom|Win32.Build.0 = Securom|Win32
		{337E6E09-FDD3-45FE-AD56-9D259BE4841C}.Debug|Win32.ActiveCfg = Debug|Win32
		{337E6E09-FDD3-45FE-AD56-9D259BE4841C}.Debug|Win32.Build.0 = Debug|Win32
		{337E6E09-FDD3-45FE-AD56-9D259BE4841C}.Maya_Debug|Win32.ActiveCfg = Maya_Debug|Win32
		{337E6E09-FDD3-45FE-AD56-9D259BE4841C}.Maya_Debug|Win32.Build.0 = Maya_Debug|Win32
		{337E6E09-FDD3-45FE-AD56-9D259BE4841C}.Maya_Release|Win32.ActiveCfg = Maya_Release|Win32
		{337E6E09-FDD3-45FE-AD56-9D259BE4841C}.Maya_Release|Win32.Build.0 = Maya_Release|Win32
		{337E6E09-FDD3-45FE-AD56-9D259BE4841C}.Programming|Win32.ActiveCfg = Programming|Win32
		{337E6E09-FDD3-45FE-AD56-9D259BE4841C}.Programming|Win32.Build.0 = Programming|Win32
		{337E6E09-FDD3-45FE-AD56-9D259BE4841C}.Public_Build|Win32.ActiveCfg = Public_Build|Win32
		{337E6E09-FDD3-45FE-AD56-9D259BE4841C}.Public_Build|Win32.Build.0 = Public_Build|Win32
		{337E6E09-FDD3-45FE-AD56-9D259BE4841C}.Release|Win32.ActiveCfg = Release|Win32
		{337E6E09-FDD3-45FE-AD56-9D259BE4841C}.Release|Win32.Build.0 = Release|Win32
		{337E6E09-FDD3-45FE-AD56-9D259BE4841C}.Securom|Win32.ActiveCfg = Securom|Win32
		{337E6E09-FDD3-45FE-AD56-9D259BE4841C}.Securom|Win32.Build.0 = Securom|Win32
		{DAD7841E-8AB6-4978-9A39-BE4F5C1D6001}.Debug|Win32.ActiveCfg = Debug|Win32
		{DAD7841E-8AB6-4978-9A39-BE4F5C1D6001}.Debug|Win32.Build.0 = Debug|Win32
		{DAD7841E-8AB6-4978-9A39-BE4F5C1D6001}.Maya_Debug|Win32.ActiveCfg = Maya_Debug|Win32
		{DAD7841E-8AB6-4978-9A39-BE4F5C1D6001}.Maya_Debug|Win32.Build.0 = Maya_Debug|Win32
		{DAD7841E-8AB6-4978-9A39-BE4F5C1D6001}.Maya_Release|Win32.ActiveCfg = Maya_Release|Win32
		{DAD7841E-8AB6-4978-9A39-BE4F5C1D6001}.Maya_Release|Win32.Build.0 = Maya_Release|Win32
		{DAD7841E-8AB6-4978-9A39-BE4F5C1D6001}.Programming|Win32.ActiveCfg = Programming|Win32
		{DAD7841E-8AB6-4978-9A39-BE4F5C1D6001}.Programming|Win32.Build.0 = Programming|Win32
		{DAD7841E-8AB6-4978-9A39-BE4F5C1D6001}.Public_Build|Win32.ActiveCfg = Public_Build|Win32
		{DAD7841E-8AB6-4978-9A39-BE4F5C1D6001}.Public_Build|Win32.Build.0 = Public_Build|Win32
		{DAD7841E-8AB6-4978-9A39-BE4F5C1D6001}.Release|Win32.ActiveCfg = Release|Win32
		{DAD7841E-8AB6-4978-9A39-BE4F5C1D6001}.Release|Win32.Build.0 = Release|Win32
		{DAD7841E-8AB6-4978-9A39-BE4F5C1D6001}.Securom|Win32.ActiveCfg = Securom|Win32
		{DAD7841E-8AB6-4978-9A39-BE4F5C1D6001}.Securom|Win32.Build.0 = Securom|Win32
		{B03D4802-3CE7-4AD4-9871-A6E2ED65D740}.Debug|Win32.ActiveCfg = Debug|Win32
		{B03D4802-3CE7-4AD4-9871-A6E2ED65D740}.Debug|Win32.Build.0 = Debug|Win32
		{B03D4802-3CE7-4AD4-9871-A6E2ED65D740}.Maya_Debug|Win32.ActiveCfg = Maya_Debug|Win32
		{B03D4802-3CE7-4AD4-9871-A6E2ED65D740}.Maya_Debug|Win32.Build.0 = Maya_Debug|Win32
		{B03D4802-3CE7-4AD4-9871-A6E2ED65D740}.Maya_Release|Win32.ActiveCfg = Maya_Release|Win32
		{B03D4802-3CE7-4AD4-9871-A6E2ED65D740}.Maya_Release|Win32.Build.0 = Maya_Release|Win32
		{B03D4802-3CE7-4AD4-9871-A6E2ED65D740}.Programming|Win32.ActiveCfg = Programming|Win32
		{B03D4802-3CE7-4AD4-9871-A6E2ED65D740}.Programming|Win32.Build.0 = Programming|Win32
		{B03D4802-3CE7-4AD4-9871-A6E2ED65D740}.Public_Build|Win32.ActiveCfg = Public_Build|Win32
		{B03D4802-3CE7-4AD4-9871-A6E2ED65D740}.Public_Build|Win32.Build.0 = Public_Build|Win32
		{B03D4802-3CE7-4AD4-9871-A6E2ED65D740}.Release|Win32.ActiveCfg = Release|Win32
		{B03D4802-3CE7-4AD4-9871-A6E2ED65D740}.Release|Win32.Build.0 = Release|Win32
		{B03D4802-3CE7-4AD4-9871-A6E2ED65D740}.Securom|Win32.ActiveCfg = Securom|Win32
		{B03D4802-3CE7-4AD4-9871-A6E2ED65D740}.Securom|Win32.Build.0 = Securom|Win32
		{78FDF7D7-9F18-4B53-BBEF-C9111DB6665E}.Debug|Win32.ActiveCfg = Debug|Win32
		{78FDF7D7-9F18-4B53-BBEF-C9111DB6665E}.Debug|Win32.Build.0 = Debug|Win32
		{78FDF7D7-9F18-4B53-BBEF-C9111DB6665E}.Maya_Debug|Win32.ActiveCfg = Maya_Debug|Win32
		{78FDF7D7-9F18-4B53-BBEF-C9111DB6665E}.Maya_Debug|Win32.Build.0 = Maya_Debug|Win32
		{78FDF7D7-9F18-4B53-BBEF-C9111DB6665E}.Maya_Release|Win32.ActiveCfg = Maya_Release|Win32
		{78FDF7D7-9F18-4B53-BBEF-C9111DB6665E}.Maya_Release|Win32.Build.0 = Maya_Release|Win32
		{78FDF7D7-9F18-4B53-BBEF-C9111DB6665E}.Programming|Win32.ActiveCfg = Programming|Win32
		{78FDF7D7-9F18-4B53-BBEF-C9111DB6665E}.Programming|Win32.Build.0 = Programming|Win32
		{78FDF7D7-9F18-4B53-BBEF-C9111DB6665E}.Public_Build|Win32.ActiveCfg = Public_Build|Win32
		{78FDF7D7-9F18-4B53-BBEF-C9111DB6665E}.Public_Build|Win32.Build.0 = Public_Build|Win32
		{78FDF7D7-9F18-4B53-BBEF-C9111DB6665E}.Release|Win32.ActiveCfg = Release|Win32
		{78FDF7D7-9F18-4B53-BBEF-C9111DB6665E}.Release|Win32.Build.0 = Release|Win32
		{78FDF7D7-9F18-4B53-BBEF-C9111DB6665E}.Securom|Win32.ActiveCfg = Securom|Win32
		{78FDF7D7-9F18-4B53-BBEF-C9111DB6665E}.Securom|Win32.Build.0 = Securom|Win32
		{1B821AF4-B3C3-4BCD-A032-4083F8C27B0A}.Debug|Win32.ActiveCfg = Debug|Win32
		{1B821AF4-B3C3-4BCD-A032-4083F8C27B0A}.Debug|Win32.Build.0 = Debug|Win32
		{1B821AF4-B3C3-4BCD-A032-4083F8C27B0A}.Maya_Debug|Win32.ActiveCfg = Maya_Debug|Win32
		{1B821AF4-B3C3-4BCD-A032-4083F8C27B0A}.Maya_Debug|Win32.Build.0 = Maya_Debug|Win32
		{1B821AF4-B3C3-4BCD-A032-4083F8C27B0A}.Maya_Release|Win32.ActiveCfg = Maya_Release|Win32
		{1B821AF4-B3C3-4BCD-A032-4083F8C27B0A}.Maya_Release|Win32.Build.0 = Maya_Release|Win32
		{1B821AF4-B3C3-4BCD-A032-4083F8C27B0A}.Programming|Win32.ActiveCfg = Programming|Win32
		{1B821AF4-B3C3-4BCD-A032-4083F8C27B0A}.Programming|Win32.Build.0 = Programming|Win32
		{1B821AF4-B3C3-4BCD-A032-4083F8C27B0A}.Public_Build|Win32.ActiveCfg = Public_Build|Win32
		{1B821AF4-B3C3-4BCD-A032-4083F8C27B0A}.Public_Build|Win32.Build.0 = Public_Build|Win32
		{1B821AF4-B3C3-4BCD-A032-4083F8C27B0A}.Release|Win32.ActiveCfg = Release|Win32
		{1B821AF4-B3C3-4BCD-A032-4083F8C27B0A}.Release|Win32.Build.0 = Release|Win32
		{1B821AF4-B3C3-4BCD-A032-4083F8C27B0A}.Securom|Win32.ActiveCfg = Securom|Win32
		{1B821AF4-B3C3-4BCD-A032-4083F8C27B0A}.Securom|Win32.Build.0 = Securom|Win32
		{4D2FAC38-95F6-4D74-A915-6B616345ECBD}.Debug|Win32.ActiveCfg = Debug|Win32
		{4D2FAC38-95F6-4D74-A915-6B616345ECBD}.Debug|Win32.Build.0 = Debug|Win32
		{4D2FAC38-95F6-4D74-A915-6B616345ECBD}.Maya_Debug|Win32.ActiveCfg = Maya_Debug|Win32
		{4D2FAC38-95F6-4D74-A915-6B616345ECBD}.Maya_Debug|Win32.Build.0 = Maya_Debug|Win32
		{4D2FAC38-95F6-4D74-A915-6B616345ECBD}.Maya_Release|Win32.ActiveCfg = Maya_Release|Win32
		{4D2FAC38-95F6-4D74-A915-6B616345ECBD}.Maya_Release|Win32.Build.0 = Maya_Release|Win32
		{4D2FAC38-95F6-4D74-A915-6B616345ECBD}.Programming|Win32.ActiveCfg = Programming|Win32
		{4D2FAC38-95F6-4D74-A915-6B616345ECBD}.Programming|Win32.Build.0 = Programming|Win32
		{4D2FAC38-95F6-4D74-A915-6B616345ECBD}.Public_Build|Win32.ActiveCfg = Public_Build|Win32
		{4D2FAC38-95F6-4D74-A915-6B616345ECBD}.Public_Build|Win32.Build.0 = Public_Build|Win32
		{4D2FAC38-95F6-4D74-A915-6B616345ECBD}.Release|Win32.ActiveCfg = Release|Win32
		{4D2FAC38-95F6-4D74-A915-6B616345ECBD}.Release|Win32.Build.0 = Release|Win32
		{4D2FAC38-95F6-4D74-A915-6B616345ECBD}.Securom|Win32.ActiveCfg = Securom|Win32
		{4D2FAC38-95F6-4D74-A915-6B616345ECBD}.Securom|Win32.Build.0 = Securom|Win32
		{68FB95B5-EA21-448C-9C46-1ABE9E6117A0}.Debug|Win32.ActiveCfg = Debug|Win32
		{68FB95B5-EA21-448C-9C46-1ABE9E6117A0}.Debug|Win32.Build.0 = Debug|Win32
		{68FB95B5-EA21-448C-9C46-1ABE9E6117A0}.Maya_Debug|Win32.ActiveCfg = Maya_Debug|Win32
		{68FB95B5-EA21-448C-9C46-1ABE9E6117A0}.Maya_Debug|Win32.Build.0 = Maya_Debug|Win32
		{68FB95B5-EA21-448C-9C46-1ABE9E6117A0}.Maya_Release|Win32.ActiveCfg = Maya_Release|Win32
		{68FB95B5-EA21-448C-9C46-1ABE9E6117A0}.Maya_Release|Win32.Build.0 = Maya_Release|Win32
		{68FB95B5-EA21-448C-9C46-1ABE9E6117A0}.Programming|Win32.ActiveCfg = Programming|Win32
		{68FB95B5-EA21-448C-9C46-1ABE9E6117A0}.Programming|Win32.Build.0 = Programming|Win32
		{68FB95B5-EA21-448C-9C46-1ABE9E6117A0}.Public_Build|Win32.ActiveCfg = Public_Build|Win32
		{68FB95B5-EA21-448C-9C46-1ABE9E6117A0}.Public_Build|Win32.Build.0 = Public_Build|Win32
		{68FB95B5-EA21-448C-9C46-1ABE9E6117A0}.Release|Win32.ActiveCfg = Release|Win32
		{68FB95B5-EA21-448C-9C46-1ABE9E6117A0}.Release|Win32.Build.0 = Release|Win32
		{68FB95B5-EA21-448C-9C46-1ABE9E6117A0}.Securom|Win32.ActiveCfg = Securom|Win32
		{68FB95B5-EA21-448C-9C46-1ABE9E6117A0}.Securom|Win32.Build.0 = Securom|Win32
		{DA1F763C-01D7-4B41-AA0F-085A84C8BF2A}.Debug|Win32.ActiveCfg = Debug|Win32
		{DA1F763C-01D7-4B41-AA0F-085A84C8BF2A}.Debug|Win32.Build.0 = Debug|Win32
		{DA1F763C-01D7-4B41-AA0F-085A84C8BF2A}.Maya_Debug|Win32.ActiveCfg = Maya_Debug|Win32
		{DA1F763C-01D7-4B41-AA0F-085A84C8BF2A}.Maya_Debug|Win32.Build.0 = Maya_Debug|Win32
		{DA1F763C-01D7-4B41-AA0F-085A84C8BF2A}.Maya_Release|Win32.ActiveCfg = Maya_Release|Win32
		{DA1F763C-01D7-4B41-AA0F-085A84C8BF2A}.Maya_Release|Win32.Build.0 = Maya_Release|Win32
		{DA1F763C-01D7-4B41-AA0F-085A84C8BF2A}.Programming|Win32.ActiveCfg = Programming|Win32
		{DA1F763C-01D7-4B41-AA0F-085A84C8BF2A}.Programming|Win32.Build.0 = Programming|Win32
		{DA1F763C-01D7-4B41-AA0F-085A84C8BF2A}.Public_Build|Win32.ActiveCfg = Public_Build|Win32
		{DA1F763C-01D7-4B41-AA0F-085A84C8BF2A}.Public_Build|Win32.Build.0 = Public_Build|Win32
		{DA1F763C-01D7-4B41-AA0F-085A84C8BF2A}.Release|Win32.ActiveCfg = Release|Win32
		{DA1F763C-01D7-4B41-AA0F-085A84C8BF2A}.Release|Win32.Build.0 = Release|Win32
		{DA1F763C-01D7-4B41-AA0F-085A84C8BF2A}.Securom|Win32.ActiveCfg = Securom|Win32
		{DA1F763C-01D7-4B41-AA0F-085A84C8BF2A}.Securom|Win32.Build.0 = Securom|Win32
		{D49C77D1-96B4-42A5-87BE-B4F928AB5D9D}.Debug|Win32.ActiveCfg = Debug|Win32
		{D49C77D1-96B4-42A5-87BE-B4F928AB5D9D}.Debug|Win32.Build.0 = Debug|Win32
		{D49C77D1-96B4-42A5-87BE-B4F928AB5D9D}.Maya_Debug|Win32.ActiveCfg = Maya_Debug|Win32
		{D49C77D1-96B4-42A5-87BE-B4F928AB5D9D}.Maya_Debug|Win32.Build.0 = Maya_Debug|Win32
		{D49C77D1-96B4-42A5-87BE-B4F928AB5D9D}.Maya_Release|Win32.ActiveCfg = Maya_Release|Win32
		{D49C77D1-96B4-42A5-87BE-B4F928AB5D9D}.Maya_Release|Win32.Build.0 = Maya_Release|Win32
		{D49C77D1-96B4-42A5-87BE-B4F928AB5D9D}.Programming|Win32.ActiveCfg = Programming|Win32
		{D49C77D1-96B4-42A5-87BE-B4F928AB5D9D}.Programming|Win32.Build.0 = Programming|Win32
		{D49C77D1-96B4-42A5-87BE-B4F928AB5D9D}.Public_Build|Win32.ActiveCfg = Public_Build|Win32
		{D49C77D1-96B4-42A5-87BE-B4F928AB5D9D}.Public_Build|Win32.Build.0 = Public_Build|Win32
		{D49C77D1-96B4-42A5-87BE-B4F928AB5D9D}.Release|Win32.ActiveCfg = Release|Win32
		{D49C77D1-96B4-42A5-87BE-B4F928AB5D9D}.Release|Win32.Build.0 = Release|Win32
		{D49C77D1-96B4-42A5-87BE-B4F928AB5D9D}.Securom|Win32.ActiveCfg = Securom|Win32
		{D49C77D1-96B4-42A5-87BE-B4F928AB5D9D}.Securom|Win32.Build.0 = Securom|Win32
		{937FA7B7-AFEE-404C-9D6E-55DF41689D6C}.Debug|Win32.ActiveCfg = Debug|Win32
		{937FA7B7-AFEE-404C-9D6E-55DF41689D6C}.Debug|Win32.Build.0 = Debug|Win32
		{937FA7B7-AFEE-404C-9D6E-55DF41689D6C}.Maya_Debug|Win32.ActiveCfg = Maya_Debug|Win32
		{937FA7B7-AFEE-404C-9D6E-55DF41689D6C}.Maya_Debug|Win32.Build.0 = Maya_Debug|Win32
		{937FA7B7-AFEE-404C-9D6E-55DF41689D6C}.Maya_Release|Win32.ActiveCfg = Maya_Release|Win32
		{937FA7B7-AFEE-404C-9D6E-55DF41689D6C}.Maya_Release|Win32.Build.0 = Maya_Release|Win32
		{937FA7B7-AFEE-404C-9D6E-55DF41689D6C}.Programming|Win32.ActiveCfg = Programming|Win32
		{937FA7B7-AFEE-404C-9D6E-55DF41689D6C}.Programming|Win32.Build.0 = Programming|Win32
		{937FA7B7-AFEE-404C-9D6E-55DF41689D6C}.Public_Build|Win32.ActiveCfg = Public_Build|Win32
		{937FA7B7-AFEE-404C-9D6E-55DF41689D6C}.Public_Build|Win32.Build.0 = Public_Build|Win32
		{937FA7B7-AFEE-404C-9D6E-55DF41689D6C}.Release|Win32.ActiveCfg = Release|Win32
		{937FA7B7-AFEE-404C-9D6E-55DF41689D6C}.Release|Win32.Build.0 = Release|Win32
		{937FA7B7-AFEE-404C-9D6E-55DF41689D6C}.Securom|Win32.ActiveCfg = Securom|Win32
		{937FA7B7-AFEE-404C-9D6E-55DF41689D6C}.Securom|Win32.Build.0 = Securom|Win32
		{25CB58D3-1C40-45EE-8508-57F8D4DDCC21}.Debug|Win32.ActiveCfg = Debug|Win32
		{25CB58D3-1C40-45EE-8508-57F8D4DDCC21}.Debug|Win32.Build.0 = Debug|Win32
		{25CB58D3-1C40-45EE-8508-57F8D4DDCC21}.Maya_Debug|Win32.ActiveCfg = Maya_Debug|Win32
		{25CB58D3-1C40-45EE-8508-57F8D4DDCC21}.Maya_Debug|Win32.Build.0 = Maya_Debug|Win32
		{25CB58D3-1C40-45EE-8508-57F8D4DDCC21}.Maya_Release|Win32.ActiveCfg = Maya_Release|Win32
		{25CB58D3-1C40-45EE-8508-57F8D4DDCC21}.Maya_Release|Win32.Build.0 = Maya_Release|Win32
		{25CB58D3-1C40-45EE-8508-57F8D4DDCC21}.Programming|Win32.ActiveCfg = Programming|Win32
		{25CB58D3-1C40-45EE-8508-57F8D4DDCC21}.Programming|Win32.Build.0 = Programming|Win32
		{25CB58D3-1C40-45EE-8508-57F8D4DDCC21}.Public_Build|Win32.ActiveCfg = Public_Build|Win32
		{25CB58D3-1C40-45EE-8508-57F8D4DDCC21}.Public_Build|Win32.Build.0 = Public_Build|Win32
		{25CB58D3-1C40-45EE-8508-57F8D4DDCC21}.Release|Win32.ActiveCfg = Release|Win32
		{25CB58D3-1C40-45EE-8508-57F8D4DDCC21}.Release|Win32.Build.0 = Release|Win32
		{25CB58D3-1C40-45EE-8508-57F8D4DDCC21}.Securom|Win32.ActiveCfg = Securom|Win32
		{25CB58D3-1C40-45EE-8508-57F8D4DDCC21}.Securom|Win32.Build.0 = Securom|Win32
		{5B82E858-0082-4B22-B488-D48F37F31A31}.Debug|Win32.ActiveCfg = Debug|Win32
		{5B82E858-0082-4B22-B488-D48F37F31A31}.Debug|Win32.Build.0 = Debug|Win32
		{5B82E858-0082-4B22-B488-D48F37F31A31}.Maya_Debug|Win32.ActiveCfg = Maya_Debug|Win32
		{5B82E858-0082-4B22-B488-D48F37F31A31}.Maya_Debug|Win32.Build.0 = Maya_Debug|Win32
		{5B82E858-0082-4B22-B488-D48F37F31A31}.Maya_Release|Win32.ActiveCfg = Maya_Release|Win32
		{5B82E858-0082-4B22-B488-D48F37F31A31}.Maya_Release|Win32.Build.0 = Maya_Release|Win32
		{5B82E858-0082-4B22-B488-D48F37F31A31}.Programming|Win32.ActiveCfg = Programming|Win32
		{5B82E858-0082-4B22-B488-D48F37F31A31}.Programming|Win32.Build.0 = Programming|Win32
		{5B82E858-0082-4B22-B488-D48F37F31A31}.Public_Build|Win32.ActiveCfg = Public_Build|Win32
		{5B82E858-0082-4B22-B488-D48F37F31A31}.Public_Build|Win32.Build.0 = Public_Build|Win32
		{5B82E858-0082-4B22-B488-D48F37F31A31}.Release|Win32.ActiveCfg = Release|Win32
		{5B82E858-0082-4B22-B488-D48F37F31A31}.Release|Win32.Build.0 = Release|Win32
		{5B82E858-0082-4B22-B488-D48F37F31A31}.Securom|Win32.ActiveCfg = Securom|Win32
		{5B82E858-0082-4B22-B488-D48F37F31A31}.Securom|Win32.Build.0 = Securom|Win32
		{8E51849C-AAC3-4880-A4AB-E744C3FC249D}.Debug|Win32.ActiveCfg = Debug|Win32
		{8E51849C-AAC3-4880-A4AB-E744C3FC249D}.Debug|Win32.Build.0 = Debug|Win32
		{8E51849C-AAC3-4880-A4AB-E744C3FC249D}.Maya_Debug|Win32.ActiveCfg = Maya_Debug|Win32
		{8E51849C-AAC3-4880-A4AB-E744C3FC249D}.Maya_Debug|Win32.Build.0 = Maya_Debug|Win32
		{8E51849C-AAC3-4880-A4AB-E744C3FC249D}.Maya_Release|Win32.ActiveCfg = Maya_Release|Win32
		{8E51849C-AAC3-4880-A4AB-E744C3FC249D}.Maya_Release|Win32.Build.0 = Maya_Release|Win32
		{8E51849C-AAC3-4880-A4AB-E744C3FC249D}.Programming|Win32.ActiveCfg = Programming|Win32
		{8E51849C-AAC3-4880-A4AB-E744C3FC249D}.Programming|Win32.Build.0 = Programming|Win32
		{8E51849C-AAC3-4880-A4AB-E744C3FC249D}.Public_Build|Win32.ActiveCfg = Public_Build|Win32
		{8E51849C-AAC3-4880-A4AB-E744C3FC249D}.Public_Build|Win32.Build.0 = Public_Build|Win32
		{8E51849C-AAC3-4880-A4AB-E744C3FC249D}.Release|Win32.ActiveCfg = Release|Win32
		{8E51849C-AAC3-4880-A4AB-E744C3FC249D}.Release|Win32.Build.0 = Release|Win32
		{8E51849C-AAC3-4880-A4AB-E744C3FC249D}.Securom|Win32.ActiveCfg = Securom|Win32
		{8E51849C-AAC3-4880-A4AB-E744C3FC249D}.Securom|Win32.Build.0 = Securom|Win32
		{5A30D03B-CBE2-42B8-8180-30B8B7F2B72A}.Debug|Win32.ActiveCfg = Debug|Win32
		{5A30D03B-CBE2-42B8-8180-30B8B7F2B72A}.Debug|Win32.Build.0 = Debug|Win32
		{5A30D03B-CBE2-42B8-8180-30B8B7F2B72A}.Maya_Debug|Win32.ActiveCfg = Maya_Debug|Win32
		{5A30D03B-CBE2-42B8-8180-30B8B7F2B72A}.Maya_Debug|Win32.Build.0 = Maya_Debug|Win32
		{5A30D03B-CBE2-42B8-8180-30B8B7F2B72A}.Maya_Release|Win32.ActiveCfg = Maya_Release|Win32
		{5A30D03B-CBE2-42B8-8180-30B8B7F2B72A}.Maya_Release|Win32.Build.0 = Maya_Release|Win32
		{5A30D03B-CBE2-42B8-8180-30B8B7F2B72A}.Programming|Win32.ActiveCfg = Programming|Win32
		{5A30D03B-CBE2-42B8-8180-30B8B7F2B72A}.Programming|Win32.Build.0 = Programming|Win32
		{5A30D03B-CBE2-42B8-8180-30B8B7F2B72A}.Public_Build|Win32.ActiveCfg = Public_Build|Win32
		{5A30D03B-CBE2-42B8-8180-30B8B7F2B72A}.Public_Build|Win32.Build.0 = Public_Build|Win32
		{5A30D03B-CBE2-42B8-8180-30B8B7F2B72A}.Release|Win32.ActiveCfg = Release|Win32
		{5A30D03B-CBE2-42B8-8180-30B8B7F2B72A}.Release|Win32.Build.0 = Release|Win32
		{5A30D03B-CBE2-42B8-8180-30B8B7F2B72A}.Securom|Win32.ActiveCfg = Securom|Win32
		{5A30D03B-CBE2-42B8-8180-30B8B7F2B72A}.Securom|Win32.Build.0 = Securom|Win32
		{191891AE-C6A4-41E8-910E-565BB5000D04}.Debug|Win32.ActiveCfg = Debug|Win32
		{191891AE-C6A4-41E8-910E-565BB5000D04}.Debug|Win32.Build.0 = Debug|Win32
		{191891AE-C6A4-41E8-910E-565BB5000D04}.Maya_Debug|Win32.ActiveCfg = Maya_Debug|Win32
		{191891AE-C6A4-41E8-910E-565BB5000D04}.Maya_Debug|Win32.Build.0 = Maya_Debug|Win32
		{191891AE-C6A4-41E8-910E-565BB5000D04}.Maya_Release|Win32.ActiveCfg = Maya_Release|Win32
		{191891AE-C6A4-41E8-910E-565BB5000D04}.Maya_Release|Win32.Build.0 = Maya_Release|Win32
		{191891AE-C6A4-41E8-910E-565BB5000D04}.Programming|Win32.ActiveCfg = Programming|Win32
		{191891AE-C6A4-41E8-910E-565BB5000D04}.Programming|Win32.Build.0 = Programming|Win32
		{191891AE-C6A4-41E8-910E-565BB5000D04}.Public_Build|Win32.ActiveCfg = Public_Build|Win32
		{191891AE-C6A4-41E8-910E-565BB5000D04}.Public_Build|Win32.Build.0 = Public_Build|Win32
		{191891AE-C6A4-41E8-910E-565BB5000D04}.Release|Win32.ActiveCfg = Release|Win32
		{191891AE-C6A4-41E8-910E-565BB5000D04}.Release|Win32.Build.0 = Release|Win32
		{191891AE-C6A4-41E8-910E-565BB5000D04}.Securom|Win32.ActiveCfg = Securom|Win32
		{191891AE-C6A4-41E8-910E-565BB5000D04}.Securom|Win32.Build.0 = Securom|Win32
		{9FD90458-A8B0-487C-A8C2-4EC717462A95}.Debug|Win32.ActiveCfg = Debug|Win32
		{9FD90458-A8B0-487C-A8C2-4EC717462A95}.Debug|Win32.Build.0 = Debug|Win32
		{9FD90458-A8B0-487C-A8C2-4EC717462A95}.Maya_Debug|Win32.ActiveCfg = Maya_Debug|Win32
		{9FD90458-A8B0-487C-A8C2-4EC717462A95}.Maya_Debug|Win32.Build.0 = Maya_Debug|Win32
		{9FD90458-A8B0-487C-A8C2-4EC717462A95}.Maya_Release|Win32.ActiveCfg = Maya_Release|Win32
		{9FD90458-A8B0-487C-A8C2-4EC717462A95}.Maya_Release|Win32.Build.0 = Maya_Release|Win32
		{9FD90458-A8B0-487C-A8C2-4EC717462A95}.Programming|Win32.ActiveCfg = Programming|Win32
		{9FD90458-A8B0-487C-A8C2-4EC717462A95}.Programming|Win32.Build.0 = Programming|Win32
		{9FD90458-A8B0-487C-A8C2-4EC717462A95}.Public_Build|Win32.ActiveCfg = Public_Build|Win32
		{9FD90458-A8B0-487C-A8C2-4EC717462A95}.Public_Build|Win32.Build.0 = Public_Build|Win32
		{9FD90458-A8B0-487C-A8C2-4EC717462A95}.Release|Win32.ActiveCfg = Release|Win32
		{9FD90458-A8B0-487C-A8C2-4EC717462A95}.Release|Win32.Build.0 = Release|Win32
		{9FD90458-A8B0-487C-A8C2-4EC717462A95}.Securom|Win32.ActiveCfg = Securom|Win32
		{9FD90458-A8B0-487C-A8C2-4EC717462A95}.Securom|Win32.Build.0 = Securom|Win32
		{66B5D938-4F83-4645-B685-AAC19BAE5FE6}.Debug|Win32.ActiveCfg = Debug|Win32
		{66B5D938-4F83-4645-B685-AAC19BAE5FE6}.Debug|Win32.Build.0 = Debug|Win32
		{66B5D938-4F83-4645-B685-AAC19BAE5FE6}.Maya_Debug|Win32.ActiveCfg = Maya_Debug|Win32
		{66B5D938-4F83-4645-B685-AAC19BAE5FE6}.Maya_Debug|Win32.Build.0 = Maya_Debug|Win32
		{66B5D938-4F83-4645-B685-AAC19BAE5FE6}.Maya_Release|Win32.ActiveCfg = Maya_Release|Win32
		{66B5D938-4F83-4645-B685-AAC19BAE5FE6}.Maya_Release|Win32.Build.0 = Maya_Release|Win32
		{66B5D938-4F83-4645-B685-AAC19BAE5FE6}.Programming|Win32.ActiveCfg = Programming|Win32
		{66B5D938-4F83-4645-B685-AAC19BAE5FE6}.Programming|Win32.Build.0 = Programming|Win32
		{66B5D938-4F83-4645-B685-AAC19BAE5FE6}.Public_Build|Win32.ActiveCfg = Public_Build|Win32
		{66B5D938-4F83-4645-B685-AAC19BAE5FE6}.Public_Build|Win32.Build.0 = Public_Build|Win32
		{66B5D938-4F83-4645-B685-AAC19BAE5FE6}.Release|Win32.ActiveCfg = Release|Win32
		{66B5D938-4F83-4645-B685-AAC19BAE5FE6}.Release|Win32.Build.0 = Release|Win32
		{66B5D938-4F83-4645-B685-AAC19BAE5FE6}.Securom|Win32.ActiveCfg = Securom|Win32
		{66B5D938-4F83-4645-B685-AAC19BAE5FE6}.Securom|Win32.Build.0 = Securom|Win32
		{55B6D4B5-DCDA-4AB7-B731-0B7AEEA99691}.Debug|Win32.ActiveCfg = Debug|Win32
		{55B6D4B5-DCDA-4AB7-B731-0B7AEEA99691}.Debug|Win32.Build.0 = Debug|Win32
		{55B6D4B5-DCDA-4AB7-B731-0B7AEEA99691}.Maya_Debug|Win32.ActiveCfg = Maya_Debug|Win32
		{55B6D4B5-DCDA-4AB7-B731-0B7AEEA99691}.Maya_Debug|Win32.Build.0 = Maya_Debug|Win32
		{55B6D4B5-DCDA-4AB7-B731-0B7AEEA99691}.Maya_Release|Win32.ActiveCfg = Maya_Release|Win32
		{55B6D4B5-DCDA-4AB7-B731-0B7AEEA99691}.Maya_Release|Win32.Build.0 = Maya_Release|Win32
		{55B6D4B5-DCDA-4AB7-B731-0B7AEEA99691}.Programming|Win32.ActiveCfg = Programming|Win32
		{55B6D4B5-DCDA-4AB7-B731-0B7AEEA99691}.Programming|Win32.Build.0 = Programming|Win32
		{55B6D4B5-DCDA-4AB7-B731-0B7AEEA99691}.Public_Build|Win32.ActiveCfg = Public_Build|Win32
		{55B6D4B5-DCDA-4AB7-B731-0B7AEEA99691}.Public_Build|Win32.Build.0 = Public_Build|Win32
		{55B6D4B5-DCDA-4AB7-B731-0B7AEEA99691}.Release|Win32.ActiveCfg = Release|Win32
		{55B6D4B5-DCDA-4AB7-B731-0B7AEEA99691}.Release|Win32.Build.0 = Release|Win32
		{55B6D4B5-DCDA-4AB7-B731-0B7AEEA99691}.Securom|Win32.ActiveCfg = Securom|Win32
		{55B6D4B5-DCDA-4AB7-B731-0B7AEEA99691}.Securom|Win32.Build.0 = Securom|Win32
		{C22BEE45-049A-4C56-BC9F-025150B98EBD}.Debug|Win32.ActiveCfg = Debug|Win32
		{C22BEE45-049A-4C56-BC9F-025150B98EBD}.Debug|Win32.Build.0 = Debug|Win32
		{C22BEE45-049A-4C56-BC9F-025150B98EBD}.Maya_Debug|Win32.ActiveCfg = Maya_Debug|Win32
		{C22BEE45-049A-4C56-BC9F-025150B98EBD}.Maya_Debug|Win32.Build.0 = Maya_Debug|Win32
		{C22BEE45-049A-4C56-BC9F-025150B98EBD}.Maya_Release|Win32.ActiveCfg = Maya_Release|Win32
		{C22BEE45-049A-4C56-BC9F-025150B98EBD}.Maya_Release|Win32.Build.0 = Maya_Release|Win32
		{C22BEE45-049A-4C56-BC9F-025150B98EBD}.Programming|Win32.ActiveCfg = Programming|Win32
		{C22BEE45-049A-4C56-BC9F-025150B98EBD}.Programming|Win32.Build.0 = Programming|Win32
		{C22BEE45-049A-4C56-BC9F-025150B98EBD}.Public_Build|Win32.ActiveCfg = Public_Build|Win32
		{C22BEE45-049A-4C56-BC9F-025150B98EBD}.Public_Build|Win32.Build.0 = Public_Build|Win32
		{C22BEE45-049A-4C56-BC9F-025150B98EBD}.Release|Win32.ActiveCfg = Release|Win32
		{C22BEE45-049A-4C56-BC9F-025150B98EBD}.Release|Win32.Build.0 = Release|Win32
		{C22BEE45-049A-4C56-BC9F-025150B98EBD}.Securom|Win32.ActiveCfg = Securom|Win32
		{C22BEE45-049A-4C56-BC9F-025150B98EBD}.Securom|Win32.Build.0 = Securom|Win32
		{175070B1-DB07-48CE-B4FF-5FBEE2C6F6EA}.Debug|Win32.ActiveCfg = Debug|Win32
		{175070B1-DB07-48CE-B4FF-5FBEE2C6F6EA}.Debug|Win32.Build.0 = Debug|Win32
		{175070B1-DB07-48CE-B4FF-5FBEE2C6F6EA}.Maya_Debug|Win32.ActiveCfg = Maya_Debug|Win32
		{175070B1-DB07-48CE-B4FF-5FBEE2C6F6EA}.Maya_Debug|Win32.Build.0 = Maya_Debug|Win32
		{175070B1-DB07-48CE-B4FF-5FBEE2C6F6EA}.Maya_Release|Win32.ActiveCfg = Maya_Release|Win32
		{175070B1-DB07-48CE-B4FF-5FBEE2C6F6EA}.Maya_Release|Win32.Build.0 = Maya_Release|Win32
		{175070B1-DB07-48CE-B4FF-5FBEE2C6F6EA}.Programming|Win32.ActiveCfg = Programming|Win32
		{175070B1-DB07-48CE-B4FF-5FBEE2C6F6EA}.Programming|Win32.Build.0 = Programming|Win32
		{175070B1-DB07-48CE-B4FF-5FBEE2C6F6EA}.Public_Build|Win32.ActiveCfg = Public_Build|Win32
		{175070B1-DB07-48CE-B4FF-5FBEE2C6F6EA}.Public_Build|Win32.Build.0 = Public_Build|Win32
		{175070B1-DB07-48CE-B4FF-5FBEE2C6F6EA}.Release|Win32.ActiveCfg = Release|Win32
		{175070B1-DB07-48CE-B4FF-5FBEE2C6F6EA}.Release|Win32.Build.0 = Release|Win32
		{175070B1-DB07-48CE-B4FF-5FBEE2C6F6EA}.Securom|Win32.ActiveCfg = Securom|Win32
		{175070B1-DB07-48CE-B4FF-5FBEE2C6F6EA}.Securom|Win32.Build.0 = Securom|Win32
		{7B594F56-B4C2-41CD-8483-AF667D4CBE32}.Debug|Win32.ActiveCfg = Debug|Win32
		{7B594F56-B4C2-41CD-8483-AF667D4CBE32}.Debug|Win32.Build.0 = Debug|Win32
		{7B594F56-B4C2-41CD-8483-AF667D4CBE32}.Maya_Debug|Win32.ActiveCfg = Maya_Debug|Win32
		{7B594F56-B4C2-41CD-8483-AF667D4CBE32}.Maya_Debug|Win32.Build.0 = Maya_Debug|Win32
		{7B594F56-B4C2-41CD-8483-AF667D4CBE32}.Maya_Release|Win32.ActiveCfg = Maya_Release|Win32
		{7B594F56-B4C2-41CD-8483-AF667D4CBE32}.Maya_Release|Win32.Build.0 = Maya_Release|Win32
		{7B594F56-B4C2-41CD-8483-AF667D4CBE32}.Programming|Win32.ActiveCfg = Programming|Win32
		{7B594F56-B4C2-41CD-8483-AF667D4CBE32}.Programming|Win32.Build.0 = Programming|Win32
		{7B594F56-B4C2-41CD-8483-AF667D4CBE32}.Public_Build|Win32.ActiveCfg = Public_Build|Win32
		{7B594F56-B4C2-41CD-8483-AF667D4CBE32}.Public_Build|Win32.Build.0 = Public_Build|Win32
		{7B594F56-B4C2-41CD-8483-AF667D4CBE32}.Release|Win32.ActiveCfg = Release|Win32
		{7B594F56-B4C2-41CD-8483-AF667D4CBE32}.Release|Win32.Build.0 = Release|Win32
		{7B594F56-B4C2-41CD-8483-AF667D4CBE32}.Securom|Win32.ActiveCfg = Securom|Win32
		{7B594F56-B4C2-41CD-8483-AF667D4CBE32}.Securom|Win32.Build.0 = Securom|Win32
		{A6CD24E1-E895-4A1C-81D5-451E7FB2305B}.Debug|Win32.ActiveCfg = Debug|Win32
		{A6CD24E1-E895-4A1C-81D5-451E7FB2305B}.Debug|Win32.Build.0 = Debug|Win32
		{A6CD24E1-E895-4A1C-81D5-451E7FB2305B}.Maya_Debug|Win32.ActiveCfg = Maya_Debug|Win32
		{A6CD24E1-E895-4A1C-81D5-451E7FB2305B}.Maya_Debug|Win32.Build.0 = Maya_Debug|Win32
		{A6CD24E1-E895-4A1C-81D5-451E7FB2305B}.Maya_Release|Win32.ActiveCfg = Maya_Release|Win32
		{A6CD24E1-E895-4A1C-81D5-451E7FB2305B}.Maya_Release|Win32.Build.0 = Maya_Release|Win32
		{A6CD24E1-E895-4A1C-81D5-451E7FB2305B}.Programming|Win32.ActiveCfg = Programming|Win32
		{A6CD24E1-E895-4A1C-81D5-451E7FB2305B}.Programming|Win32.Build.0 = Programming|Win32
		{A6CD24E1-E895-4A1C-81D5-451E7FB2305B}.Public_Build|Win32.ActiveCfg = Public_Build|Win32
		{A6CD24E1-E895-4A1C-81D5-451E7FB2305B}.Public_Build|Win32.Build.0 = Public_Build|Win32
		{A6CD24E1-E895-4A1C-81D5-451E7FB2305B}.Release|Win32.ActiveCfg = Release|Win32
		{A6CD24E1-E895-4A1C-81D5-451E7FB2305B}.Release|Win32.Build.0 = Release|Win32
		{A6CD24E1-E895-4A1C-81D5-451E7FB2305B}.Securom|Win32.ActiveCfg = Securom|Win32
		{A6CD24E1-E895-4A1C-81D5-451E7FB2305B}.Securom|Win32.Build.0 = Securom|Win32
		{5F7C0594-4D20-4B2A-B4C2-6AFE912C9E5F}.Debug|Win32.ActiveCfg = Debug|Win32
		{5F7C0594-4D20-4B2A-B4C2-6AFE912C9E5F}.Debug|Win32.Build.0 = Debug|Win32
		{5F7C0594-4D20-4B2A-B4C2-6AFE912C9E5F}.Maya_Debug|Win32.ActiveCfg = Maya_Debug|Win32
		{5F7C0594-4D20-4B2A-B4C2-6AFE912C9E5F}.Maya_Debug|Win32.Build.0 = Maya_Debug|Win32
		{5F7C0594-4D20-4B2A-B4C2-6AFE912C9E5F}.Maya_Release|Win32.ActiveCfg = Maya_Release|Win32
		{5F7C0594-4D20-4B2A-B4C2-6AFE912C9E5F}.Maya_Release|Win32.Build.0 = Maya_Release|Win32
		{5F7C0594-4D20-4B2A-B4C2-6AFE912C9E5F}.Programming|Win32.ActiveCfg = Programming|Win32
		{5F7C0594-4D20-4B2A-B4C2-6AFE912C9E5F}.Programming|Win32.Build.0 = Programming|Win32
		{5F7C0594-4D20-4B2A-B4C2-6AFE912C9E5F}.Public_Build|Win32.ActiveCfg = Public_Build|Win32
		{5F7C0594-4D20-4B2A-B4C2-6AFE912C9E5F}.Public_Build|Win32.Build.0 = Public_Build|Win32
		{5F7C0594-4D20-4B2A-B4C2-6AFE912C9E5F}.Release|Win32.ActiveCfg = Release|Win32
		{5F7C0594-4D20-4B2A-B4C2-6AFE912C9E5F}.Release|Win32.Build.0 = Release|Win32
		{5F7C0594-4D20-4B2A-B4C2-6AFE912C9E5F}.Securom|Win32.ActiveCfg = Securom|Win32
		{5F7C0594-4D20-4B2A-B4C2-6AFE912C9E5F}.Securom|Win32.Build.0 = Securom|Win32
		{E190BF4D-F181-4956-94A3-39E6F6C5572E}.Debug|Win32.ActiveCfg = Debug|Win32
		{E190BF4D-F181-4956-94A3-39E6F6C5572E}.Debug|Win32.Build.0 = Debug|Win32
		{E190BF4D-F181-4956-94A3-39E6F6C5572E}.Maya_Debug|Win32.ActiveCfg = Maya_Debug|Win32
		{E190BF4D-F181-4956-94A3-39E6F6C5572E}.Maya_Debug|Win32.Build.0 = Maya_Debug|Win32
		{E190BF4D-F181-4956-94A3-39E6F6C5572E}.Maya_Release|Win32.ActiveCfg = Maya_Release|Win32
		{E190BF4D-F181-4956-94A3-39E6F6C5572E}.Maya_Release|Win32.Build.0 = Maya_Release|Win32
		{E190BF4D-F181-4956-94A3-39E6F6C5572E}.Programming|Win32.ActiveCfg = Programming|Win32
		{E190BF4D-F181-4956-94A3-39E6F6C5572E}.Programming|Win32.Build.0 = Programming|Win32
		{E190BF4D-F181-4956-94A3-39E6F6C5572E}.Public_Build|Win32.ActiveCfg = Public_Build|Win32
		{E190BF4D-F181-4956-94A3-39E6F6C5572E}.Public_Build|Win32.Build.0 = Public_Build|Win32
		{E190BF4D-F181-4956-94A3-39E6F6C5572E}.Release|Win32.ActiveCfg = Release|Win32
		{E190BF4D-F181-4956-94A3-39E6F6C5572E}.Release|Win32.Build.0 = Release|Win32
		{E190BF4D-F181-4956-94A3-39E6F6C5572E}.Securom|Win32.ActiveCfg = Securom|Win32
		{E190BF4D-F181-4956-94A3-39E6F6C5572E}.Securom|Win32.Build.0 = Securom|Win32
		{2F4943AE-3A90-47A6-84B3-7198E2481491}.Debug|Win32.ActiveCfg = Debug|Win32
		{2F4943AE-3A90-47A6-84B3-7198E2481491}.Debug|Win32.Build.0 = Debug|Win32
		{2F4943AE-3A90-47A6-84B3-7198E2481491}.Maya_Debug|Win32.ActiveCfg = Maya_Debug|Win32
		{2F4943AE-3A90-47A6-84B3-7198E2481491}.Maya_Debug|Win32.Build.0 = Maya_Debug|Win32
		{2F4943AE-3A90-47A6-84B3-7198E2481491}.Maya_Release|Win32.ActiveCfg = Maya_Release|Win32
		{2F4943AE-3A90-47A6-84B3-7198E2481491}.Maya_Release|Win32.Build.0 = Maya_Release|Win32
		{2F4943AE-3A90-47A6-84B3-7198E2481491}.Programming|Win32.ActiveCfg = Programming|Win32
		{2F4943AE-3A90-47A6-84B3-7198E2481491}.Programming|Win32.Build.0 = Programming|Win32
		{2F4943AE-3A90-47A6-84B3-7198E2481491}.Public_Build|Win32.ActiveCfg = Public_Build|Win32
		{2F4943AE-3A90-47A6-84B3-7198E2481491}.Public_Build|Win32.Build.0 = Public_Build|Win32
		{2F4943AE-3A90-47A6-84B3-7198E2481491}.Release|Win32.ActiveCfg = Release|Win32
		{2F4943AE-3A90-47A6-84B3-7198E2481491}.Release|Win32.Build.0 = Release|Win32
		{2F4943AE-3A90-47A6-84B3-7198E2481491}.Securom|Win32.ActiveCfg = Securom|Win32
		{2F4943AE-3A90-47A6-84B3-7198E2481491}.Securom|Win32.Build.0 = Securom|Win32
		{6638A9D3-3885-4FD1-AE43-27A1FAC306C5}.Debug|Win32.ActiveCfg = Debug|Win32
		{6638A9D3-3885-4FD1-AE43-27A1FAC306C5}.Debug|Win32.Build.0 = Debug|Win32
		{6638A9D3-3885-4FD1-AE43-27A1FAC306C5}.Maya_Debug|Win32.ActiveCfg = Maya_Debug|Win32
		{6638A9D3-3885-4FD1-AE43-27A1FAC306C5}.Maya_Debug|Win32.Build.0 = Maya_Debug|Win32
		{6638A9D3-3885-4FD1-AE43-27A1FAC306C5}.Maya_Release|Win32.ActiveCfg = Maya_Release|Win32
		{6638A9D3-3885-4FD1-AE43-27A1FAC306C5}.Maya_Release|Win32.Build.0 = Maya_Release|Win32
		{6638A9D3-3885-4FD1-AE43-27A1FAC306C5}.Programming|Win32.ActiveCfg = Programming|Win32
		{6638A9D3-3885-4FD1-AE43-27A1FAC306C5}.Programming|Win32.Build.0 = Programming|Win32
		{6638A9D3-3885-4FD1-AE43-27A1FAC306C5}.Public_Build|Win32.ActiveCfg = Public_Build|Win32
		{6638A9D3-3885-4FD1-AE43-27A1FAC306C5}.Public_Build|Win32.Build.0 = Public_Build|Win32
		{6638A9D3-3885-4FD1-AE43-27A1FAC306C5}.Release|Win32.ActiveCfg = Release|Win32
		{6638A9D3-3885-4FD1-AE43-27A1FAC306C5}.Release|Win32.Build.0 = Release|Win32
		{6638A9D3-3885-4FD1-AE43-27A1FAC306C5}.Securom|Win32.ActiveCfg = Securom|Win32
		{6638A9D3-3885-4FD1-AE43-27A1FAC306C5}.Securom|Win32.Build.0 = Securom|Win32
	EndGlobalSection
	GlobalSection(SolutionProperties) = preSolution
		HideSolutionNode = FALSE
	EndGlobalSection
	GlobalSection(NestedProjects) = preSolution
		{40CCC1E2-6DF0-4AA6-BD4D-CCF7D323879F} = {832A854F-2030-4EA4-86FE-EDEEC017E78E}
		{654D0C3A-5C3F-4251-AE00-2681040AFF02} = {832A854F-2030-4EA4-86FE-EDEEC017E78E}
		{133059DA-78A8-4A00-A043-611A873EE728} = {832A854F-2030-4EA4-86FE-EDEEC017E78E}
		{F385B3F2-47C5-44F3-ABCA-E8A899ED8CE9} = {832A854F-2030-4EA4-86FE-EDEEC017E78E}
		{9E27C1C2-259E-43B4-AAF3-67B1174237C4} = {832A854F-2030-4EA4-86FE-EDEEC017E78E}
		{BB1DB709-6771-431D-910A-99CBD979FD02} = {832A854F-2030-4EA4-86FE-EDEEC017E78E}
		{391E2CA8-1AAA-491F-9747-796D0EA4660E} = {832A854F-2030-4EA4-86FE-EDEEC017E78E}
		{C09843C0-3EF8-4D9A-B55E-47C6EF4AFD90} = {832A854F-2030-4EA4-86FE-EDEEC017E78E}
		{A34EE712-5F48-4B29-8453-1BCA60252738} = {832A854F-2030-4EA4-86FE-EDEEC017E78E}
		{BB5FDE8D-B1AD-4746-AEAF-7B4E5B679FCB} = {832A854F-2030-4EA4-86FE-EDEEC017E78E}
		{A849355B-BB09-4066-A3DC-7FBD82FED154} = {832A854F-2030-4EA4-86FE-EDEEC017E78E}
		{A91DE75A-176F-4B81-80B4-80A542EA1D66} = {832A854F-2030-4EA4-86FE-EDEEC017E78E}
		{937FA7B7-AFEE-404C-9D6E-55DF41689D6C} = {832A854F-2030-4EA4-86FE-EDEEC017E78E}
		{55B6D4B5-DCDA-4AB7-B731-0B7AEEA99691} = {832A854F-2030-4EA4-86FE-EDEEC017E78E}
		{C22BEE45-049A-4C56-BC9F-025150B98EBD} = {832A854F-2030-4EA4-86FE-EDEEC017E78E}
		{175070B1-DB07-48CE-B4FF-5FBEE2C6F6EA} = {832A854F-2030-4EA4-86FE-EDEEC017E78E}
		{7B594F56-B4C2-41CD-8483-AF667D4CBE32} = {832A854F-2030-4EA4-86FE-EDEEC017E78E}
		{A6CD24E1-E895-4A1C-81D5-451E7FB2305B} = {832A854F-2030-4EA4-86FE-EDEEC017E78E}
		{5F7C0594-4D20-4B2A-B4C2-6AFE912C9E5F} = {832A854F-2030-4EA4-86FE-EDEEC017E78E}
		{E190BF4D-F181-4956-94A3-39E6F6C5572E} = {832A854F-2030-4EA4-86FE-EDEEC017E78E}
		{2F4943AE-3A90-47A6-84B3-7198E2481491} = {832A854F-2030-4EA4-86FE-EDEEC017E78E}
		{6638A9D3-3885-4FD1-AE43-27A1FAC306C5} = {832A854F-2030-4EA4-86FE-EDEEC017E78E}
		{53EBE4CA-3F2D-4EA1-B4D0-A572242B0F98} = {3B2AD919-B940-473D-A9CC-62428540DEC5}
		{D1B68D60-A205-421A-9EDB-9C72448F45EF} = {3B2AD919-B940-473D-A9CC-62428540DEC5}
		{14477258-F09A-4B72-842B-46D1604353BE} = {3B2AD919-B940-473D-A9CC-62428540DEC5}
		{89280679-C8D3-4D8B-991D-6C5E2F48AA8F} = {3B2AD919-B940-473D-A9CC-62428540DEC5}
		{0F7E46F5-FC8D-4A9D-BA82-D27F56BE4048} = {3B2AD919-B940-473D-A9CC-62428540DEC5}
		{474D2090-35BE-4818-99A9-AAC953FF7D4C} = {3B2AD919-B940-473D-A9CC-62428540DEC5}
		{337E6E09-FDD3-45FE-AD56-9D259BE4841C} = {3B2AD919-B940-473D-A9CC-62428540DEC5}
		{DAD7841E-8AB6-4978-9A39-BE4F5C1D6001} = {3B2AD919-B940-473D-A9CC-62428540DEC5}
		{B03D4802-3CE7-4AD4-9871-A6E2ED65D740} = {3B2AD919-B940-473D-A9CC-62428540DEC5}
		{78FDF7D7-9F18-4B53-BBEF-C9111DB6665E} = {3B2AD919-B940-473D-A9CC-62428540DEC5}
		{1B821AF4-B3C3-4BCD-A032-4083F8C27B0A} = {3B2AD919-B940-473D-A9CC-62428540DEC5}
		{4D2FAC38-95F6-4D74-A915-6B616345ECBD} = {3B2AD919-B940-473D-A9CC-62428540DEC5}
		{68FB95B5-EA21-448C-9C46-1ABE9E6117A0} = {3B2AD919-B940-473D-A9CC-62428540DEC5}
		{DA1F763C-01D7-4B41-AA0F-085A84C8BF2A} = {3B2AD919-B940-473D-A9CC-62428540DEC5}
		{D49C77D1-96B4-42A5-87BE-B4F928AB5D9D} = {3B2AD919-B940-473D-A9CC-62428540DEC5}
		{25CB58D3-1C40-45EE-8508-57F8D4DDCC21} = {3B2AD919-B940-473D-A9CC-62428540DEC5}
		{5B82E858-0082-4B22-B488-D48F37F31A31} = {3B2AD919-B940-473D-A9CC-62428540DEC5}
		{8E51849C-AAC3-4880-A4AB-E744C3FC249D} = {3B2AD919-B940-473D-A9CC-62428540DEC5}
		{5A30D03B-CBE2-42B8-8180-30B8B7F2B72A} = {3B2AD919-B940-473D-A9CC-62428540DEC5}
		{191891AE-C6A4-41E8-910E-565BB5000D04} = {3B2AD919-B940-473D-A9CC-62428540DEC5}
		{9FD90458-A8B0-487C-A8C2-4EC717462A95} = {3B2AD919-B940-473D-A9CC-62428540DEC5}
		{66B5D938-4F83-4645-B685-AAC19BAE5FE6} = {3B2AD919-B940-473D-A9CC-62428540DEC5}
		{EF6F113B-EACC-471F-95A2-ED30A545FCF0} = {28B9CEF2-57A6-4EE5-8235-2014936D9FE7}
		{8DF4B071-0CD7-47AC-8240-E08E12A1E1F2} = {28B9CEF2-57A6-4EE5-8235-2014936D9FE7}
		{F884C75E-0F4C-483E-B4A8-3AFA96CB14B1} = {28B9CEF2-57A6-4EE5-8235-2014936D9FE7}
		{456B8E42-2F16-4C59-A256-7E79EC57A921} = {28B9CEF2-57A6-4EE5-8235-2014936D9FE7}
		{EC0A3ADC-401C-417B-98EF-D5464653EA10} = {28B9CEF2-57A6-4EE5-8235-2014936D9FE7}
		{425C6486-6A42-4443-A5C9-E1C92597EB9A} = {28B9CEF2-57A6-4EE5-8235-2014936D9FE7}
		{201016A5-CB42-44EE-A542-D7EA51199B51} = {28B9CEF2-57A6-4EE5-8235-2014936D9FE7}
		{CAE5E249-DD91-4C1E-A680-21B5E08C8B5B} = {28B9CEF2-57A6-4EE5-8235-2014936D9FE7}
	EndGlobalSection
EndGlobal
