Microsoft Visual Studio Solution File, Format Version 10.00
# Visual Studio 2008
Project("{2150E333-8FDC-42A3-9474-1A3956D46DE8}") = "NIDLs", "NIDLs", "{798777E9-B38C-4974-BEE3-B1CD45F6A1E6}"
EndProject
Project("{2150E333-8FDC-42A3-9474-1A3956D46DE8}") = "Libs", "Libs", "{832A854F-2030-4EA4-86FE-EDEEC017E78E}"
EndProject
Project("{2150E333-8FDC-42A3-9474-1A3956D46DE8}") = "Exes", "Exes", "{3B2AD919-B940-473D-A9CC-62428540DEC5}"
EndProject
Project("{2150E333-8FDC-42A3-9474-1A3956D46DE8}") = "Jobs", "Jobs", "{28B9CEF2-57A6-4EE5-8235-2014936D9FE7}"
EndProject
Project("{8BC9CEB8-8B4A-11D0-8D11-00A0C91BC942}") = "foundation_nidls_win32", "foundation_nidls_win32.vcproj", "{ED4CF36F-E823-47DF-884F-D57E47E7E9FD}"
EndProject
Project("{8BC9CEB8-8B4A-11D0-8D11-00A0C91BC942}") = "render_nidls_win32", "render_nidls_win32.vcproj", "{7EA7A99C-B780-467D-8426-A8D3FA785B67}"
EndProject
Project("{8BC9CEB8-8B4A-11D0-8D11-00A0C91BC942}") = "remote_nidls_win32", "remote_nidls_win32.vcproj", "{EAA80972-FA4C-4D2F-A6D5-06BB89B3D2AC}"
EndProject
Project("{8BC9CEB8-8B4A-11D0-8D11-00A0C91BC942}") = "render_charevalskeletonjob_win32", "render_charevalskeletonjob_win32.vcproj", "{8DF4B071-0CD7-47AC-8240-E08E12A1E1F2}"
EndProject
Project("{8BC9CEB8-8B4A-11D0-8D11-00A0C91BC942}") = "render_animjobsample_win32", "render_animjobsample_win32.vcproj", "{F884C75E-0F4C-483E-B4A8-3AFA96CB14B1}"
EndProject
Project("{8BC9CEB8-8B4A-11D0-8D11-00A0C91BC942}") = "render_animjobsamplemix_win32", "render_animjobsamplemix_win32.vcproj", "{456B8E42-2F16-4C59-A256-7E79EC57A921}"
EndProject
Project("{8BC9CEB8-8B4A-11D0-8D11-00A0C91BC942}") = "render_particlejob_win32", "render_particlejob_win32.vcproj", "{EF6F113B-EACC-471F-95A2-ED30A545FCF0}"
EndProject
Project("{8BC9CEB8-8B4A-11D0-8D11-00A0C91BC942}") = "render_visibilityquadtreejob_win32", "render_visibilityquadtreejob_win32.vcproj", "{EC0A3ADC-401C-417B-98EF-D5464653EA10}"
EndProject
Project("{8BC9CEB8-8B4A-11D0-8D11-00A0C91BC942}") = "render_visibilityboxsystemjob_win32", "render_visibilityboxsystemjob_win32.vcproj", "{425C6486-6A42-4443-A5C9-E1C92597EB9A}"
EndProject
Project("{8BC9CEB8-8B4A-11D0-8D11-00A0C91BC942}") = "foundation_win32", "foundation_win32.vcproj", "{40CCC1E2-6DF0-4AA6-BD4D-CCF7D323879F}"
	ProjectSection(ProjectDependencies) = postProject
		{ED4CF36F-E823-47DF-884F-D57E47E7E9FD} = {ED4CF36F-E823-47DF-884F-D57E47E7E9FD}
	EndProjectSection
EndProject
Project("{8BC9CEB8-8B4A-11D0-8D11-00A0C91BC942}") = "render_win32", "render_win32.vcproj", "{654D0C3A-5C3F-4251-AE00-2681040AFF02}"
	ProjectSection(ProjectDependencies) = postProject
		{EF6F113B-EACC-471F-95A2-ED30A545FCF0} = {EF6F113B-EACC-471F-95A2-ED30A545FCF0}
		{456B8E42-2F16-4C59-A256-7E79EC57A921} = {456B8E42-2F16-4C59-A256-7E79EC57A921}
		{F884C75E-0F4C-483E-B4A8-3AFA96CB14B1} = {F884C75E-0F4C-483E-B4A8-3AFA96CB14B1}
		{8DF4B071-0CD7-47AC-8240-E08E12A1E1F2} = {8DF4B071-0CD7-47AC-8240-E08E12A1E1F2}
		{425C6486-6A42-4443-A5C9-E1C92597EB9A} = {425C6486-6A42-4443-A5C9-E1C92597EB9A}
		{7EA7A99C-B780-467D-8426-A8D3FA785B67} = {7EA7A99C-B780-467D-8426-A8D3FA785B67}
		{EC0A3ADC-401C-417B-98EF-D5464653EA10} = {EC0A3ADC-401C-417B-98EF-D5464653EA10}
	EndProjectSection
EndProject
Project("{8BC9CEB8-8B4A-11D0-8D11-00A0C91BC942}") = "tinyxml_win32", "tinyxml_win32.vcproj", "{133059DA-78A8-4A00-A043-611A873EE728}"
EndProject
Project("{8BC9CEB8-8B4A-11D0-8D11-00A0C91BC942}") = "zlib_win32", "zlib_win32.vcproj", "{F385B3F2-47C5-44F3-ABCA-E8A899ED8CE9}"
EndProject
Project("{8BC9CEB8-8B4A-11D0-8D11-00A0C91BC942}") = "db_win32", "db_win32.vcproj", "{C22BEE45-049A-4C56-BC9F-025150B98EBD}"
EndProject
Project("{8BC9CEB8-8B4A-11D0-8D11-00A0C91BC942}") = "sqlite_win32", "sqlite_win32.vcproj", "{5F7C0594-4D20-4B2A-B4C2-6AFE912C9E5F}"
EndProject
Project("{8BC9CEB8-8B4A-11D0-8D11-00A0C91BC942}") = "attr_win32", "attr_win32.vcproj", "{A34EE712-5F48-4B29-8453-1BCA60252738}"
EndProject
Project("{8BC9CEB8-8B4A-11D0-8D11-00A0C91BC942}") = "remote_win32", "remote_win32.vcproj", "{175070B1-DB07-48CE-B4FF-5FBEE2C6F6EA}"
	ProjectSection(ProjectDependencies) = postProject
		{EAA80972-FA4C-4D2F-A6D5-06BB89B3D2AC} = {EAA80972-FA4C-4D2F-A6D5-06BB89B3D2AC}
	EndProjectSection
EndProject
Project("{8BC9CEB8-8B4A-11D0-8D11-00A0C91BC942}") = "toolkitutil_win32", "toolkitutil_win32.vcproj", "{9E27C1C2-259E-43B4-AAF3-67B1174237C4}"
EndProject
Project("{8BC9CEB8-8B4A-11D0-8D11-00A0C91BC942}") = "charxmltodb3", "charxmltodb3.vcproj", "{5F4A6DE0-E1A6-48C5-957C-524B7D7694A2}"
	ProjectSection(ProjectDependencies) = postProject
		{A34EE712-5F48-4B29-8453-1BCA60252738} = {A34EE712-5F48-4B29-8453-1BCA60252738}
		{654D0C3A-5C3F-4251-AE00-2681040AFF02} = {654D0C3A-5C3F-4251-AE00-2681040AFF02}
		{C22BEE45-049A-4C56-BC9F-025150B98EBD} = {C22BEE45-049A-4C56-BC9F-025150B98EBD}
		{5F7C0594-4D20-4B2A-B4C2-6AFE912C9E5F} = {5F7C0594-4D20-4B2A-B4C2-6AFE912C9E5F}
		{133059DA-78A8-4A00-A043-611A873EE728} = {133059DA-78A8-4A00-A043-611A873EE728}
		{40CCC1E2-6DF0-4AA6-BD4D-CCF7D323879F} = {40CCC1E2-6DF0-4AA6-BD4D-CCF7D323879F}
		{F385B3F2-47C5-44F3-ABCA-E8A899ED8CE9} = {F385B3F2-47C5-44F3-ABCA-E8A899ED8CE9}
	EndProjectSection
EndProject
Project("{8BC9CEB8-8B4A-11D0-8D11-00A0C91BC942}") = "shaderbatcher3", "shaderbatcher3.vcproj", "{78623E81-4D10-4395-BE77-F72A4B3A05AF}"
	ProjectSection(ProjectDependencies) = postProject
		{9E27C1C2-259E-43B4-AAF3-67B1174237C4} = {9E27C1C2-259E-43B4-AAF3-67B1174237C4}
		{133059DA-78A8-4A00-A043-611A873EE728} = {133059DA-78A8-4A00-A043-611A873EE728}
		{40CCC1E2-6DF0-4AA6-BD4D-CCF7D323879F} = {40CCC1E2-6DF0-4AA6-BD4D-CCF7D323879F}
		{F385B3F2-47C5-44F3-ABCA-E8A899ED8CE9} = {F385B3F2-47C5-44F3-ABCA-E8A899ED8CE9}
	EndProjectSection
EndProject
Project("{8BC9CEB8-8B4A-11D0-8D11-00A0C91BC942}") = "texturebatcher3", "texturebatcher3.vcproj", "{ACA676D3-E17E-4533-BAE2-896DA6132A0F}"
	ProjectSection(ProjectDependencies) = postProject
		{9E27C1C2-259E-43B4-AAF3-67B1174237C4} = {9E27C1C2-259E-43B4-AAF3-67B1174237C4}
		{133059DA-78A8-4A00-A043-611A873EE728} = {133059DA-78A8-4A00-A043-611A873EE728}
		{40CCC1E2-6DF0-4AA6-BD4D-CCF7D323879F} = {40CCC1E2-6DF0-4AA6-BD4D-CCF7D323879F}
		{F385B3F2-47C5-44F3-ABCA-E8A899ED8CE9} = {F385B3F2-47C5-44F3-ABCA-E8A899ED8CE9}
	EndProjectSection
EndProject
Project("{8BC9CEB8-8B4A-11D0-8D11-00A0C91BC942}") = "buildresdict3", "buildresdict3.vcproj", "{B7422BC7-388A-44F3-BC73-1B278967CD70}"
	ProjectSection(ProjectDependencies) = postProject
		{654D0C3A-5C3F-4251-AE00-2681040AFF02} = {654D0C3A-5C3F-4251-AE00-2681040AFF02}
		{9E27C1C2-259E-43B4-AAF3-67B1174237C4} = {9E27C1C2-259E-43B4-AAF3-67B1174237C4}
		{133059DA-78A8-4A00-A043-611A873EE728} = {133059DA-78A8-4A00-A043-611A873EE728}
		{40CCC1E2-6DF0-4AA6-BD4D-CCF7D323879F} = {40CCC1E2-6DF0-4AA6-BD4D-CCF7D323879F}
		{F385B3F2-47C5-44F3-ABCA-E8A899ED8CE9} = {F385B3F2-47C5-44F3-ABCA-E8A899ED8CE9}
	EndProjectSection
EndProject
Project("{8BC9CEB8-8B4A-11D0-8D11-00A0C91BC942}") = "audiobatcher3", "audiobatcher3.vcproj", "{8B998B01-994D-4635-96D2-B477FBF4FF4A}"
	ProjectSection(ProjectDependencies) = postProject
		{9E27C1C2-259E-43B4-AAF3-67B1174237C4} = {9E27C1C2-259E-43B4-AAF3-67B1174237C4}
		{133059DA-78A8-4A00-A043-611A873EE728} = {133059DA-78A8-4A00-A043-611A873EE728}
		{40CCC1E2-6DF0-4AA6-BD4D-CCF7D323879F} = {40CCC1E2-6DF0-4AA6-BD4D-CCF7D323879F}
		{F385B3F2-47C5-44F3-ABCA-E8A899ED8CE9} = {F385B3F2-47C5-44F3-ABCA-E8A899ED8CE9}
	EndProjectSection
EndProject
Project("{8BC9CEB8-8B4A-11D0-8D11-00A0C91BC942}") = "buildclassregistryheader", "buildclassregistryheader.vcproj", "{F35900A7-4574-4D51-A864-6C196E615A88}"
	ProjectSection(ProjectDependencies) = postProject
		{133059DA-78A8-4A00-A043-611A873EE728} = {133059DA-78A8-4A00-A043-611A873EE728}
		{40CCC1E2-6DF0-4AA6-BD4D-CCF7D323879F} = {40CCC1E2-6DF0-4AA6-BD4D-CCF7D323879F}
		{F385B3F2-47C5-44F3-ABCA-E8A899ED8CE9} = {F385B3F2-47C5-44F3-ABCA-E8A899ED8CE9}
	EndProjectSection
EndProject
Project("{8BC9CEB8-8B4A-11D0-8D11-00A0C91BC942}") = "n2converter3", "n2converter3.vcproj", "{F01D6C1E-36D1-4E23-A7FC-B3D8658ABC37}"
	ProjectSection(ProjectDependencies) = postProject
		{654D0C3A-5C3F-4251-AE00-2681040AFF02} = {654D0C3A-5C3F-4251-AE00-2681040AFF02}
		{9E27C1C2-259E-43B4-AAF3-67B1174237C4} = {9E27C1C2-259E-43B4-AAF3-67B1174237C4}
		{133059DA-78A8-4A00-A043-611A873EE728} = {133059DA-78A8-4A00-A043-611A873EE728}
		{40CCC1E2-6DF0-4AA6-BD4D-CCF7D323879F} = {40CCC1E2-6DF0-4AA6-BD4D-CCF7D323879F}
		{F385B3F2-47C5-44F3-ABCA-E8A899ED8CE9} = {F385B3F2-47C5-44F3-ABCA-E8A899ED8CE9}
	EndProjectSection
EndProject
Project("{8BC9CEB8-8B4A-11D0-8D11-00A0C91BC942}") = "n2batchconverter3", "n2batchconverter3.vcproj", "{C906D27C-9E56-4226-9B18-7101610D4133}"
	ProjectSection(ProjectDependencies) = postProject
		{654D0C3A-5C3F-4251-AE00-2681040AFF02} = {654D0C3A-5C3F-4251-AE00-2681040AFF02}
		{9E27C1C2-259E-43B4-AAF3-67B1174237C4} = {9E27C1C2-259E-43B4-AAF3-67B1174237C4}
		{133059DA-78A8-4A00-A043-611A873EE728} = {133059DA-78A8-4A00-A043-611A873EE728}
		{40CCC1E2-6DF0-4AA6-BD4D-CCF7D323879F} = {40CCC1E2-6DF0-4AA6-BD4D-CCF7D323879F}
		{F385B3F2-47C5-44F3-ABCA-E8A899ED8CE9} = {F385B3F2-47C5-44F3-ABCA-E8A899ED8CE9}
	EndProjectSection
EndProject
Project("{8BC9CEB8-8B4A-11D0-8D11-00A0C91BC942}") = "sequenceconverter3", "sequenceconverter3.vcproj", "{39FC3C99-5A5F-4F0D-B0E9-B60E41BF901A}"
	ProjectSection(ProjectDependencies) = postProject
		{9E27C1C2-259E-43B4-AAF3-67B1174237C4} = {9E27C1C2-259E-43B4-AAF3-67B1174237C4}
		{133059DA-78A8-4A00-A043-611A873EE728} = {133059DA-78A8-4A00-A043-611A873EE728}
		{40CCC1E2-6DF0-4AA6-BD4D-CCF7D323879F} = {40CCC1E2-6DF0-4AA6-BD4D-CCF7D323879F}
		{F385B3F2-47C5-44F3-ABCA-E8A899ED8CE9} = {F385B3F2-47C5-44F3-ABCA-E8A899ED8CE9}
	EndProjectSection
EndProject
Project("{8BC9CEB8-8B4A-11D0-8D11-00A0C91BC942}") = "synctool3", "synctool3.vcproj", "{B95ECD2D-6BB9-4B62-9022-AEC3350059D5}"
	ProjectSection(ProjectDependencies) = postProject
		{9E27C1C2-259E-43B4-AAF3-67B1174237C4} = {9E27C1C2-259E-43B4-AAF3-67B1174237C4}
		{133059DA-78A8-4A00-A043-611A873EE728} = {133059DA-78A8-4A00-A043-611A873EE728}
		{40CCC1E2-6DF0-4AA6-BD4D-CCF7D323879F} = {40CCC1E2-6DF0-4AA6-BD4D-CCF7D323879F}
		{F385B3F2-47C5-44F3-ABCA-E8A899ED8CE9} = {F385B3F2-47C5-44F3-ABCA-E8A899ED8CE9}
	EndProjectSection
EndProject
Project("{8BC9CEB8-8B4A-11D0-8D11-00A0C91BC942}") = "archiver3", "archiver3.vcproj", "{8204215D-3EF2-4CF9-A11E-BEB810EC68DD}"
	ProjectSection(ProjectDependencies) = postProject
		{9E27C1C2-259E-43B4-AAF3-67B1174237C4} = {9E27C1C2-259E-43B4-AAF3-67B1174237C4}
		{133059DA-78A8-4A00-A043-611A873EE728} = {133059DA-78A8-4A00-A043-611A873EE728}
		{40CCC1E2-6DF0-4AA6-BD4D-CCF7D323879F} = {40CCC1E2-6DF0-4AA6-BD4D-CCF7D323879F}
		{F385B3F2-47C5-44F3-ABCA-E8A899ED8CE9} = {F385B3F2-47C5-44F3-ABCA-E8A899ED8CE9}
	EndProjectSection
EndProject
Project("{8BC9CEB8-8B4A-11D0-8D11-00A0C91BC942}") = "suiconverter3", "suiconverter3.vcproj", "{7766E2BF-1687-4C94-B4F1-9555A152D4F5}"
	ProjectSection(ProjectDependencies) = postProject
		{9E27C1C2-259E-43B4-AAF3-67B1174237C4} = {9E27C1C2-259E-43B4-AAF3-67B1174237C4}
		{133059DA-78A8-4A00-A043-611A873EE728} = {133059DA-78A8-4A00-A043-611A873EE728}
		{40CCC1E2-6DF0-4AA6-BD4D-CCF7D323879F} = {40CCC1E2-6DF0-4AA6-BD4D-CCF7D323879F}
		{F385B3F2-47C5-44F3-ABCA-E8A899ED8CE9} = {F385B3F2-47C5-44F3-ABCA-E8A899ED8CE9}
	EndProjectSection
EndProject
Project("{8BC9CEB8-8B4A-11D0-8D11-00A0C91BC942}") = "countlines3", "countlines3.vcproj", "{20E69A2F-D758-4C1C-9151-23BE6C33C811}"
	ProjectSection(ProjectDependencies) = postProject
		{9E27C1C2-259E-43B4-AAF3-67B1174237C4} = {9E27C1C2-259E-43B4-AAF3-67B1174237C4}
		{133059DA-78A8-4A00-A043-611A873EE728} = {133059DA-78A8-4A00-A043-611A873EE728}
		{40CCC1E2-6DF0-4AA6-BD4D-CCF7D323879F} = {40CCC1E2-6DF0-4AA6-BD4D-CCF7D323879F}
		{F385B3F2-47C5-44F3-ABCA-E8A899ED8CE9} = {F385B3F2-47C5-44F3-ABCA-E8A899ED8CE9}
	EndProjectSection
EndProject
Project("{8BC9CEB8-8B4A-11D0-8D11-00A0C91BC942}") = "animconverter3", "animconverter3.vcproj", "{A08C11F6-0C66-4EF7-97A5-CA2844FB3ECC}"
	ProjectSection(ProjectDependencies) = postProject
		{9E27C1C2-259E-43B4-AAF3-67B1174237C4} = {9E27C1C2-259E-43B4-AAF3-67B1174237C4}
		{133059DA-78A8-4A00-A043-611A873EE728} = {133059DA-78A8-4A00-A043-611A873EE728}
		{40CCC1E2-6DF0-4AA6-BD4D-CCF7D323879F} = {40CCC1E2-6DF0-4AA6-BD4D-CCF7D323879F}
		{F385B3F2-47C5-44F3-ABCA-E8A899ED8CE9} = {F385B3F2-47C5-44F3-ABCA-E8A899ED8CE9}
	EndProjectSection
EndProject
Project("{8BC9CEB8-8B4A-11D0-8D11-00A0C91BC942}") = "n2tableconverter", "n2tableconverter.vcproj", "{DDF53F18-7C06-43CB-9DCB-5754F64B466F}"
	ProjectSection(ProjectDependencies) = postProject
		{9E27C1C2-259E-43B4-AAF3-67B1174237C4} = {9E27C1C2-259E-43B4-AAF3-67B1174237C4}
		{133059DA-78A8-4A00-A043-611A873EE728} = {133059DA-78A8-4A00-A043-611A873EE728}
		{40CCC1E2-6DF0-4AA6-BD4D-CCF7D323879F} = {40CCC1E2-6DF0-4AA6-BD4D-CCF7D323879F}
		{F385B3F2-47C5-44F3-ABCA-E8A899ED8CE9} = {F385B3F2-47C5-44F3-ABCA-E8A899ED8CE9}
	EndProjectSection
EndProject
Project("{8BC9CEB8-8B4A-11D0-8D11-00A0C91BC942}") = "binaryxmlconverter3", "binaryxmlconverter3.vcproj", "{F2634A45-5D27-4C9A-907F-E4A1ADF9A21B}"
	ProjectSection(ProjectDependencies) = postProject
		{9E27C1C2-259E-43B4-AAF3-67B1174237C4} = {9E27C1C2-259E-43B4-AAF3-67B1174237C4}
		{133059DA-78A8-4A00-A043-611A873EE728} = {133059DA-78A8-4A00-A043-611A873EE728}
		{40CCC1E2-6DF0-4AA6-BD4D-CCF7D323879F} = {40CCC1E2-6DF0-4AA6-BD4D-CCF7D323879F}
		{F385B3F2-47C5-44F3-ABCA-E8A899ED8CE9} = {F385B3F2-47C5-44F3-ABCA-E8A899ED8CE9}
	EndProjectSection
EndProject
Project("{8BC9CEB8-8B4A-11D0-8D11-00A0C91BC942}") = "distributedtesttool", "distributedtesttool.vcproj", "{8612BB55-BAB5-41A9-A214-84F02DF70228}"
	ProjectSection(ProjectDependencies) = postProject
		{9E27C1C2-259E-43B4-AAF3-67B1174237C4} = {9E27C1C2-259E-43B4-AAF3-67B1174237C4}
		{133059DA-78A8-4A00-A043-611A873EE728} = {133059DA-78A8-4A00-A043-611A873EE728}
		{40CCC1E2-6DF0-4AA6-BD4D-CCF7D323879F} = {40CCC1E2-6DF0-4AA6-BD4D-CCF7D323879F}
		{F385B3F2-47C5-44F3-ABCA-E8A899ED8CE9} = {F385B3F2-47C5-44F3-ABCA-E8A899ED8CE9}
	EndProjectSection
EndProject
Project("{8BC9CEB8-8B4A-11D0-8D11-00A0C91BC942}") = "distributedjobservice", "distributedjobservice.vcproj", "{A939D880-F906-4717-8DDC-E3725AC5755F}"
	ProjectSection(ProjectDependencies) = postProject
		{9E27C1C2-259E-43B4-AAF3-67B1174237C4} = {9E27C1C2-259E-43B4-AAF3-67B1174237C4}
		{133059DA-78A8-4A00-A043-611A873EE728} = {133059DA-78A8-4A00-A043-611A873EE728}
		{40CCC1E2-6DF0-4AA6-BD4D-CCF7D323879F} = {40CCC1E2-6DF0-4AA6-BD4D-CCF7D323879F}
		{F385B3F2-47C5-44F3-ABCA-E8A899ED8CE9} = {F385B3F2-47C5-44F3-ABCA-E8A899ED8CE9}
	EndProjectSection
EndProject
Project("{8BC9CEB8-8B4A-11D0-8D11-00A0C91BC942}") = "n3viewer", "n3viewer.vcproj", "{E1DB193E-EE80-4AB9-BEC1-1A18B8182414}"
	ProjectSection(ProjectDependencies) = postProject
		{654D0C3A-5C3F-4251-AE00-2681040AFF02} = {654D0C3A-5C3F-4251-AE00-2681040AFF02}
		{175070B1-DB07-48CE-B4FF-5FBEE2C6F6EA} = {175070B1-DB07-48CE-B4FF-5FBEE2C6F6EA}
		{9E27C1C2-259E-43B4-AAF3-67B1174237C4} = {9E27C1C2-259E-43B4-AAF3-67B1174237C4}
		{133059DA-78A8-4A00-A043-611A873EE728} = {133059DA-78A8-4A00-A043-611A873EE728}
		{40CCC1E2-6DF0-4AA6-BD4D-CCF7D323879F} = {40CCC1E2-6DF0-4AA6-BD4D-CCF7D323879F}
		{F385B3F2-47C5-44F3-ABCA-E8A899ED8CE9} = {F385B3F2-47C5-44F3-ABCA-E8A899ED8CE9}
	EndProjectSection
EndProject
Project("{8BC9CEB8-8B4A-11D0-8D11-00A0C91BC942}") = "nsc3", "nsc3.vcproj", "{D7557628-988A-426E-B601-FD6B36C0D906}"
	ProjectSection(ProjectDependencies) = postProject
		{654D0C3A-5C3F-4251-AE00-2681040AFF02} = {654D0C3A-5C3F-4251-AE00-2681040AFF02}
		{133059DA-78A8-4A00-A043-611A873EE728} = {133059DA-78A8-4A00-A043-611A873EE728}
		{40CCC1E2-6DF0-4AA6-BD4D-CCF7D323879F} = {40CCC1E2-6DF0-4AA6-BD4D-CCF7D323879F}
		{F385B3F2-47C5-44F3-ABCA-E8A899ED8CE9} = {F385B3F2-47C5-44F3-ABCA-E8A899ED8CE9}
	EndProjectSection
EndProject
Project("{8BC9CEB8-8B4A-11D0-8D11-00A0C91BC942}") = "nsh3", "nsh3.vcproj", "{D1592289-F958-4DD8-99C7-7F1760C9A3D5}"
	ProjectSection(ProjectDependencies) = postProject
		{133059DA-78A8-4A00-A043-611A873EE728} = {133059DA-78A8-4A00-A043-611A873EE728}
		{40CCC1E2-6DF0-4AA6-BD4D-CCF7D323879F} = {40CCC1E2-6DF0-4AA6-BD4D-CCF7D323879F}
		{F385B3F2-47C5-44F3-ABCA-E8A899ED8CE9} = {F385B3F2-47C5-44F3-ABCA-E8A899ED8CE9}
	EndProjectSection
EndProject
Project("{8BC9CEB8-8B4A-11D0-8D11-00A0C91BC942}") = "genrandtable", "genrandtable.vcproj", "{02E585F2-E365-4212-B49C-E5854EF73FF1}"
	ProjectSection(ProjectDependencies) = postProject
		{40CCC1E2-6DF0-4AA6-BD4D-CCF7D323879F} = {40CCC1E2-6DF0-4AA6-BD4D-CCF7D323879F}
		{F385B3F2-47C5-44F3-ABCA-E8A899ED8CE9} = {F385B3F2-47C5-44F3-ABCA-E8A899ED8CE9}
	EndProjectSection
EndProject
Global
	GlobalSection(SolutionConfigurationPlatforms) = preSolution
		Debug|Win32 = Debug|Win32
		Maya_Debug|Win32 = Maya_Debug|Win32
		Maya_Release|Win32 = Maya_Release|Win32
		Programming|Win32 = Programming|Win32
		Public_Build|Win32 = Public_Build|Win32
		Release|Win32 = Release|Win32
		Securom|Win32 = Securom|Win32
	EndGlobalSection
	GlobalSection(ProjectConfigurationPlatforms) = postSolution
		{ED4CF36F-E823-47DF-884F-D57E47E7E9FD}.Debug|Win32.ActiveCfg = Debug|Win32
		{ED4CF36F-E823-47DF-884F-D57E47E7E9FD}.Debug|Win32.Build.0 = Debug|Win32
		{ED4CF36F-E823-47DF-884F-D57E47E7E9FD}.Maya_Debug|Win32.ActiveCfg = Maya_Debug|Win32
		{ED4CF36F-E823-47DF-884F-D57E47E7E9FD}.Maya_Debug|Win32.Build.0 = Maya_Debug|Win32
		{ED4CF36F-E823-47DF-884F-D57E47E7E9FD}.Maya_Release|Win32.ActiveCfg = Maya_Release|Win32
		{ED4CF36F-E823-47DF-884F-D57E47E7E9FD}.Maya_Release|Win32.Build.0 = Maya_Release|Win32
		{ED4CF36F-E823-47DF-884F-D57E47E7E9FD}.Programming|Win32.ActiveCfg = Programming|Win32
		{ED4CF36F-E823-47DF-884F-D57E47E7E9FD}.Programming|Win32.Build.0 = Programming|Win32
		{ED4CF36F-E823-47DF-884F-D57E47E7E9FD}.Public_Build|Win32.ActiveCfg = Public_Build|Win32
		{ED4CF36F-E823-47DF-884F-D57E47E7E9FD}.Public_Build|Win32.Build.0 = Public_Build|Win32
		{ED4CF36F-E823-47DF-884F-D57E47E7E9FD}.Release|Win32.ActiveCfg = Release|Win32
		{ED4CF36F-E823-47DF-884F-D57E47E7E9FD}.Release|Win32.Build.0 = Release|Win32
		{ED4CF36F-E823-47DF-884F-D57E47E7E9FD}.Securom|Win32.ActiveCfg = Securom|Win32
		{ED4CF36F-E823-47DF-884F-D57E47E7E9FD}.Securom|Win32.Build.0 = Securom|Win32
		{7EA7A99C-B780-467D-8426-A8D3FA785B67}.Debug|Win32.ActiveCfg = Debug|Win32
		{7EA7A99C-B780-467D-8426-A8D3FA785B67}.Debug|Win32.Build.0 = Debug|Win32
		{7EA7A99C-B780-467D-8426-A8D3FA785B67}.Maya_Debug|Win32.ActiveCfg = Maya_Debug|Win32
		{7EA7A99C-B780-467D-8426-A8D3FA785B67}.Maya_Debug|Win32.Build.0 = Maya_Debug|Win32
		{7EA7A99C-B780-467D-8426-A8D3FA785B67}.Maya_Release|Win32.ActiveCfg = Maya_Release|Win32
		{7EA7A99C-B780-467D-8426-A8D3FA785B67}.Maya_Release|Win32.Build.0 = Maya_Release|Win32
		{7EA7A99C-B780-467D-8426-A8D3FA785B67}.Programming|Win32.ActiveCfg = Programming|Win32
		{7EA7A99C-B780-467D-8426-A8D3FA785B67}.Programming|Win32.Build.0 = Programming|Win32
		{7EA7A99C-B780-467D-8426-A8D3FA785B67}.Public_Build|Win32.ActiveCfg = Public_Build|Win32
		{7EA7A99C-B780-467D-8426-A8D3FA785B67}.Public_Build|Win32.Build.0 = Public_Build|Win32
		{7EA7A99C-B780-467D-8426-A8D3FA785B67}.Release|Win32.ActiveCfg = Release|Win32
		{7EA7A99C-B780-467D-8426-A8D3FA785B67}.Release|Win32.Build.0 = Release|Win32
		{7EA7A99C-B780-467D-8426-A8D3FA785B67}.Securom|Win32.ActiveCfg = Securom|Win32
		{7EA7A99C-B780-467D-8426-A8D3FA785B67}.Securom|Win32.Build.0 = Securom|Win32
		{EAA80972-FA4C-4D2F-A6D5-06BB89B3D2AC}.Debug|Win32.ActiveCfg = Debug|Win32
		{EAA80972-FA4C-4D2F-A6D5-06BB89B3D2AC}.Debug|Win32.Build.0 = Debug|Win32
		{EAA80972-FA4C-4D2F-A6D5-06BB89B3D2AC}.Maya_Debug|Win32.ActiveCfg = Maya_Debug|Win32
		{EAA80972-FA4C-4D2F-A6D5-06BB89B3D2AC}.Maya_Debug|Win32.Build.0 = Maya_Debug|Win32
		{EAA80972-FA4C-4D2F-A6D5-06BB89B3D2AC}.Maya_Release|Win32.ActiveCfg = Maya_Release|Win32
		{EAA80972-FA4C-4D2F-A6D5-06BB89B3D2AC}.Maya_Release|Win32.Build.0 = Maya_Release|Win32
		{EAA80972-FA4C-4D2F-A6D5-06BB89B3D2AC}.Programming|Win32.ActiveCfg = Programming|Win32
		{EAA80972-FA4C-4D2F-A6D5-06BB89B3D2AC}.Programming|Win32.Build.0 = Programming|Win32
		{EAA80972-FA4C-4D2F-A6D5-06BB89B3D2AC}.Public_Build|Win32.ActiveCfg = Public_Build|Win32
		{EAA80972-FA4C-4D2F-A6D5-06BB89B3D2AC}.Public_Build|Win32.Build.0 = Public_Build|Win32
		{EAA80972-FA4C-4D2F-A6D5-06BB89B3D2AC}.Release|Win32.ActiveCfg = Release|Win32
		{EAA80972-FA4C-4D2F-A6D5-06BB89B3D2AC}.Release|Win32.Build.0 = Release|Win32
		{EAA80972-FA4C-4D2F-A6D5-06BB89B3D2AC}.Securom|Win32.ActiveCfg = Securom|Win32
		{EAA80972-FA4C-4D2F-A6D5-06BB89B3D2AC}.Securom|Win32.Build.0 = Securom|Win32
		{8DF4B071-0CD7-47AC-8240-E08E12A1E1F2}.Debug|Win32.ActiveCfg = Debug|Win32
		{8DF4B071-0CD7-47AC-8240-E08E12A1E1F2}.Debug|Win32.Build.0 = Debug|Win32
		{8DF4B071-0CD7-47AC-8240-E08E12A1E1F2}.Maya_Debug|Win32.ActiveCfg = Maya_Debug|Win32
		{8DF4B071-0CD7-47AC-8240-E08E12A1E1F2}.Maya_Debug|Win32.Build.0 = Maya_Debug|Win32
		{8DF4B071-0CD7-47AC-8240-E08E12A1E1F2}.Maya_Release|Win32.ActiveCfg = Maya_Release|Win32
		{8DF4B071-0CD7-47AC-8240-E08E12A1E1F2}.Maya_Release|Win32.Build.0 = Maya_Release|Win32
		{8DF4B071-0CD7-47AC-8240-E08E12A1E1F2}.Programming|Win32.ActiveCfg = Programming|Win32
		{8DF4B071-0CD7-47AC-8240-E08E12A1E1F2}.Programming|Win32.Build.0 = Programming|Win32
		{8DF4B071-0CD7-47AC-8240-E08E12A1E1F2}.Public_Build|Win32.ActiveCfg = Public_Build|Win32
		{8DF4B071-0CD7-47AC-8240-E08E12A1E1F2}.Public_Build|Win32.Build.0 = Public_Build|Win32
		{8DF4B071-0CD7-47AC-8240-E08E12A1E1F2}.Release|Win32.ActiveCfg = Release|Win32
		{8DF4B071-0CD7-47AC-8240-E08E12A1E1F2}.Release|Win32.Build.0 = Release|Win32
		{8DF4B071-0CD7-47AC-8240-E08E12A1E1F2}.Securom|Win32.ActiveCfg = Securom|Win32
		{8DF4B071-0CD7-47AC-8240-E08E12A1E1F2}.Securom|Win32.Build.0 = Securom|Win32
		{F884C75E-0F4C-483E-B4A8-3AFA96CB14B1}.Debug|Win32.ActiveCfg = Debug|Win32
		{F884C75E-0F4C-483E-B4A8-3AFA96CB14B1}.Debug|Win32.Build.0 = Debug|Win32
		{F884C75E-0F4C-483E-B4A8-3AFA96CB14B1}.Maya_Debug|Win32.ActiveCfg = Maya_Debug|Win32
		{F884C75E-0F4C-483E-B4A8-3AFA96CB14B1}.Maya_Debug|Win32.Build.0 = Maya_Debug|Win32
		{F884C75E-0F4C-483E-B4A8-3AFA96CB14B1}.Maya_Release|Win32.ActiveCfg = Maya_Release|Win32
		{F884C75E-0F4C-483E-B4A8-3AFA96CB14B1}.Maya_Release|Win32.Build.0 = Maya_Release|Win32
		{F884C75E-0F4C-483E-B4A8-3AFA96CB14B1}.Programming|Win32.ActiveCfg = Programming|Win32
		{F884C75E-0F4C-483E-B4A8-3AFA96CB14B1}.Programming|Win32.Build.0 = Programming|Win32
		{F884C75E-0F4C-483E-B4A8-3AFA96CB14B1}.Public_Build|Win32.ActiveCfg = Public_Build|Win32
		{F884C75E-0F4C-483E-B4A8-3AFA96CB14B1}.Public_Build|Win32.Build.0 = Public_Build|Win32
		{F884C75E-0F4C-483E-B4A8-3AFA96CB14B1}.Release|Win32.ActiveCfg = Release|Win32
		{F884C75E-0F4C-483E-B4A8-3AFA96CB14B1}.Release|Win32.Build.0 = Release|Win32
		{F884C75E-0F4C-483E-B4A8-3AFA96CB14B1}.Securom|Win32.ActiveCfg = Securom|Win32
		{F884C75E-0F4C-483E-B4A8-3AFA96CB14B1}.Securom|Win32.Build.0 = Securom|Win32
		{456B8E42-2F16-4C59-A256-7E79EC57A921}.Debug|Win32.ActiveCfg = Debug|Win32
		{456B8E42-2F16-4C59-A256-7E79EC57A921}.Debug|Win32.Build.0 = Debug|Win32
		{456B8E42-2F16-4C59-A256-7E79EC57A921}.Maya_Debug|Win32.ActiveCfg = Maya_Debug|Win32
		{456B8E42-2F16-4C59-A256-7E79EC57A921}.Maya_Debug|Win32.Build.0 = Maya_Debug|Win32
		{456B8E42-2F16-4C59-A256-7E79EC57A921}.Maya_Release|Win32.ActiveCfg = Maya_Release|Win32
		{456B8E42-2F16-4C59-A256-7E79EC57A921}.Maya_Release|Win32.Build.0 = Maya_Release|Win32
		{456B8E42-2F16-4C59-A256-7E79EC57A921}.Programming|Win32.ActiveCfg = Programming|Win32
		{456B8E42-2F16-4C59-A256-7E79EC57A921}.Programming|Win32.Build.0 = Programming|Win32
		{456B8E42-2F16-4C59-A256-7E79EC57A921}.Public_Build|Win32.ActiveCfg = Public_Build|Win32
		{456B8E42-2F16-4C59-A256-7E79EC57A921}.Public_Build|Win32.Build.0 = Public_Build|Win32
		{456B8E42-2F16-4C59-A256-7E79EC57A921}.Release|Win32.ActiveCfg = Release|Win32
		{456B8E42-2F16-4C59-A256-7E79EC57A921}.Release|Win32.Build.0 = Release|Win32
		{456B8E42-2F16-4C59-A256-7E79EC57A921}.Securom|Win32.ActiveCfg = Securom|Win32
		{456B8E42-2F16-4C59-A256-7E79EC57A921}.Securom|Win32.Build.0 = Securom|Win32
		{EF6F113B-EACC-471F-95A2-ED30A545FCF0}.Debug|Win32.ActiveCfg = Debug|Win32
		{EF6F113B-EACC-471F-95A2-ED30A545FCF0}.Debug|Win32.Build.0 = Debug|Win32
		{EF6F113B-EACC-471F-95A2-ED30A545FCF0}.Maya_Debug|Win32.ActiveCfg = Maya_Debug|Win32
		{EF6F113B-EACC-471F-95A2-ED30A545FCF0}.Maya_Debug|Win32.Build.0 = Maya_Debug|Win32
		{EF6F113B-EACC-471F-95A2-ED30A545FCF0}.Maya_Release|Win32.ActiveCfg = Maya_Release|Win32
		{EF6F113B-EACC-471F-95A2-ED30A545FCF0}.Maya_Release|Win32.Build.0 = Maya_Release|Win32
		{EF6F113B-EACC-471F-95A2-ED30A545FCF0}.Programming|Win32.ActiveCfg = Programming|Win32
		{EF6F113B-EACC-471F-95A2-ED30A545FCF0}.Programming|Win32.Build.0 = Programming|Win32
		{EF6F113B-EACC-471F-95A2-ED30A545FCF0}.Public_Build|Win32.ActiveCfg = Public_Build|Win32
		{EF6F113B-EACC-471F-95A2-ED30A545FCF0}.Public_Build|Win32.Build.0 = Public_Build|Win32
		{EF6F113B-EACC-471F-95A2-ED30A545FCF0}.Release|Win32.ActiveCfg = Release|Win32
		{EF6F113B-EACC-471F-95A2-ED30A545FCF0}.Release|Win32.Build.0 = Release|Win32
		{EF6F113B-EACC-471F-95A2-ED30A545FCF0}.Securom|Win32.ActiveCfg = Securom|Win32
		{EF6F113B-EACC-471F-95A2-ED30A545FCF0}.Securom|Win32.Build.0 = Securom|Win32
		{EC0A3ADC-401C-417B-98EF-D5464653EA10}.Debug|Win32.ActiveCfg = Debug|Win32
		{EC0A3ADC-401C-417B-98EF-D5464653EA10}.Debug|Win32.Build.0 = Debug|Win32
		{EC0A3ADC-401C-417B-98EF-D5464653EA10}.Maya_Debug|Win32.ActiveCfg = Maya_Debug|Win32
		{EC0A3ADC-401C-417B-98EF-D5464653EA10}.Maya_Debug|Win32.Build.0 = Maya_Debug|Win32
		{EC0A3ADC-401C-417B-98EF-D5464653EA10}.Maya_Release|Win32.ActiveCfg = Maya_Release|Win32
		{EC0A3ADC-401C-417B-98EF-D5464653EA10}.Maya_Release|Win32.Build.0 = Maya_Release|Win32
		{EC0A3ADC-401C-417B-98EF-D5464653EA10}.Programming|Win32.ActiveCfg = Programming|Win32
		{EC0A3ADC-401C-417B-98EF-D5464653EA10}.Programming|Win32.Build.0 = Programming|Win32
		{EC0A3ADC-401C-417B-98EF-D5464653EA10}.Public_Build|Win32.ActiveCfg = Public_Build|Win32
		{EC0A3ADC-401C-417B-98EF-D5464653EA10}.Public_Build|Win32.Build.0 = Public_Build|Win32
		{EC0A3ADC-401C-417B-98EF-D5464653EA10}.Release|Win32.ActiveCfg = Release|Win32
		{EC0A3ADC-401C-417B-98EF-D5464653EA10}.Release|Win32.Build.0 = Release|Win32
		{EC0A3ADC-401C-417B-98EF-D5464653EA10}.Securom|Win32.ActiveCfg = Securom|Win32
		{EC0A3ADC-401C-417B-98EF-D5464653EA10}.Securom|Win32.Build.0 = Securom|Win32
		{425C6486-6A42-4443-A5C9-E1C92597EB9A}.Debug|Win32.ActiveCfg = Debug|Win32
		{425C6486-6A42-4443-A5C9-E1C92597EB9A}.Debug|Win32.Build.0 = Debug|Win32
		{425C6486-6A42-4443-A5C9-E1C92597EB9A}.Maya_Debug|Win32.ActiveCfg = Maya_Debug|Win32
		{425C6486-6A42-4443-A5C9-E1C92597EB9A}.Maya_Debug|Win32.Build.0 = Maya_Debug|Win32
		{425C6486-6A42-4443-A5C9-E1C92597EB9A}.Maya_Release|Win32.ActiveCfg = Maya_Release|Win32
		{425C6486-6A42-4443-A5C9-E1C92597EB9A}.Maya_Release|Win32.Build.0 = Maya_Release|Win32
		{425C6486-6A42-4443-A5C9-E1C92597EB9A}.Programming|Win32.ActiveCfg = Programming|Win32
		{425C6486-6A42-4443-A5C9-E1C92597EB9A}.Programming|Win32.Build.0 = Programming|Win32
		{425C6486-6A42-4443-A5C9-E1C92597EB9A}.Public_Build|Win32.ActiveCfg = Public_Build|Win32
		{425C6486-6A42-4443-A5C9-E1C92597EB9A}.Public_Build|Win32.Build.0 = Public_Build|Win32
		{425C6486-6A42-4443-A5C9-E1C92597EB9A}.Release|Win32.ActiveCfg = Release|Win32
		{425C6486-6A42-4443-A5C9-E1C92597EB9A}.Release|Win32.Build.0 = Release|Win32
		{425C6486-6A42-4443-A5C9-E1C92597EB9A}.Securom|Win32.ActiveCfg = Securom|Win32
		{425C6486-6A42-4443-A5C9-E1C92597EB9A}.Securom|Win32.Build.0 = Securom|Win32
		{40CCC1E2-6DF0-4AA6-BD4D-CCF7D323879F}.Debug|Win32.ActiveCfg = Debug|Win32
		{40CCC1E2-6DF0-4AA6-BD4D-CCF7D323879F}.Debug|Win32.Build.0 = Debug|Win32
		{40CCC1E2-6DF0-4AA6-BD4D-CCF7D323879F}.Maya_Debug|Win32.ActiveCfg = Maya_Debug|Win32
		{40CCC1E2-6DF0-4AA6-BD4D-CCF7D323879F}.Maya_Debug|Win32.Build.0 = Maya_Debug|Win32
		{40CCC1E2-6DF0-4AA6-BD4D-CCF7D323879F}.Maya_Release|Win32.ActiveCfg = Maya_Release|Win32
		{40CCC1E2-6DF0-4AA6-BD4D-CCF7D323879F}.Maya_Release|Win32.Build.0 = Maya_Release|Win32
		{40CCC1E2-6DF0-4AA6-BD4D-CCF7D323879F}.Programming|Win32.ActiveCfg = Programming|Win32
		{40CCC1E2-6DF0-4AA6-BD4D-CCF7D323879F}.Programming|Win32.Build.0 = Programming|Win32
		{40CCC1E2-6DF0-4AA6-BD4D-CCF7D323879F}.Public_Build|Win32.ActiveCfg = Public_Build|Win32
		{40CCC1E2-6DF0-4AA6-BD4D-CCF7D323879F}.Public_Build|Win32.Build.0 = Public_Build|Win32
		{40CCC1E2-6DF0-4AA6-BD4D-CCF7D323879F}.Release|Win32.ActiveCfg = Release|Win32
		{40CCC1E2-6DF0-4AA6-BD4D-CCF7D323879F}.Release|Win32.Build.0 = Release|Win32
		{40CCC1E2-6DF0-4AA6-BD4D-CCF7D323879F}.Securom|Win32.ActiveCfg = Securom|Win32
		{40CCC1E2-6DF0-4AA6-BD4D-CCF7D323879F}.Securom|Win32.Build.0 = Securom|Win32
		{654D0C3A-5C3F-4251-AE00-2681040AFF02}.Debug|Win32.ActiveCfg = Debug|Win32
		{654D0C3A-5C3F-4251-AE00-2681040AFF02}.Debug|Win32.Build.0 = Debug|Win32
		{654D0C3A-5C3F-4251-AE00-2681040AFF02}.Maya_Debug|Win32.ActiveCfg = Maya_Debug|Win32
		{654D0C3A-5C3F-4251-AE00-2681040AFF02}.Maya_Debug|Win32.Build.0 = Maya_Debug|Win32
		{654D0C3A-5C3F-4251-AE00-2681040AFF02}.Maya_Release|Win32.ActiveCfg = Maya_Release|Win32
		{654D0C3A-5C3F-4251-AE00-2681040AFF02}.Maya_Release|Win32.Build.0 = Maya_Release|Win32
		{654D0C3A-5C3F-4251-AE00-2681040AFF02}.Programming|Win32.ActiveCfg = Programming|Win32
		{654D0C3A-5C3F-4251-AE00-2681040AFF02}.Programming|Win32.Build.0 = Programming|Win32
		{654D0C3A-5C3F-4251-AE00-2681040AFF02}.Public_Build|Win32.ActiveCfg = Public_Build|Win32
		{654D0C3A-5C3F-4251-AE00-2681040AFF02}.Public_Build|Win32.Build.0 = Public_Build|Win32
		{654D0C3A-5C3F-4251-AE00-2681040AFF02}.Release|Win32.ActiveCfg = Release|Win32
		{654D0C3A-5C3F-4251-AE00-2681040AFF02}.Release|Win32.Build.0 = Release|Win32
		{654D0C3A-5C3F-4251-AE00-2681040AFF02}.Securom|Win32.ActiveCfg = Securom|Win32
		{654D0C3A-5C3F-4251-AE00-2681040AFF02}.Securom|Win32.Build.0 = Securom|Win32
		{133059DA-78A8-4A00-A043-611A873EE728}.Debug|Win32.ActiveCfg = Debug|Win32
		{133059DA-78A8-4A00-A043-611A873EE728}.Debug|Win32.Build.0 = Debug|Win32
		{133059DA-78A8-4A00-A043-611A873EE728}.Maya_Debug|Win32.ActiveCfg = Maya_Debug|Win32
		{133059DA-78A8-4A00-A043-611A873EE728}.Maya_Debug|Win32.Build.0 = Maya_Debug|Win32
		{133059DA-78A8-4A00-A043-611A873EE728}.Maya_Release|Win32.ActiveCfg = Maya_Release|Win32
		{133059DA-78A8-4A00-A043-611A873EE728}.Maya_Release|Win32.Build.0 = Maya_Release|Win32
		{133059DA-78A8-4A00-A043-611A873EE728}.Programming|Win32.ActiveCfg = Programming|Win32
		{133059DA-78A8-4A00-A043-611A873EE728}.Programming|Win32.Build.0 = Programming|Win32
		{133059DA-78A8-4A00-A043-611A873EE728}.Public_Build|Win32.ActiveCfg = Public_Build|Win32
		{133059DA-78A8-4A00-A043-611A873EE728}.Public_Build|Win32.Build.0 = Public_Build|Win32
		{133059DA-78A8-4A00-A043-611A873EE728}.Release|Win32.ActiveCfg = Release|Win32
		{133059DA-78A8-4A00-A043-611A873EE728}.Release|Win32.Build.0 = Release|Win32
		{133059DA-78A8-4A00-A043-611A873EE728}.Securom|Win32.ActiveCfg = Securom|Win32
		{133059DA-78A8-4A00-A043-611A873EE728}.Securom|Win32.Build.0 = Securom|Win32
		{F385B3F2-47C5-44F3-ABCA-E8A899ED8CE9}.Debug|Win32.ActiveCfg = Debug|Win32
		{F385B3F2-47C5-44F3-ABCA-E8A899ED8CE9}.Debug|Win32.Build.0 = Debug|Win32
		{F385B3F2-47C5-44F3-ABCA-E8A899ED8CE9}.Maya_Debug|Win32.ActiveCfg = Maya_Debug|Win32
		{F385B3F2-47C5-44F3-ABCA-E8A899ED8CE9}.Maya_Debug|Win32.Build.0 = Maya_Debug|Win32
		{F385B3F2-47C5-44F3-ABCA-E8A899ED8CE9}.Maya_Release|Win32.ActiveCfg = Maya_Release|Win32
		{F385B3F2-47C5-44F3-ABCA-E8A899ED8CE9}.Maya_Release|Win32.Build.0 = Maya_Release|Win32
		{F385B3F2-47C5-44F3-ABCA-E8A899ED8CE9}.Programming|Win32.ActiveCfg = Programming|Win32
		{F385B3F2-47C5-44F3-ABCA-E8A899ED8CE9}.Programming|Win32.Build.0 = Programming|Win32
		{F385B3F2-47C5-44F3-ABCA-E8A899ED8CE9}.Public_Build|Win32.ActiveCfg = Public_Build|Win32
		{F385B3F2-47C5-44F3-ABCA-E8A899ED8CE9}.Public_Build|Win32.Build.0 = Public_Build|Win32
		{F385B3F2-47C5-44F3-ABCA-E8A899ED8CE9}.Release|Win32.ActiveCfg = Release|Win32
		{F385B3F2-47C5-44F3-ABCA-E8A899ED8CE9}.Release|Win32.Build.0 = Release|Win32
		{F385B3F2-47C5-44F3-ABCA-E8A899ED8CE9}.Securom|Win32.ActiveCfg = Securom|Win32
		{F385B3F2-47C5-44F3-ABCA-E8A899ED8CE9}.Securom|Win32.Build.0 = Securom|Win32
		{C22BEE45-049A-4C56-BC9F-025150B98EBD}.Debug|Win32.ActiveCfg = Debug|Win32
		{C22BEE45-049A-4C56-BC9F-025150B98EBD}.Debug|Win32.Build.0 = Debug|Win32
		{C22BEE45-049A-4C56-BC9F-025150B98EBD}.Maya_Debug|Win32.ActiveCfg = Maya_Debug|Win32
		{C22BEE45-049A-4C56-BC9F-025150B98EBD}.Maya_Debug|Win32.Build.0 = Maya_Debug|Win32
		{C22BEE45-049A-4C56-BC9F-025150B98EBD}.Maya_Release|Win32.ActiveCfg = Maya_Release|Win32
		{C22BEE45-049A-4C56-BC9F-025150B98EBD}.Maya_Release|Win32.Build.0 = Maya_Release|Win32
		{C22BEE45-049A-4C56-BC9F-025150B98EBD}.Programming|Win32.ActiveCfg = Programming|Win32
		{C22BEE45-049A-4C56-BC9F-025150B98EBD}.Programming|Win32.Build.0 = Programming|Win32
		{C22BEE45-049A-4C56-BC9F-025150B98EBD}.Public_Build|Win32.ActiveCfg = Public_Build|Win32
		{C22BEE45-049A-4C56-BC9F-025150B98EBD}.Public_Build|Win32.Build.0 = Public_Build|Win32
		{C22BEE45-049A-4C56-BC9F-025150B98EBD}.Release|Win32.ActiveCfg = Release|Win32
		{C22BEE45-049A-4C56-BC9F-025150B98EBD}.Release|Win32.Build.0 = Release|Win32
		{C22BEE45-049A-4C56-BC9F-025150B98EBD}.Securom|Win32.ActiveCfg = Securom|Win32
		{C22BEE45-049A-4C56-BC9F-025150B98EBD}.Securom|Win32.Build.0 = Securom|Win32
		{5F7C0594-4D20-4B2A-B4C2-6AFE912C9E5F}.Debug|Win32.ActiveCfg = Debug|Win32
		{5F7C0594-4D20-4B2A-B4C2-6AFE912C9E5F}.Debug|Win32.Build.0 = Debug|Win32
		{5F7C0594-4D20-4B2A-B4C2-6AFE912C9E5F}.Maya_Debug|Win32.ActiveCfg = Maya_Debug|Win32
		{5F7C0594-4D20-4B2A-B4C2-6AFE912C9E5F}.Maya_Debug|Win32.Build.0 = Maya_Debug|Win32
		{5F7C0594-4D20-4B2A-B4C2-6AFE912C9E5F}.Maya_Release|Win32.ActiveCfg = Maya_Release|Win32
		{5F7C0594-4D20-4B2A-B4C2-6AFE912C9E5F}.Maya_Release|Win32.Build.0 = Maya_Release|Win32
		{5F7C0594-4D20-4B2A-B4C2-6AFE912C9E5F}.Programming|Win32.ActiveCfg = Programming|Win32
		{5F7C0594-4D20-4B2A-B4C2-6AFE912C9E5F}.Programming|Win32.Build.0 = Programming|Win32
		{5F7C0594-4D20-4B2A-B4C2-6AFE912C9E5F}.Public_Build|Win32.ActiveCfg = Public_Build|Win32
		{5F7C0594-4D20-4B2A-B4C2-6AFE912C9E5F}.Public_Build|Win32.Build.0 = Public_Build|Win32
		{5F7C0594-4D20-4B2A-B4C2-6AFE912C9E5F}.Release|Win32.ActiveCfg = Release|Win32
		{5F7C0594-4D20-4B2A-B4C2-6AFE912C9E5F}.Release|Win32.Build.0 = Release|Win32
		{5F7C0594-4D20-4B2A-B4C2-6AFE912C9E5F}.Securom|Win32.ActiveCfg = Securom|Win32
		{5F7C0594-4D20-4B2A-B4C2-6AFE912C9E5F}.Securom|Win32.Build.0 = Securom|Win32
		{A34EE712-5F48-4B29-8453-1BCA60252738}.Debug|Win32.ActiveCfg = Debug|Win32
		{A34EE712-5F48-4B29-8453-1BCA60252738}.Debug|Win32.Build.0 = Debug|Win32
		{A34EE712-5F48-4B29-8453-1BCA60252738}.Maya_Debug|Win32.ActiveCfg = Maya_Debug|Win32
		{A34EE712-5F48-4B29-8453-1BCA60252738}.Maya_Debug|Win32.Build.0 = Maya_Debug|Win32
		{A34EE712-5F48-4B29-8453-1BCA60252738}.Maya_Release|Win32.ActiveCfg = Maya_Release|Win32
		{A34EE712-5F48-4B29-8453-1BCA60252738}.Maya_Release|Win32.Build.0 = Maya_Release|Win32
		{A34EE712-5F48-4B29-8453-1BCA60252738}.Programming|Win32.ActiveCfg = Programming|Win32
		{A34EE712-5F48-4B29-8453-1BCA60252738}.Programming|Win32.Build.0 = Programming|Win32
		{A34EE712-5F48-4B29-8453-1BCA60252738}.Public_Build|Win32.ActiveCfg = Public_Build|Win32
		{A34EE712-5F48-4B29-8453-1BCA60252738}.Public_Build|Win32.Build.0 = Public_Build|Win32
		{A34EE712-5F48-4B29-8453-1BCA60252738}.Release|Win32.ActiveCfg = Release|Win32
		{A34EE712-5F48-4B29-8453-1BCA60252738}.Release|Win32.Build.0 = Release|Win32
		{A34EE712-5F48-4B29-8453-1BCA60252738}.Securom|Win32.ActiveCfg = Securom|Win32
		{A34EE712-5F48-4B29-8453-1BCA60252738}.Securom|Win32.Build.0 = Securom|Win32
		{175070B1-DB07-48CE-B4FF-5FBEE2C6F6EA}.Debug|Win32.ActiveCfg = Debug|Win32
		{175070B1-DB07-48CE-B4FF-5FBEE2C6F6EA}.Debug|Win32.Build.0 = Debug|Win32
		{175070B1-DB07-48CE-B4FF-5FBEE2C6F6EA}.Maya_Debug|Win32.ActiveCfg = Maya_Debug|Win32
		{175070B1-DB07-48CE-B4FF-5FBEE2C6F6EA}.Maya_Debug|Win32.Build.0 = Maya_Debug|Win32
		{175070B1-DB07-48CE-B4FF-5FBEE2C6F6EA}.Maya_Release|Win32.ActiveCfg = Maya_Release|Win32
		{175070B1-DB07-48CE-B4FF-5FBEE2C6F6EA}.Maya_Release|Win32.Build.0 = Maya_Release|Win32
		{175070B1-DB07-48CE-B4FF-5FBEE2C6F6EA}.Programming|Win32.ActiveCfg = Programming|Win32
		{175070B1-DB07-48CE-B4FF-5FBEE2C6F6EA}.Programming|Win32.Build.0 = Programming|Win32
		{175070B1-DB07-48CE-B4FF-5FBEE2C6F6EA}.Public_Build|Win32.ActiveCfg = Public_Build|Win32
		{175070B1-DB07-48CE-B4FF-5FBEE2C6F6EA}.Public_Build|Win32.Build.0 = Public_Build|Win32
		{175070B1-DB07-48CE-B4FF-5FBEE2C6F6EA}.Release|Win32.ActiveCfg = Release|Win32
		{175070B1-DB07-48CE-B4FF-5FBEE2C6F6EA}.Release|Win32.Build.0 = Release|Win32
		{175070B1-DB07-48CE-B4FF-5FBEE2C6F6EA}.Securom|Win32.ActiveCfg = Securom|Win32
		{175070B1-DB07-48CE-B4FF-5FBEE2C6F6EA}.Securom|Win32.Build.0 = Securom|Win32
		{9E27C1C2-259E-43B4-AAF3-67B1174237C4}.Debug|Win32.ActiveCfg = Debug|Win32
		{9E27C1C2-259E-43B4-AAF3-67B1174237C4}.Debug|Win32.Build.0 = Debug|Win32
		{9E27C1C2-259E-43B4-AAF3-67B1174237C4}.Maya_Debug|Win32.ActiveCfg = Maya_Debug|Win32
		{9E27C1C2-259E-43B4-AAF3-67B1174237C4}.Maya_Debug|Win32.Build.0 = Maya_Debug|Win32
		{9E27C1C2-259E-43B4-AAF3-67B1174237C4}.Maya_Release|Win32.ActiveCfg = Maya_Release|Win32
		{9E27C1C2-259E-43B4-AAF3-67B1174237C4}.Maya_Release|Win32.Build.0 = Maya_Release|Win32
		{9E27C1C2-259E-43B4-AAF3-67B1174237C4}.Programming|Win32.ActiveCfg = Programming|Win32
		{9E27C1C2-259E-43B4-AAF3-67B1174237C4}.Programming|Win32.Build.0 = Programming|Win32
		{9E27C1C2-259E-43B4-AAF3-67B1174237C4}.Public_Build|Win32.ActiveCfg = Public_Build|Win32
		{9E27C1C2-259E-43B4-AAF3-67B1174237C4}.Public_Build|Win32.Build.0 = Public_Build|Win32
		{9E27C1C2-259E-43B4-AAF3-67B1174237C4}.Release|Win32.ActiveCfg = Release|Win32
		{9E27C1C2-259E-43B4-AAF3-67B1174237C4}.Release|Win32.Build.0 = Release|Win32
		{9E27C1C2-259E-43B4-AAF3-67B1174237C4}.Securom|Win32.ActiveCfg = Securom|Win32
		{9E27C1C2-259E-43B4-AAF3-67B1174237C4}.Securom|Win32.Build.0 = Securom|Win32
		{5F4A6DE0-E1A6-48C5-957C-524B7D7694A2}.Debug|Win32.ActiveCfg = Debug|Win32
		{5F4A6DE0-E1A6-48C5-957C-524B7D7694A2}.Debug|Win32.Build.0 = Debug|Win32
		{5F4A6DE0-E1A6-48C5-957C-524B7D7694A2}.Maya_Debug|Win32.ActiveCfg = Maya_Debug|Win32
		{5F4A6DE0-E1A6-48C5-957C-524B7D7694A2}.Maya_Debug|Win32.Build.0 = Maya_Debug|Win32
		{5F4A6DE0-E1A6-48C5-957C-524B7D7694A2}.Maya_Release|Win32.ActiveCfg = Maya_Release|Win32
		{5F4A6DE0-E1A6-48C5-957C-524B7D7694A2}.Maya_Release|Win32.Build.0 = Maya_Release|Win32
		{5F4A6DE0-E1A6-48C5-957C-524B7D7694A2}.Programming|Win32.ActiveCfg = Programming|Win32
		{5F4A6DE0-E1A6-48C5-957C-524B7D7694A2}.Programming|Win32.Build.0 = Programming|Win32
		{5F4A6DE0-E1A6-48C5-957C-524B7D7694A2}.Public_Build|Win32.ActiveCfg = Public_Build|Win32
		{5F4A6DE0-E1A6-48C5-957C-524B7D7694A2}.Public_Build|Win32.Build.0 = Public_Build|Win32
		{5F4A6DE0-E1A6-48C5-957C-524B7D7694A2}.Release|Win32.ActiveCfg = Release|Win32
		{5F4A6DE0-E1A6-48C5-957C-524B7D7694A2}.Release|Win32.Build.0 = Release|Win32
		{5F4A6DE0-E1A6-48C5-957C-524B7D7694A2}.Securom|Win32.ActiveCfg = Securom|Win32
		{5F4A6DE0-E1A6-48C5-957C-524B7D7694A2}.Securom|Win32.Build.0 = Securom|Win32
		{78623E81-4D10-4395-BE77-F72A4B3A05AF}.Debug|Win32.ActiveCfg = Debug|Win32
		{78623E81-4D10-4395-BE77-F72A4B3A05AF}.Debug|Win32.Build.0 = Debug|Win32
		{78623E81-4D10-4395-BE77-F72A4B3A05AF}.Maya_Debug|Win32.ActiveCfg = Maya_Debug|Win32
		{78623E81-4D10-4395-BE77-F72A4B3A05AF}.Maya_Debug|Win32.Build.0 = Maya_Debug|Win32
		{78623E81-4D10-4395-BE77-F72A4B3A05AF}.Maya_Release|Win32.ActiveCfg = Maya_Release|Win32
		{78623E81-4D10-4395-BE77-F72A4B3A05AF}.Maya_Release|Win32.Build.0 = Maya_Release|Win32
		{78623E81-4D10-4395-BE77-F72A4B3A05AF}.Programming|Win32.ActiveCfg = Programming|Win32
		{78623E81-4D10-4395-BE77-F72A4B3A05AF}.Programming|Win32.Build.0 = Programming|Win32
		{78623E81-4D10-4395-BE77-F72A4B3A05AF}.Public_Build|Win32.ActiveCfg = Public_Build|Win32
		{78623E81-4D10-4395-BE77-F72A4B3A05AF}.Public_Build|Win32.Build.0 = Public_Build|Win32
		{78623E81-4D10-4395-BE77-F72A4B3A05AF}.Release|Win32.ActiveCfg = Release|Win32
		{78623E81-4D10-4395-BE77-F72A4B3A05AF}.Release|Win32.Build.0 = Release|Win32
		{78623E81-4D10-4395-BE77-F72A4B3A05AF}.Securom|Win32.ActiveCfg = Securom|Win32
		{78623E81-4D10-4395-BE77-F72A4B3A05AF}.Securom|Win32.Build.0 = Securom|Win32
		{ACA676D3-E17E-4533-BAE2-896DA6132A0F}.Debug|Win32.ActiveCfg = Debug|Win32
		{ACA676D3-E17E-4533-BAE2-896DA6132A0F}.Debug|Win32.Build.0 = Debug|Win32
		{ACA676D3-E17E-4533-BAE2-896DA6132A0F}.Maya_Debug|Win32.ActiveCfg = Maya_Debug|Win32
		{ACA676D3-E17E-4533-BAE2-896DA6132A0F}.Maya_Debug|Win32.Build.0 = Maya_Debug|Win32
		{ACA676D3-E17E-4533-BAE2-896DA6132A0F}.Maya_Release|Win32.ActiveCfg = Maya_Release|Win32
		{ACA676D3-E17E-4533-BAE2-896DA6132A0F}.Maya_Release|Win32.Build.0 = Maya_Release|Win32
		{ACA676D3-E17E-4533-BAE2-896DA6132A0F}.Programming|Win32.ActiveCfg = Programming|Win32
		{ACA676D3-E17E-4533-BAE2-896DA6132A0F}.Programming|Win32.Build.0 = Programming|Win32
		{ACA676D3-E17E-4533-BAE2-896DA6132A0F}.Public_Build|Win32.ActiveCfg = Public_Build|Win32
		{ACA676D3-E17E-4533-BAE2-896DA6132A0F}.Public_Build|Win32.Build.0 = Public_Build|Win32
		{ACA676D3-E17E-4533-BAE2-896DA6132A0F}.Release|Win32.ActiveCfg = Release|Win32
		{ACA676D3-E17E-4533-BAE2-896DA6132A0F}.Release|Win32.Build.0 = Release|Win32
		{ACA676D3-E17E-4533-BAE2-896DA6132A0F}.Securom|Win32.ActiveCfg = Securom|Win32
		{ACA676D3-E17E-4533-BAE2-896DA6132A0F}.Securom|Win32.Build.0 = Securom|Win32
		{B7422BC7-388A-44F3-BC73-1B278967CD70}.Debug|Win32.ActiveCfg = Debug|Win32
		{B7422BC7-388A-44F3-BC73-1B278967CD70}.Debug|Win32.Build.0 = Debug|Win32
		{B7422BC7-388A-44F3-BC73-1B278967CD70}.Maya_Debug|Win32.ActiveCfg = Maya_Debug|Win32
		{B7422BC7-388A-44F3-BC73-1B278967CD70}.Maya_Debug|Win32.Build.0 = Maya_Debug|Win32
		{B7422BC7-388A-44F3-BC73-1B278967CD70}.Maya_Release|Win32.ActiveCfg = Maya_Release|Win32
		{B7422BC7-388A-44F3-BC73-1B278967CD70}.Maya_Release|Win32.Build.0 = Maya_Release|Win32
		{B7422BC7-388A-44F3-BC73-1B278967CD70}.Programming|Win32.ActiveCfg = Programming|Win32
		{B7422BC7-388A-44F3-BC73-1B278967CD70}.Programming|Win32.Build.0 = Programming|Win32
		{B7422BC7-388A-44F3-BC73-1B278967CD70}.Public_Build|Win32.ActiveCfg = Public_Build|Win32
		{B7422BC7-388A-44F3-BC73-1B278967CD70}.Public_Build|Win32.Build.0 = Public_Build|Win32
		{B7422BC7-388A-44F3-BC73-1B278967CD70}.Release|Win32.ActiveCfg = Release|Win32
		{B7422BC7-388A-44F3-BC73-1B278967CD70}.Release|Win32.Build.0 = Release|Win32
		{B7422BC7-388A-44F3-BC73-1B278967CD70}.Securom|Win32.ActiveCfg = Securom|Win32
		{B7422BC7-388A-44F3-BC73-1B278967CD70}.Securom|Win32.Build.0 = Securom|Win32
		{8B998B01-994D-4635-96D2-B477FBF4FF4A}.Debug|Win32.ActiveCfg = Debug|Win32
		{8B998B01-994D-4635-96D2-B477FBF4FF4A}.Debug|Win32.Build.0 = Debug|Win32
		{8B998B01-994D-4635-96D2-B477FBF4FF4A}.Maya_Debug|Win32.ActiveCfg = Maya_Debug|Win32
		{8B998B01-994D-4635-96D2-B477FBF4FF4A}.Maya_Debug|Win32.Build.0 = Maya_Debug|Win32
		{8B998B01-994D-4635-96D2-B477FBF4FF4A}.Maya_Release|Win32.ActiveCfg = Maya_Release|Win32
		{8B998B01-994D-4635-96D2-B477FBF4FF4A}.Maya_Release|Win32.Build.0 = Maya_Release|Win32
		{8B998B01-994D-4635-96D2-B477FBF4FF4A}.Programming|Win32.ActiveCfg = Programming|Win32
		{8B998B01-994D-4635-96D2-B477FBF4FF4A}.Programming|Win32.Build.0 = Programming|Win32
		{8B998B01-994D-4635-96D2-B477FBF4FF4A}.Public_Build|Win32.ActiveCfg = Public_Build|Win32
		{8B998B01-994D-4635-96D2-B477FBF4FF4A}.Public_Build|Win32.Build.0 = Public_Build|Win32
		{8B998B01-994D-4635-96D2-B477FBF4FF4A}.Release|Win32.ActiveCfg = Release|Win32
		{8B998B01-994D-4635-96D2-B477FBF4FF4A}.Release|Win32.Build.0 = Release|Win32
		{8B998B01-994D-4635-96D2-B477FBF4FF4A}.Securom|Win32.ActiveCfg = Securom|Win32
		{8B998B01-994D-4635-96D2-B477FBF4FF4A}.Securom|Win32.Build.0 = Securom|Win32
		{F35900A7-4574-4D51-A864-6C196E615A88}.Debug|Win32.ActiveCfg = Debug|Win32
		{F35900A7-4574-4D51-A864-6C196E615A88}.Debug|Win32.Build.0 = Debug|Win32
		{F35900A7-4574-4D51-A864-6C196E615A88}.Maya_Debug|Win32.ActiveCfg = Maya_Debug|Win32
		{F35900A7-4574-4D51-A864-6C196E615A88}.Maya_Debug|Win32.Build.0 = Maya_Debug|Win32
		{F35900A7-4574-4D51-A864-6C196E615A88}.Maya_Release|Win32.ActiveCfg = Maya_Release|Win32
		{F35900A7-4574-4D51-A864-6C196E615A88}.Maya_Release|Win32.Build.0 = Maya_Release|Win32
		{F35900A7-4574-4D51-A864-6C196E615A88}.Programming|Win32.ActiveCfg = Programming|Win32
		{F35900A7-4574-4D51-A864-6C196E615A88}.Programming|Win32.Build.0 = Programming|Win32
		{F35900A7-4574-4D51-A864-6C196E615A88}.Public_Build|Win32.ActiveCfg = Public_Build|Win32
		{F35900A7-4574-4D51-A864-6C196E615A88}.Public_Build|Win32.Build.0 = Public_Build|Win32
		{F35900A7-4574-4D51-A864-6C196E615A88}.Release|Win32.ActiveCfg = Release|Win32
		{F35900A7-4574-4D51-A864-6C196E615A88}.Release|Win32.Build.0 = Release|Win32
		{F35900A7-4574-4D51-A864-6C196E615A88}.Securom|Win32.ActiveCfg = Securom|Win32
		{F35900A7-4574-4D51-A864-6C196E615A88}.Securom|Win32.Build.0 = Securom|Win32
		{F01D6C1E-36D1-4E23-A7FC-B3D8658ABC37}.Debug|Win32.ActiveCfg = Debug|Win32
		{F01D6C1E-36D1-4E23-A7FC-B3D8658ABC37}.Debug|Win32.Build.0 = Debug|Win32
		{F01D6C1E-36D1-4E23-A7FC-B3D8658ABC37}.Maya_Debug|Win32.ActiveCfg = Maya_Debug|Win32
		{F01D6C1E-36D1-4E23-A7FC-B3D8658ABC37}.Maya_Debug|Win32.Build.0 = Maya_Debug|Win32
		{F01D6C1E-36D1-4E23-A7FC-B3D8658ABC37}.Maya_Release|Win32.ActiveCfg = Maya_Release|Win32
		{F01D6C1E-36D1-4E23-A7FC-B3D8658ABC37}.Maya_Release|Win32.Build.0 = Maya_Release|Win32
		{F01D6C1E-36D1-4E23-A7FC-B3D8658ABC37}.Programming|Win32.ActiveCfg = Programming|Win32
		{F01D6C1E-36D1-4E23-A7FC-B3D8658ABC37}.Programming|Win32.Build.0 = Programming|Win32
		{F01D6C1E-36D1-4E23-A7FC-B3D8658ABC37}.Public_Build|Win32.ActiveCfg = Public_Build|Win32
		{F01D6C1E-36D1-4E23-A7FC-B3D8658ABC37}.Public_Build|Win32.Build.0 = Public_Build|Win32
		{F01D6C1E-36D1-4E23-A7FC-B3D8658ABC37}.Release|Win32.ActiveCfg = Release|Win32
		{F01D6C1E-36D1-4E23-A7FC-B3D8658ABC37}.Release|Win32.Build.0 = Release|Win32
		{F01D6C1E-36D1-4E23-A7FC-B3D8658ABC37}.Securom|Win32.ActiveCfg = Securom|Win32
		{F01D6C1E-36D1-4E23-A7FC-B3D8658ABC37}.Securom|Win32.Build.0 = Securom|Win32
		{C906D27C-9E56-4226-9B18-7101610D4133}.Debug|Win32.ActiveCfg = Debug|Win32
		{C906D27C-9E56-4226-9B18-7101610D4133}.Debug|Win32.Build.0 = Debug|Win32
		{C906D27C-9E56-4226-9B18-7101610D4133}.Maya_Debug|Win32.ActiveCfg = Maya_Debug|Win32
		{C906D27C-9E56-4226-9B18-7101610D4133}.Maya_Debug|Win32.Build.0 = Maya_Debug|Win32
		{C906D27C-9E56-4226-9B18-7101610D4133}.Maya_Release|Win32.ActiveCfg = Maya_Release|Win32
		{C906D27C-9E56-4226-9B18-7101610D4133}.Maya_Release|Win32.Build.0 = Maya_Release|Win32
		{C906D27C-9E56-4226-9B18-7101610D4133}.Programming|Win32.ActiveCfg = Programming|Win32
		{C906D27C-9E56-4226-9B18-7101610D4133}.Programming|Win32.Build.0 = Programming|Win32
		{C906D27C-9E56-4226-9B18-7101610D4133}.Public_Build|Win32.ActiveCfg = Public_Build|Win32
		{C906D27C-9E56-4226-9B18-7101610D4133}.Public_Build|Win32.Build.0 = Public_Build|Win32
		{C906D27C-9E56-4226-9B18-7101610D4133}.Release|Win32.ActiveCfg = Release|Win32
		{C906D27C-9E56-4226-9B18-7101610D4133}.Release|Win32.Build.0 = Release|Win32
		{C906D27C-9E56-4226-9B18-7101610D4133}.Securom|Win32.ActiveCfg = Securom|Win32
		{C906D27C-9E56-4226-9B18-7101610D4133}.Securom|Win32.Build.0 = Securom|Win32
		{39FC3C99-5A5F-4F0D-B0E9-B60E41BF901A}.Debug|Win32.ActiveCfg = Debug|Win32
		{39FC3C99-5A5F-4F0D-B0E9-B60E41BF901A}.Debug|Win32.Build.0 = Debug|Win32
		{39FC3C99-5A5F-4F0D-B0E9-B60E41BF901A}.Maya_Debug|Win32.ActiveCfg = Maya_Debug|Win32
		{39FC3C99-5A5F-4F0D-B0E9-B60E41BF901A}.Maya_Debug|Win32.Build.0 = Maya_Debug|Win32
		{39FC3C99-5A5F-4F0D-B0E9-B60E41BF901A}.Maya_Release|Win32.ActiveCfg = Maya_Release|Win32
		{39FC3C99-5A5F-4F0D-B0E9-B60E41BF901A}.Maya_Release|Win32.Build.0 = Maya_Release|Win32
		{39FC3C99-5A5F-4F0D-B0E9-B60E41BF901A}.Programming|Win32.ActiveCfg = Programming|Win32
		{39FC3C99-5A5F-4F0D-B0E9-B60E41BF901A}.Programming|Win32.Build.0 = Programming|Win32
		{39FC3C99-5A5F-4F0D-B0E9-B60E41BF901A}.Public_Build|Win32.ActiveCfg = Public_Build|Win32
		{39FC3C99-5A5F-4F0D-B0E9-B60E41BF901A}.Public_Build|Win32.Build.0 = Public_Build|Win32
		{39FC3C99-5A5F-4F0D-B0E9-B60E41BF901A}.Release|Win32.ActiveCfg = Release|Win32
		{39FC3C99-5A5F-4F0D-B0E9-B60E41BF901A}.Release|Win32.Build.0 = Release|Win32
		{39FC3C99-5A5F-4F0D-B0E9-B60E41BF901A}.Securom|Win32.ActiveCfg = Securom|Win32
		{39FC3C99-5A5F-4F0D-B0E9-B60E41BF901A}.Securom|Win32.Build.0 = Securom|Win32
		{B95ECD2D-6BB9-4B62-9022-AEC3350059D5}.Debug|Win32.ActiveCfg = Debug|Win32
		{B95ECD2D-6BB9-4B62-9022-AEC3350059D5}.Debug|Win32.Build.0 = Debug|Win32
		{B95ECD2D-6BB9-4B62-9022-AEC3350059D5}.Maya_Debug|Win32.ActiveCfg = Maya_Debug|Win32
		{B95ECD2D-6BB9-4B62-9022-AEC3350059D5}.Maya_Debug|Win32.Build.0 = Maya_Debug|Win32
		{B95ECD2D-6BB9-4B62-9022-AEC3350059D5}.Maya_Release|Win32.ActiveCfg = Maya_Release|Win32
		{B95ECD2D-6BB9-4B62-9022-AEC3350059D5}.Maya_Release|Win32.Build.0 = Maya_Release|Win32
		{B95ECD2D-6BB9-4B62-9022-AEC3350059D5}.Programming|Win32.ActiveCfg = Programming|Win32
		{B95ECD2D-6BB9-4B62-9022-AEC3350059D5}.Programming|Win32.Build.0 = Programming|Win32
		{B95ECD2D-6BB9-4B62-9022-AEC3350059D5}.Public_Build|Win32.ActiveCfg = Public_Build|Win32
		{B95ECD2D-6BB9-4B62-9022-AEC3350059D5}.Public_Build|Win32.Build.0 = Public_Build|Win32
		{B95ECD2D-6BB9-4B62-9022-AEC3350059D5}.Release|Win32.ActiveCfg = Release|Win32
		{B95ECD2D-6BB9-4B62-9022-AEC3350059D5}.Release|Win32.Build.0 = Release|Win32
		{B95ECD2D-6BB9-4B62-9022-AEC3350059D5}.Securom|Win32.ActiveCfg = Securom|Win32
		{B95ECD2D-6BB9-4B62-9022-AEC3350059D5}.Securom|Win32.Build.0 = Securom|Win32
		{8204215D-3EF2-4CF9-A11E-BEB810EC68DD}.Debug|Win32.ActiveCfg = Debug|Win32
		{8204215D-3EF2-4CF9-A11E-BEB810EC68DD}.Debug|Win32.Build.0 = Debug|Win32
		{8204215D-3EF2-4CF9-A11E-BEB810EC68DD}.Maya_Debug|Win32.ActiveCfg = Maya_Debug|Win32
		{8204215D-3EF2-4CF9-A11E-BEB810EC68DD}.Maya_Debug|Win32.Build.0 = Maya_Debug|Win32
		{8204215D-3EF2-4CF9-A11E-BEB810EC68DD}.Maya_Release|Win32.ActiveCfg = Maya_Release|Win32
		{8204215D-3EF2-4CF9-A11E-BEB810EC68DD}.Maya_Release|Win32.Build.0 = Maya_Release|Win32
		{8204215D-3EF2-4CF9-A11E-BEB810EC68DD}.Programming|Win32.ActiveCfg = Programming|Win32
		{8204215D-3EF2-4CF9-A11E-BEB810EC68DD}.Programming|Win32.Build.0 = Programming|Win32
		{8204215D-3EF2-4CF9-A11E-BEB810EC68DD}.Public_Build|Win32.ActiveCfg = Public_Build|Win32
		{8204215D-3EF2-4CF9-A11E-BEB810EC68DD}.Public_Build|Win32.Build.0 = Public_Build|Win32
		{8204215D-3EF2-4CF9-A11E-BEB810EC68DD}.Release|Win32.ActiveCfg = Release|Win32
		{8204215D-3EF2-4CF9-A11E-BEB810EC68DD}.Release|Win32.Build.0 = Release|Win32
		{8204215D-3EF2-4CF9-A11E-BEB810EC68DD}.Securom|Win32.ActiveCfg = Securom|Win32
		{8204215D-3EF2-4CF9-A11E-BEB810EC68DD}.Securom|Win32.Build.0 = Securom|Win32
		{7766E2BF-1687-4C94-B4F1-9555A152D4F5}.Debug|Win32.ActiveCfg = Debug|Win32
		{7766E2BF-1687-4C94-B4F1-9555A152D4F5}.Debug|Win32.Build.0 = Debug|Win32
		{7766E2BF-1687-4C94-B4F1-9555A152D4F5}.Maya_Debug|Win32.ActiveCfg = Maya_Debug|Win32
		{7766E2BF-1687-4C94-B4F1-9555A152D4F5}.Maya_Debug|Win32.Build.0 = Maya_Debug|Win32
		{7766E2BF-1687-4C94-B4F1-9555A152D4F5}.Maya_Release|Win32.ActiveCfg = Maya_Release|Win32
		{7766E2BF-1687-4C94-B4F1-9555A152D4F5}.Maya_Release|Win32.Build.0 = Maya_Release|Win32
		{7766E2BF-1687-4C94-B4F1-9555A152D4F5}.Programming|Win32.ActiveCfg = Programming|Win32
		{7766E2BF-1687-4C94-B4F1-9555A152D4F5}.Programming|Win32.Build.0 = Programming|Win32
		{7766E2BF-1687-4C94-B4F1-9555A152D4F5}.Public_Build|Win32.ActiveCfg = Public_Build|Win32
		{7766E2BF-1687-4C94-B4F1-9555A152D4F5}.Public_Build|Win32.Build.0 = Public_Build|Win32
		{7766E2BF-1687-4C94-B4F1-9555A152D4F5}.Release|Win32.ActiveCfg = Release|Win32
		{7766E2BF-1687-4C94-B4F1-9555A152D4F5}.Release|Win32.Build.0 = Release|Win32
		{7766E2BF-1687-4C94-B4F1-9555A152D4F5}.Securom|Win32.ActiveCfg = Securom|Win32
		{7766E2BF-1687-4C94-B4F1-9555A152D4F5}.Securom|Win32.Build.0 = Securom|Win32
		{20E69A2F-D758-4C1C-9151-23BE6C33C811}.Debug|Win32.ActiveCfg = Debug|Win32
		{20E69A2F-D758-4C1C-9151-23BE6C33C811}.Debug|Win32.Build.0 = Debug|Win32
		{20E69A2F-D758-4C1C-9151-23BE6C33C811}.Maya_Debug|Win32.ActiveCfg = Maya_Debug|Win32
		{20E69A2F-D758-4C1C-9151-23BE6C33C811}.Maya_Debug|Win32.Build.0 = Maya_Debug|Win32
		{20E69A2F-D758-4C1C-9151-23BE6C33C811}.Maya_Release|Win32.ActiveCfg = Maya_Release|Win32
		{20E69A2F-D758-4C1C-9151-23BE6C33C811}.Maya_Release|Win32.Build.0 = Maya_Release|Win32
		{20E69A2F-D758-4C1C-9151-23BE6C33C811}.Programming|Win32.ActiveCfg = Programming|Win32
		{20E69A2F-D758-4C1C-9151-23BE6C33C811}.Programming|Win32.Build.0 = Programming|Win32
		{20E69A2F-D758-4C1C-9151-23BE6C33C811}.Public_Build|Win32.ActiveCfg = Public_Build|Win32
		{20E69A2F-D758-4C1C-9151-23BE6C33C811}.Public_Build|Win32.Build.0 = Public_Build|Win32
		{20E69A2F-D758-4C1C-9151-23BE6C33C811}.Release|Win32.ActiveCfg = Release|Win32
		{20E69A2F-D758-4C1C-9151-23BE6C33C811}.Release|Win32.Build.0 = Release|Win32
		{20E69A2F-D758-4C1C-9151-23BE6C33C811}.Securom|Win32.ActiveCfg = Securom|Win32
		{20E69A2F-D758-4C1C-9151-23BE6C33C811}.Securom|Win32.Build.0 = Securom|Win32
		{A08C11F6-0C66-4EF7-97A5-CA2844FB3ECC}.Debug|Win32.ActiveCfg = Debug|Win32
		{A08C11F6-0C66-4EF7-97A5-CA2844FB3ECC}.Debug|Win32.Build.0 = Debug|Win32
		{A08C11F6-0C66-4EF7-97A5-CA2844FB3ECC}.Maya_Debug|Win32.ActiveCfg = Maya_Debug|Win32
		{A08C11F6-0C66-4EF7-97A5-CA2844FB3ECC}.Maya_Debug|Win32.Build.0 = Maya_Debug|Win32
		{A08C11F6-0C66-4EF7-97A5-CA2844FB3ECC}.Maya_Release|Win32.ActiveCfg = Maya_Release|Win32
		{A08C11F6-0C66-4EF7-97A5-CA2844FB3ECC}.Maya_Release|Win32.Build.0 = Maya_Release|Win32
		{A08C11F6-0C66-4EF7-97A5-CA2844FB3ECC}.Programming|Win32.ActiveCfg = Programming|Win32
		{A08C11F6-0C66-4EF7-97A5-CA2844FB3ECC}.Programming|Win32.Build.0 = Programming|Win32
		{A08C11F6-0C66-4EF7-97A5-CA2844FB3ECC}.Public_Build|Win32.ActiveCfg = Public_Build|Win32
		{A08C11F6-0C66-4EF7-97A5-CA2844FB3ECC}.Public_Build|Win32.Build.0 = Public_Build|Win32
		{A08C11F6-0C66-4EF7-97A5-CA2844FB3ECC}.Release|Win32.ActiveCfg = Release|Win32
		{A08C11F6-0C66-4EF7-97A5-CA2844FB3ECC}.Release|Win32.Build.0 = Release|Win32
		{A08C11F6-0C66-4EF7-97A5-CA2844FB3ECC}.Securom|Win32.ActiveCfg = Securom|Win32
		{A08C11F6-0C66-4EF7-97A5-CA2844FB3ECC}.Securom|Win32.Build.0 = Securom|Win32
		{DDF53F18-7C06-43CB-9DCB-5754F64B466F}.Debug|Win32.ActiveCfg = Debug|Win32
		{DDF53F18-7C06-43CB-9DCB-5754F64B466F}.Debug|Win32.Build.0 = Debug|Win32
		{DDF53F18-7C06-43CB-9DCB-5754F64B466F}.Maya_Debug|Win32.ActiveCfg = Maya_Debug|Win32
		{DDF53F18-7C06-43CB-9DCB-5754F64B466F}.Maya_Debug|Win32.Build.0 = Maya_Debug|Win32
		{DDF53F18-7C06-43CB-9DCB-5754F64B466F}.Maya_Release|Win32.ActiveCfg = Maya_Release|Win32
		{DDF53F18-7C06-43CB-9DCB-5754F64B466F}.Maya_Release|Win32.Build.0 = Maya_Release|Win32
		{DDF53F18-7C06-43CB-9DCB-5754F64B466F}.Programming|Win32.ActiveCfg = Programming|Win32
		{DDF53F18-7C06-43CB-9DCB-5754F64B466F}.Programming|Win32.Build.0 = Programming|Win32
		{DDF53F18-7C06-43CB-9DCB-5754F64B466F}.Public_Build|Win32.ActiveCfg = Public_Build|Win32
		{DDF53F18-7C06-43CB-9DCB-5754F64B466F}.Public_Build|Win32.Build.0 = Public_Build|Win32
		{DDF53F18-7C06-43CB-9DCB-5754F64B466F}.Release|Win32.ActiveCfg = Release|Win32
		{DDF53F18-7C06-43CB-9DCB-5754F64B466F}.Release|Win32.Build.0 = Release|Win32
		{DDF53F18-7C06-43CB-9DCB-5754F64B466F}.Securom|Win32.ActiveCfg = Securom|Win32
		{DDF53F18-7C06-43CB-9DCB-5754F64B466F}.Securom|Win32.Build.0 = Securom|Win32
		{F2634A45-5D27-4C9A-907F-E4A1ADF9A21B}.Debug|Win32.ActiveCfg = Debug|Win32
		{F2634A45-5D27-4C9A-907F-E4A1ADF9A21B}.Debug|Win32.Build.0 = Debug|Win32
		{F2634A45-5D27-4C9A-907F-E4A1ADF9A21B}.Maya_Debug|Win32.ActiveCfg = Maya_Debug|Win32
		{F2634A45-5D27-4C9A-907F-E4A1ADF9A21B}.Maya_Debug|Win32.Build.0 = Maya_Debug|Win32
		{F2634A45-5D27-4C9A-907F-E4A1ADF9A21B}.Maya_Release|Win32.ActiveCfg = Maya_Release|Win32
		{F2634A45-5D27-4C9A-907F-E4A1ADF9A21B}.Maya_Release|Win32.Build.0 = Maya_Release|Win32
		{F2634A45-5D27-4C9A-907F-E4A1ADF9A21B}.Programming|Win32.ActiveCfg = Programming|Win32
		{F2634A45-5D27-4C9A-907F-E4A1ADF9A21B}.Programming|Win32.Build.0 = Programming|Win32
		{F2634A45-5D27-4C9A-907F-E4A1ADF9A21B}.Public_Build|Win32.ActiveCfg = Public_Build|Win32
		{F2634A45-5D27-4C9A-907F-E4A1ADF9A21B}.Public_Build|Win32.Build.0 = Public_Build|Win32
		{F2634A45-5D27-4C9A-907F-E4A1ADF9A21B}.Release|Win32.ActiveCfg = Release|Win32
		{F2634A45-5D27-4C9A-907F-E4A1ADF9A21B}.Release|Win32.Build.0 = Release|Win32
		{F2634A45-5D27-4C9A-907F-E4A1ADF9A21B}.Securom|Win32.ActiveCfg = Securom|Win32
		{F2634A45-5D27-4C9A-907F-E4A1ADF9A21B}.Securom|Win32.Build.0 = Securom|Win32
		{8612BB55-BAB5-41A9-A214-84F02DF70228}.Debug|Win32.ActiveCfg = Debug|Win32
		{8612BB55-BAB5-41A9-A214-84F02DF70228}.Debug|Win32.Build.0 = Debug|Win32
		{8612BB55-BAB5-41A9-A214-84F02DF70228}.Maya_Debug|Win32.ActiveCfg = Maya_Debug|Win32
		{8612BB55-BAB5-41A9-A214-84F02DF70228}.Maya_Debug|Win32.Build.0 = Maya_Debug|Win32
		{8612BB55-BAB5-41A9-A214-84F02DF70228}.Maya_Release|Win32.ActiveCfg = Maya_Release|Win32
		{8612BB55-BAB5-41A9-A214-84F02DF70228}.Maya_Release|Win32.Build.0 = Maya_Release|Win32
		{8612BB55-BAB5-41A9-A214-84F02DF70228}.Programming|Win32.ActiveCfg = Programming|Win32
		{8612BB55-BAB5-41A9-A214-84F02DF70228}.Programming|Win32.Build.0 = Programming|Win32
		{8612BB55-BAB5-41A9-A214-84F02DF70228}.Public_Build|Win32.ActiveCfg = Public_Build|Win32
		{8612BB55-BAB5-41A9-A214-84F02DF70228}.Public_Build|Win32.Build.0 = Public_Build|Win32
		{8612BB55-BAB5-41A9-A214-84F02DF70228}.Release|Win32.ActiveCfg = Release|Win32
		{8612BB55-BAB5-41A9-A214-84F02DF70228}.Release|Win32.Build.0 = Release|Win32
		{8612BB55-BAB5-41A9-A214-84F02DF70228}.Securom|Win32.ActiveCfg = Securom|Win32
		{8612BB55-BAB5-41A9-A214-84F02DF70228}.Securom|Win32.Build.0 = Securom|Win32
		{A939D880-F906-4717-8DDC-E3725AC5755F}.Debug|Win32.ActiveCfg = Debug|Win32
		{A939D880-F906-4717-8DDC-E3725AC5755F}.Debug|Win32.Build.0 = Debug|Win32
		{A939D880-F906-4717-8DDC-E3725AC5755F}.Maya_Debug|Win32.ActiveCfg = Maya_Debug|Win32
		{A939D880-F906-4717-8DDC-E3725AC5755F}.Maya_Debug|Win32.Build.0 = Maya_Debug|Win32
		{A939D880-F906-4717-8DDC-E3725AC5755F}.Maya_Release|Win32.ActiveCfg = Maya_Release|Win32
		{A939D880-F906-4717-8DDC-E3725AC5755F}.Maya_Release|Win32.Build.0 = Maya_Release|Win32
		{A939D880-F906-4717-8DDC-E3725AC5755F}.Programming|Win32.ActiveCfg = Programming|Win32
		{A939D880-F906-4717-8DDC-E3725AC5755F}.Programming|Win32.Build.0 = Programming|Win32
		{A939D880-F906-4717-8DDC-E3725AC5755F}.Public_Build|Win32.ActiveCfg = Public_Build|Win32
		{A939D880-F906-4717-8DDC-E3725AC5755F}.Public_Build|Win32.Build.0 = Public_Build|Win32
		{A939D880-F906-4717-8DDC-E3725AC5755F}.Release|Win32.ActiveCfg = Release|Win32
		{A939D880-F906-4717-8DDC-E3725AC5755F}.Release|Win32.Build.0 = Release|Win32
		{A939D880-F906-4717-8DDC-E3725AC5755F}.Securom|Win32.ActiveCfg = Securom|Win32
		{A939D880-F906-4717-8DDC-E3725AC5755F}.Securom|Win32.Build.0 = Securom|Win32
		{E1DB193E-EE80-4AB9-BEC1-1A18B8182414}.Debug|Win32.ActiveCfg = Debug|Win32
		{E1DB193E-EE80-4AB9-BEC1-1A18B8182414}.Debug|Win32.Build.0 = Debug|Win32
		{E1DB193E-EE80-4AB9-BEC1-1A18B8182414}.Maya_Debug|Win32.ActiveCfg = Maya_Debug|Win32
		{E1DB193E-EE80-4AB9-BEC1-1A18B8182414}.Maya_Debug|Win32.Build.0 = Maya_Debug|Win32
		{E1DB193E-EE80-4AB9-BEC1-1A18B8182414}.Maya_Release|Win32.ActiveCfg = Maya_Release|Win32
		{E1DB193E-EE80-4AB9-BEC1-1A18B8182414}.Maya_Release|Win32.Build.0 = Maya_Release|Win32
		{E1DB193E-EE80-4AB9-BEC1-1A18B8182414}.Programming|Win32.ActiveCfg = Programming|Win32
		{E1DB193E-EE80-4AB9-BEC1-1A18B8182414}.Programming|Win32.Build.0 = Programming|Win32
		{E1DB193E-EE80-4AB9-BEC1-1A18B8182414}.Public_Build|Win32.ActiveCfg = Public_Build|Win32
		{E1DB193E-EE80-4AB9-BEC1-1A18B8182414}.Public_Build|Win32.Build.0 = Public_Build|Win32
		{E1DB193E-EE80-4AB9-BEC1-1A18B8182414}.Release|Win32.ActiveCfg = Release|Win32
		{E1DB193E-EE80-4AB9-BEC1-1A18B8182414}.Release|Win32.Build.0 = Release|Win32
		{E1DB193E-EE80-4AB9-BEC1-1A18B8182414}.Securom|Win32.ActiveCfg = Securom|Win32
		{E1DB193E-EE80-4AB9-BEC1-1A18B8182414}.Securom|Win32.Build.0 = Securom|Win32
		{D7557628-988A-426E-B601-FD6B36C0D906}.Debug|Win32.ActiveCfg = Debug|Win32
		{D7557628-988A-426E-B601-FD6B36C0D906}.Debug|Win32.Build.0 = Debug|Win32
		{D7557628-988A-426E-B601-FD6B36C0D906}.Maya_Debug|Win32.ActiveCfg = Maya_Debug|Win32
		{D7557628-988A-426E-B601-FD6B36C0D906}.Maya_Debug|Win32.Build.0 = Maya_Debug|Win32
		{D7557628-988A-426E-B601-FD6B36C0D906}.Maya_Release|Win32.ActiveCfg = Maya_Release|Win32
		{D7557628-988A-426E-B601-FD6B36C0D906}.Maya_Release|Win32.Build.0 = Maya_Release|Win32
		{D7557628-988A-426E-B601-FD6B36C0D906}.Programming|Win32.ActiveCfg = Programming|Win32
		{D7557628-988A-426E-B601-FD6B36C0D906}.Programming|Win32.Build.0 = Programming|Win32
		{D7557628-988A-426E-B601-FD6B36C0D906}.Public_Build|Win32.ActiveCfg = Public_Build|Win32
		{D7557628-988A-426E-B601-FD6B36C0D906}.Public_Build|Win32.Build.0 = Public_Build|Win32
		{D7557628-988A-426E-B601-FD6B36C0D906}.Release|Win32.ActiveCfg = Release|Win32
		{D7557628-988A-426E-B601-FD6B36C0D906}.Release|Win32.Build.0 = Release|Win32
		{D7557628-988A-426E-B601-FD6B36C0D906}.Securom|Win32.ActiveCfg = Securom|Win32
		{D7557628-988A-426E-B601-FD6B36C0D906}.Securom|Win32.Build.0 = Securom|Win32
		{D1592289-F958-4DD8-99C7-7F1760C9A3D5}.Debug|Win32.ActiveCfg = Debug|Win32
		{D1592289-F958-4DD8-99C7-7F1760C9A3D5}.Debug|Win32.Build.0 = Debug|Win32
		{D1592289-F958-4DD8-99C7-7F1760C9A3D5}.Maya_Debug|Win32.ActiveCfg = Maya_Debug|Win32
		{D1592289-F958-4DD8-99C7-7F1760C9A3D5}.Maya_Debug|Win32.Build.0 = Maya_Debug|Win32
		{D1592289-F958-4DD8-99C7-7F1760C9A3D5}.Maya_Release|Win32.ActiveCfg = Maya_Release|Win32
		{D1592289-F958-4DD8-99C7-7F1760C9A3D5}.Maya_Release|Win32.Build.0 = Maya_Release|Win32
		{D1592289-F958-4DD8-99C7-7F1760C9A3D5}.Programming|Win32.ActiveCfg = Programming|Win32
		{D1592289-F958-4DD8-99C7-7F1760C9A3D5}.Programming|Win32.Build.0 = Programming|Win32
		{D1592289-F958-4DD8-99C7-7F1760C9A3D5}.Public_Build|Win32.ActiveCfg = Public_Build|Win32
		{D1592289-F958-4DD8-99C7-7F1760C9A3D5}.Public_Build|Win32.Build.0 = Public_Build|Win32
		{D1592289-F958-4DD8-99C7-7F1760C9A3D5}.Release|Win32.ActiveCfg = Release|Win32
		{D1592289-F958-4DD8-99C7-7F1760C9A3D5}.Release|Win32.Build.0 = Release|Win32
		{D1592289-F958-4DD8-99C7-7F1760C9A3D5}.Securom|Win32.ActiveCfg = Securom|Win32
		{D1592289-F958-4DD8-99C7-7F1760C9A3D5}.Securom|Win32.Build.0 = Securom|Win32
		{02E585F2-E365-4212-B49C-E5854EF73FF1}.Debug|Win32.ActiveCfg = Debug|Win32
		{02E585F2-E365-4212-B49C-E5854EF73FF1}.Debug|Win32.Build.0 = Debug|Win32
		{02E585F2-E365-4212-B49C-E5854EF73FF1}.Maya_Debug|Win32.ActiveCfg = Maya_Debug|Win32
		{02E585F2-E365-4212-B49C-E5854EF73FF1}.Maya_Debug|Win32.Build.0 = Maya_Debug|Win32
		{02E585F2-E365-4212-B49C-E5854EF73FF1}.Maya_Release|Win32.ActiveCfg = Maya_Release|Win32
		{02E585F2-E365-4212-B49C-E5854EF73FF1}.Maya_Release|Win32.Build.0 = Maya_Release|Win32
		{02E585F2-E365-4212-B49C-E5854EF73FF1}.Programming|Win32.ActiveCfg = Programming|Win32
		{02E585F2-E365-4212-B49C-E5854EF73FF1}.Programming|Win32.Build.0 = Programming|Win32
		{02E585F2-E365-4212-B49C-E5854EF73FF1}.Public_Build|Win32.ActiveCfg = Public_Build|Win32
		{02E585F2-E365-4212-B49C-E5854EF73FF1}.Public_Build|Win32.Build.0 = Public_Build|Win32
		{02E585F2-E365-4212-B49C-E5854EF73FF1}.Release|Win32.ActiveCfg = Release|Win32
		{02E585F2-E365-4212-B49C-E5854EF73FF1}.Release|Win32.Build.0 = Release|Win32
		{02E585F2-E365-4212-B49C-E5854EF73FF1}.Securom|Win32.ActiveCfg = Securom|Win32
		{02E585F2-E365-4212-B49C-E5854EF73FF1}.Securom|Win32.Build.0 = Securom|Win32
	EndGlobalSection
	GlobalSection(SolutionProperties) = preSolution
		HideSolutionNode = FALSE
	EndGlobalSection
	GlobalSection(NestedProjects) = preSolution
		{ED4CF36F-E823-47DF-884F-D57E47E7E9FD} = {798777E9-B38C-4974-BEE3-B1CD45F6A1E6}
		{7EA7A99C-B780-467D-8426-A8D3FA785B67} = {798777E9-B38C-4974-BEE3-B1CD45F6A1E6}
		{EAA80972-FA4C-4D2F-A6D5-06BB89B3D2AC} = {798777E9-B38C-4974-BEE3-B1CD45F6A1E6}
		{40CCC1E2-6DF0-4AA6-BD4D-CCF7D323879F} = {832A854F-2030-4EA4-86FE-EDEEC017E78E}
		{654D0C3A-5C3F-4251-AE00-2681040AFF02} = {832A854F-2030-4EA4-86FE-EDEEC017E78E}
		{133059DA-78A8-4A00-A043-611A873EE728} = {832A854F-2030-4EA4-86FE-EDEEC017E78E}
		{F385B3F2-47C5-44F3-ABCA-E8A899ED8CE9} = {832A854F-2030-4EA4-86FE-EDEEC017E78E}
		{C22BEE45-049A-4C56-BC9F-025150B98EBD} = {832A854F-2030-4EA4-86FE-EDEEC017E78E}
		{5F7C0594-4D20-4B2A-B4C2-6AFE912C9E5F} = {832A854F-2030-4EA4-86FE-EDEEC017E78E}
		{A34EE712-5F48-4B29-8453-1BCA60252738} = {832A854F-2030-4EA4-86FE-EDEEC017E78E}
		{175070B1-DB07-48CE-B4FF-5FBEE2C6F6EA} = {832A854F-2030-4EA4-86FE-EDEEC017E78E}
		{9E27C1C2-259E-43B4-AAF3-67B1174237C4} = {832A854F-2030-4EA4-86FE-EDEEC017E78E}
		{5F4A6DE0-E1A6-48C5-957C-524B7D7694A2} = {3B2AD919-B940-473D-A9CC-62428540DEC5}
		{78623E81-4D10-4395-BE77-F72A4B3A05AF} = {3B2AD919-B940-473D-A9CC-62428540DEC5}
		{ACA676D3-E17E-4533-BAE2-896DA6132A0F} = {3B2AD919-B940-473D-A9CC-62428540DEC5}
		{B7422BC7-388A-44F3-BC73-1B278967CD70} = {3B2AD919-B940-473D-A9CC-62428540DEC5}
		{8B998B01-994D-4635-96D2-B477FBF4FF4A} = {3B2AD919-B940-473D-A9CC-62428540DEC5}
		{F35900A7-4574-4D51-A864-6C196E615A88} = {3B2AD919-B940-473D-A9CC-62428540DEC5}
		{F01D6C1E-36D1-4E23-A7FC-B3D8658ABC37} = {3B2AD919-B940-473D-A9CC-62428540DEC5}
		{C906D27C-9E56-4226-9B18-7101610D4133} = {3B2AD919-B940-473D-A9CC-62428540DEC5}
		{39FC3C99-5A5F-4F0D-B0E9-B60E41BF901A} = {3B2AD919-B940-473D-A9CC-62428540DEC5}
		{B95ECD2D-6BB9-4B62-9022-AEC3350059D5} = {3B2AD919-B940-473D-A9CC-62428540DEC5}
		{8204215D-3EF2-4CF9-A11E-BEB810EC68DD} = {3B2AD919-B940-473D-A9CC-62428540DEC5}
		{7766E2BF-1687-4C94-B4F1-9555A152D4F5} = {3B2AD919-B940-473D-A9CC-62428540DEC5}
		{20E69A2F-D758-4C1C-9151-23BE6C33C811} = {3B2AD919-B940-473D-A9CC-62428540DEC5}
		{A08C11F6-0C66-4EF7-97A5-CA2844FB3ECC} = {3B2AD919-B940-473D-A9CC-62428540DEC5}
		{DDF53F18-7C06-43CB-9DCB-5754F64B466F} = {3B2AD919-B940-473D-A9CC-62428540DEC5}
		{F2634A45-5D27-4C9A-907F-E4A1ADF9A21B} = {3B2AD919-B940-473D-A9CC-62428540DEC5}
		{8612BB55-BAB5-41A9-A214-84F02DF70228} = {3B2AD919-B940-473D-A9CC-62428540DEC5}
		{A939D880-F906-4717-8DDC-E3725AC5755F} = {3B2AD919-B940-473D-A9CC-62428540DEC5}
		{E1DB193E-EE80-4AB9-BEC1-1A18B8182414} = {3B2AD919-B940-473D-A9CC-62428540DEC5}
		{D7557628-988A-426E-B601-FD6B36C0D906} = {3B2AD919-B940-473D-A9CC-62428540DEC5}
		{D1592289-F958-4DD8-99C7-7F1760C9A3D5} = {3B2AD919-B940-473D-A9CC-62428540DEC5}
		{02E585F2-E365-4212-B49C-E5854EF73FF1} = {3B2AD919-B940-473D-A9CC-62428540DEC5}
		{8DF4B071-0CD7-47AC-8240-E08E12A1E1F2} = {28B9CEF2-57A6-4EE5-8235-2014936D9FE7}
		{F884C75E-0F4C-483E-B4A8-3AFA96CB14B1} = {28B9CEF2-57A6-4EE5-8235-2014936D9FE7}
		{456B8E42-2F16-4C59-A256-7E79EC57A921} = {28B9CEF2-57A6-4EE5-8235-2014936D9FE7}
		{EF6F113B-EACC-471F-95A2-ED30A545FCF0} = {28B9CEF2-57A6-4EE5-8235-2014936D9FE7}
		{EC0A3ADC-401C-417B-98EF-D5464653EA10} = {28B9CEF2-57A6-4EE5-8235-2014936D9FE7}
		{425C6486-6A42-4443-A5C9-E1C92597EB9A} = {28B9CEF2-57A6-4EE5-8235-2014936D9FE7}
	EndGlobalSection
EndGlobal
